{
  "version": 4,
  "terraform_version": "0.13.5",
  "serial": 248,
  "lineage": "ad4fd964-228f-600e-e282-6074075d6cf9",
  "outputs": {},
  "resources": [
    {
      "mode": "managed",
      "type": "aws_security_group_rule",
      "name": "cluster_nodeport_sg_30080",
      "provider": "provider[\"registry.terraform.io/hashicorp/aws\"]",
      "instances": [
        {
          "schema_version": 2,
          "attributes": {
            "cidr_blocks": [
              "0.0.0.0/0"
            ],
            "description": "",
            "from_port": 30080,
            "id": "sgrule-3700323822",
            "ipv6_cidr_blocks": null,
            "prefix_list_ids": null,
            "protocol": "tcp",
            "security_group_id": "sg-0b11ee58620f9e6c0",
            "security_group_rule_id": "sgr-0e74923052c46e0f7",
            "self": false,
            "source_security_group_id": null,
            "timeouts": null,
            "to_port": 30080,
            "type": "ingress"
          },
          "private": "eyJlMmJmYjczMC1lY2FhLTExZTYtOGY4OC0zNDM2M2JjN2M0YzAiOnsiY3JlYXRlIjozMDAwMDAwMDAwMDB9LCJzY2hlbWFfdmVyc2lvbiI6IjIifQ==",
          "dependencies": [
            "module.eks.module.eks.aws_eks_cluster.this"
          ]
        }
      ]
    },
    {
      "mode": "managed",
      "type": "aws_security_group_rule",
      "name": "cluster_nodeport_sg_30443",
      "provider": "provider[\"registry.terraform.io/hashicorp/aws\"]",
      "instances": [
        {
          "schema_version": 2,
          "attributes": {
            "cidr_blocks": [
              "0.0.0.0/0"
            ],
            "description": "",
            "from_port": 30443,
            "id": "sgrule-3754410",
            "ipv6_cidr_blocks": null,
            "prefix_list_ids": null,
            "protocol": "tcp",
            "security_group_id": "sg-0b11ee58620f9e6c0",
            "security_group_rule_id": "sgr-0e53a91ee97f8ee9e",
            "self": false,
            "source_security_group_id": null,
            "timeouts": null,
            "to_port": 30443,
            "type": "ingress"
          },
          "private": "eyJlMmJmYjczMC1lY2FhLTExZTYtOGY4OC0zNDM2M2JjN2M0YzAiOnsiY3JlYXRlIjozMDAwMDAwMDAwMDB9LCJzY2hlbWFfdmVyc2lvbiI6IjIifQ==",
          "dependencies": [
            "module.eks.module.eks.aws_eks_cluster.this"
          ]
        }
      ]
    },
    {
      "mode": "managed",
      "type": "aws_security_group_rule",
      "name": "node_nodeport_sg_30080",
      "provider": "provider[\"registry.terraform.io/hashicorp/aws\"]",
      "instances": [
        {
          "schema_version": 2,
          "attributes": {
            "cidr_blocks": [
              "0.0.0.0/0"
            ],
            "description": "",
            "from_port": 30080,
            "id": "sgrule-1793550516",
            "ipv6_cidr_blocks": null,
            "prefix_list_ids": null,
            "protocol": "tcp",
            "security_group_id": "sg-0d40b98a6ceffb2f7",
            "security_group_rule_id": "sgr-03e9312fab1c91e9e",
            "self": false,
            "source_security_group_id": null,
            "timeouts": null,
            "to_port": 30080,
            "type": "ingress"
          },
          "private": "eyJlMmJmYjczMC1lY2FhLTExZTYtOGY4OC0zNDM2M2JjN2M0YzAiOnsiY3JlYXRlIjozMDAwMDAwMDAwMDB9LCJzY2hlbWFfdmVyc2lvbiI6IjIifQ==",
          "dependencies": [
            "module.eks.module.eks.aws_security_group.node"
          ]
        }
      ]
    },
    {
      "mode": "managed",
      "type": "aws_security_group_rule",
      "name": "node_nodeport_sg_30443",
      "provider": "provider[\"registry.terraform.io/hashicorp/aws\"]",
      "instances": [
        {
          "schema_version": 2,
          "attributes": {
            "cidr_blocks": [
              "0.0.0.0/0"
            ],
            "description": "",
            "from_port": 30443,
            "id": "sgrule-3058717936",
            "ipv6_cidr_blocks": null,
            "prefix_list_ids": null,
            "protocol": "tcp",
            "security_group_id": "sg-0d40b98a6ceffb2f7",
            "security_group_rule_id": "sgr-041457eef6cc358cf",
            "self": false,
            "source_security_group_id": null,
            "timeouts": null,
            "to_port": 30443,
            "type": "ingress"
          },
          "private": "eyJlMmJmYjczMC1lY2FhLTExZTYtOGY4OC0zNDM2M2JjN2M0YzAiOnsiY3JlYXRlIjozMDAwMDAwMDAwMDB9LCJzY2hlbWFfdmVyc2lvbiI6IjIifQ==",
          "dependencies": [
            "module.eks.module.eks.aws_security_group.node"
          ]
        }
      ]
    },
    {
      "mode": "managed",
      "type": "docker_image",
      "name": "worth",
      "provider": "provider[\"registry.terraform.io/kreuzwerker/docker\"]",
      "instances": [
        {
          "schema_version": 0,
          "attributes": {
            "build": [
              {
                "build_arg": null,
                "dockerfile": "./docker/Dockerfile",
                "force_remove": null,
                "label": null,
                "no_cache": true,
                "path": ".",
                "remove": true,
                "tag": [
                  "george7522/worth:latest"
                ],
                "target": ""
              }
            ],
            "force_remove": null,
            "id": "sha256:6407867bbe88460073abec233bd00efe8ceffd8d51e02c32b0bb586adaa3019fdocker.io/george7522/worth",
            "image_id": "sha256:6407867bbe88460073abec233bd00efe8ceffd8d51e02c32b0bb586adaa3019f",
            "keep_locally": null,
            "latest": "sha256:6407867bbe88460073abec233bd00efe8ceffd8d51e02c32b0bb586adaa3019f",
            "name": "docker.io/george7522/worth",
            "output": null,
            "pull_trigger": null,
            "pull_triggers": null,
            "repo_digest": "",
            "triggers": null
          },
          "private": "bnVsbA=="
        }
      ]
    },
    {
      "mode": "managed",
      "type": "helm_release",
      "name": "nginx",
      "provider": "provider[\"registry.terraform.io/hashicorp/helm\"]",
      "instances": [
        {
          "schema_version": 0,
          "attributes": {
            "atomic": false,
            "chart": "./charts/ingress-nginx",
            "cleanup_on_fail": false,
            "create_namespace": false,
            "dependency_update": false,
            "description": null,
            "devel": null,
            "disable_crd_hooks": false,
            "disable_openapi_validation": false,
            "disable_webhooks": false,
            "force_update": false,
            "id": "ingress-nginx",
            "keyring": null,
            "lint": false,
            "manifest": null,
            "max_history": 0,
            "metadata": [
              {
                "app_version": "1.0",
                "chart": "ingress-nginx",
                "name": "ingress-nginx",
                "namespace": "default",
                "revision": 6,
                "values": "{\"basicAuth\":{\"enabled\":false},\"confd_inline\":{\"enabled\":true,\"files\":{\"worth.cogitogroup.co.uk.conf\":\"server {\\n    listen 80;\\n    server_name worth.cogitogroup.co.uk localhost;\\n\\n\\n    root /www/data/web;\\n    \\n    location / {\\n        index  index.html index.htm;\\n        root /www/data/web;\\n      }\\n    location /news {\\n        alias /www/data/web/news;\\n        autoindex on; \\n        \\n      }\\n\\n    location /people {\\n        try_files /index.html =404;\\n        root /www/data/web/people;\\n    }\\n}\\n\"}},\"image\":{\"name\":\"george7522/worth\",\"pullPolicy\":\"Always\",\"tag\":\"latest\"},\"rollingUpdateMaxUnavailable\":1,\"services\":[{\"containerPort\":80,\"name\":\"http\",\"nodePort\":30080,\"type\":\"NodePort\"},{\"containerPort\":443,\"name\":\"https\",\"nodePort\":30443,\"type\":\"NodePort\"}],\"ssl\":{\"enabled\":false},\"whiteListing\":{\"enabled\":false}}",
                "version": "0.1.0"
              }
            ],
            "name": "ingress-nginx",
            "namespace": "default",
            "pass_credentials": false,
            "postrender": [],
            "recreate_pods": false,
            "render_subchart_notes": true,
            "replace": false,
            "repository": null,
            "repository_ca_file": null,
            "repository_cert_file": null,
            "repository_key_file": null,
            "repository_password": null,
            "repository_username": null,
            "reset_values": false,
            "reuse_values": false,
            "set": [],
            "set_sensitive": [],
            "skip_crds": false,
            "status": "deployed",
            "timeout": 300,
            "values": [
              "# See ../../charts/ingress-nginx/values.yaml for full list of features\n\n# LoadBalancerType: proxy_protocol\nwhiteListing:\n  enabled: false\n\nimage:\n  name: george7522/worth\n  tag: latest\n  pullPolicy: Always\n\nservices:\n  - name: \"http\" # name \"http\" binds to http listeners \n    type: NodePort\n    nodePort: 30080\n    containerPort: 80\n  - name: \"https\" # name \"https\" binds to https listeners \n    type: NodePort\n    nodePort: 30443\n    containerPort: 443\n\nrollingUpdateMaxUnavailable: 1 # 1 is the minimum available value for this field when using DaemonSet\n\nbasicAuth:\n  enabled: false\n  # users:\n  #   admin: SomePassWord.\nconfd_inline:\n  enabled: true\n  files:\n    worth.cogitogroup.co.uk.conf: | \n      server {\n          listen 80;\n          server_name worth.cogitogroup.co.uk localhost;\n\n\n          root /www/data/web;\n          \n          location / {\n              index  index.html index.htm;\n              root /www/data/web;\n            }\n          location /news {\n              alias /www/data/web/news;\n              autoindex on; \n              \n            }\n\n          location /people {\n              try_files /index.html =404;\n              root /www/data/web/people;\n          }\n      }\nssl:\n  enabled: false"
            ],
            "verify": false,
            "version": "0.1.0",
            "wait": true,
            "wait_for_jobs": false
          },
          "private": "bnVsbA==",
          "dependencies": [
            "module.eks.aws_kms_key.eks",
            "module.eks.module.eks.aws_cloudwatch_log_group.this",
            "module.eks.module.eks.aws_eks_cluster.this",
            "module.eks.module.eks.aws_iam_role.this",
            "module.eks.module.eks.aws_iam_role_policy_attachment.this",
            "module.eks.module.eks.aws_security_group.cluster",
            "module.eks.module.eks.aws_security_group_rule.cluster",
            "module.eks.module.eks.aws_security_group_rule.node",
            "module.eks.module.eks.data.aws_iam_policy_document.assume_role_policy",
            "module.eks.module.eks.data.aws_partition.current",
            "module.eks.module.vpc.aws_subnet.private",
            "module.eks.module.vpc.aws_vpc.this"
          ]
        }
      ]
    },
    {
      "mode": "managed",
      "type": "null_resource",
      "name": "docker_push",
      "provider": "provider[\"registry.terraform.io/hashicorp/null\"]",
      "instances": [
        {
          "schema_version": 0,
          "attributes": {
            "id": "5017025884835855026",
            "triggers": null
          }
        }
      ]
    },
    {
      "module": "module.alb_sg",
      "mode": "managed",
      "type": "aws_security_group",
      "name": "sg",
      "provider": "provider[\"registry.terraform.io/hashicorp/aws\"]",
      "instances": [
        {
          "schema_version": 1,
          "attributes": {
            "arn": "arn:aws:ec2:eu-west-2:009453609091:security-group/sg-02d7ef5c10e40bc4a",
            "description": "Managed by Terraform",
            "egress": [],
            "id": "sg-02d7ef5c10e40bc4a",
            "ingress": [
              {
                "cidr_blocks": [
                  "0.0.0.0/0"
                ],
                "description": "Allow http ingress traffic",
                "from_port": 80,
                "ipv6_cidr_blocks": [],
                "prefix_list_ids": [],
                "protocol": "tcp",
                "security_groups": [],
                "self": false,
                "to_port": 80
              }
            ],
            "name": "preprod-alb-sg",
            "name_prefix": "",
            "owner_id": "009453609091",
            "revoke_rules_on_delete": false,
            "tags": {
              "Environment": "preprod",
              "ManagedBy": "terraform",
              "Name": "preprod-alb-sg"
            },
            "tags_all": {
              "Environment": "preprod",
              "ManagedBy": "terraform",
              "Name": "preprod-alb-sg"
            },
            "timeouts": null,
            "vpc_id": "vpc-04d0ac671d977ddb6"
          },
          "private": "eyJlMmJmYjczMC1lY2FhLTExZTYtOGY4OC0zNDM2M2JjN2M0YzAiOnsiY3JlYXRlIjo2MDAwMDAwMDAwMDAsImRlbGV0ZSI6OTAwMDAwMDAwMDAwfSwic2NoZW1hX3ZlcnNpb24iOiIxIn0=",
          "dependencies": [
            "module.eks.module.vpc.aws_vpc.this"
          ]
        }
      ]
    },
    {
      "module": "module.alb_sg_rule_http",
      "mode": "managed",
      "type": "aws_security_group_rule",
      "name": "rule",
      "provider": "provider[\"registry.terraform.io/hashicorp/aws\"]",
      "instances": [
        {
          "schema_version": 2,
          "attributes": {
            "cidr_blocks": [
              "0.0.0.0/0"
            ],
            "description": "Allow http ingress traffic",
            "from_port": 80,
            "id": "sgrule-1658056283",
            "ipv6_cidr_blocks": null,
            "prefix_list_ids": null,
            "protocol": "tcp",
            "security_group_id": "sg-02d7ef5c10e40bc4a",
            "security_group_rule_id": "sgr-0200f702cb80d6f16",
            "self": false,
            "source_security_group_id": null,
            "timeouts": null,
            "to_port": 80,
            "type": "ingress"
          },
          "private": "eyJlMmJmYjczMC1lY2FhLTExZTYtOGY4OC0zNDM2M2JjN2M0YzAiOnsiY3JlYXRlIjozMDAwMDAwMDAwMDB9LCJzY2hlbWFfdmVyc2lvbiI6IjIifQ==",
          "dependencies": [
            "module.alb_sg.aws_security_group.sg",
            "module.eks.module.vpc.aws_vpc.this"
          ]
        }
      ]
    },
    {
      "module": "module.eks",
      "mode": "data",
      "type": "aws_ami",
      "name": "bastion",
      "provider": "module.eks.provider[\"registry.terraform.io/hashicorp/aws\"]",
      "instances": [
        {
          "schema_version": 0,
          "attributes": {
            "architecture": "x86_64",
            "arn": "arn:aws:ec2:eu-west-2::image/ami-02a1ade676420a021",
            "block_device_mappings": [
              {
                "device_name": "/dev/xvda",
                "ebs": {
                  "delete_on_termination": "true",
                  "encrypted": "false",
                  "iops": "0",
                  "snapshot_id": "snap-0d4be7ede2199eb80",
                  "throughput": "0",
                  "volume_size": "8",
                  "volume_type": "gp2"
                },
                "no_device": "",
                "virtual_name": ""
              }
            ],
            "boot_mode": "",
            "creation_date": "2022-12-16T01:56:14.000Z",
            "deprecation_time": "2024-12-16T01:56:14.000Z",
            "description": "Amazon Linux 2 AMI 2.0.20221210.1 x86_64 HVM gp2",
            "ena_support": true,
            "executable_users": null,
            "filter": [
              {
                "name": "name",
                "values": [
                  "amzn2-ami-hvm-*-x86_64-gp2"
                ]
              }
            ],
            "hypervisor": "xen",
            "id": "ami-02a1ade676420a021",
            "image_id": "ami-02a1ade676420a021",
            "image_location": "amazon/amzn2-ami-hvm-2.0.20221210.1-x86_64-gp2",
            "image_owner_alias": "amazon",
            "image_type": "machine",
            "imds_support": "",
            "include_deprecated": false,
            "kernel_id": "",
            "most_recent": true,
            "name": "amzn2-ami-hvm-2.0.20221210.1-x86_64-gp2",
            "name_regex": null,
            "owner_id": "137112412989",
            "owners": [
              "137112412989"
            ],
            "platform": "",
            "platform_details": "Linux/UNIX",
            "product_codes": [],
            "public": true,
            "ramdisk_id": "",
            "root_device_name": "/dev/xvda",
            "root_device_type": "ebs",
            "root_snapshot_id": "snap-0d4be7ede2199eb80",
            "sriov_net_support": "simple",
            "state": "available",
            "state_reason": {
              "code": "UNSET",
              "message": "UNSET"
            },
            "tags": {},
            "timeouts": null,
            "tpm_support": "",
            "usage_operation": "RunInstances",
            "virtualization_type": "hvm"
          }
        }
      ]
    },
    {
      "module": "module.eks",
      "mode": "data",
      "type": "aws_caller_identity",
      "name": "current",
      "provider": "module.eks.provider[\"registry.terraform.io/hashicorp/aws\"]",
      "instances": [
        {
          "schema_version": 0,
          "attributes": {
            "account_id": "009453609091",
            "arn": "arn:aws:iam::009453609091:user/George",
            "id": "009453609091",
            "user_id": "AIDAQEM32UCBXT36LWK2U"
          }
        }
      ]
    },
    {
      "module": "module.eks",
      "mode": "data",
      "type": "aws_iam_policy_document",
      "name": "ebs",
      "provider": "module.eks.provider[\"registry.terraform.io/hashicorp/aws\"]",
      "instances": [
        {
          "schema_version": 0,
          "attributes": {
            "id": "2411025467",
            "json": "{\n  \"Version\": \"2012-10-17\",\n  \"Statement\": [\n    {\n      \"Sid\": \"Enable IAM User Permissions\",\n      \"Effect\": \"Allow\",\n      \"Action\": \"kms:*\",\n      \"Resource\": \"*\",\n      \"Principal\": {\n        \"AWS\": \"arn:aws:iam::009453609091:root\"\n      }\n    },\n    {\n      \"Sid\": \"Allow service-linked role use of the CMK\",\n      \"Effect\": \"Allow\",\n      \"Action\": [\n        \"kms:ReEncrypt*\",\n        \"kms:GenerateDataKey*\",\n        \"kms:Encrypt\",\n        \"kms:DescribeKey\",\n        \"kms:Decrypt\"\n      ],\n      \"Resource\": \"*\",\n      \"Principal\": {\n        \"AWS\": [\n          \"arn:aws:iam::009453609091:role/preprod-cluster-20230103181945770600000003\",\n          \"arn:aws:iam::009453609091:role/aws-service-role/autoscaling.amazonaws.com/AWSServiceRoleForAutoScaling\"\n        ]\n      }\n    },\n    {\n      \"Sid\": \"Allow attachment of persistent resources\",\n      \"Effect\": \"Allow\",\n      \"Action\": \"kms:CreateGrant\",\n      \"Resource\": \"*\",\n      \"Principal\": {\n        \"AWS\": [\n          \"arn:aws:iam::009453609091:role/preprod-cluster-20230103181945770600000003\",\n          \"arn:aws:iam::009453609091:role/aws-service-role/autoscaling.amazonaws.com/AWSServiceRoleForAutoScaling\"\n        ]\n      },\n      \"Condition\": {\n        \"Bool\": {\n          \"kms:GrantIsForAWSResource\": \"true\"\n        }\n      }\n    }\n  ]\n}",
            "override_json": null,
            "override_policy_documents": null,
            "policy_id": null,
            "source_json": null,
            "source_policy_documents": null,
            "statement": [
              {
                "actions": [
                  "kms:*"
                ],
                "condition": [],
                "effect": "Allow",
                "not_actions": [],
                "not_principals": [],
                "not_resources": [],
                "principals": [
                  {
                    "identifiers": [
                      "arn:aws:iam::009453609091:root"
                    ],
                    "type": "AWS"
                  }
                ],
                "resources": [
                  "*"
                ],
                "sid": "Enable IAM User Permissions"
              },
              {
                "actions": [
                  "kms:Decrypt",
                  "kms:DescribeKey",
                  "kms:Encrypt",
                  "kms:GenerateDataKey*",
                  "kms:ReEncrypt*"
                ],
                "condition": [],
                "effect": "Allow",
                "not_actions": [],
                "not_principals": [],
                "not_resources": [],
                "principals": [
                  {
                    "identifiers": [
                      "arn:aws:iam::009453609091:role/aws-service-role/autoscaling.amazonaws.com/AWSServiceRoleForAutoScaling",
                      "arn:aws:iam::009453609091:role/preprod-cluster-20230103181945770600000003"
                    ],
                    "type": "AWS"
                  }
                ],
                "resources": [
                  "*"
                ],
                "sid": "Allow service-linked role use of the CMK"
              },
              {
                "actions": [
                  "kms:CreateGrant"
                ],
                "condition": [
                  {
                    "test": "Bool",
                    "values": [
                      "true"
                    ],
                    "variable": "kms:GrantIsForAWSResource"
                  }
                ],
                "effect": "Allow",
                "not_actions": [],
                "not_principals": [],
                "not_resources": [],
                "principals": [
                  {
                    "identifiers": [
                      "arn:aws:iam::009453609091:role/aws-service-role/autoscaling.amazonaws.com/AWSServiceRoleForAutoScaling",
                      "arn:aws:iam::009453609091:role/preprod-cluster-20230103181945770600000003"
                    ],
                    "type": "AWS"
                  }
                ],
                "resources": [
                  "*"
                ],
                "sid": "Allow attachment of persistent resources"
              }
            ],
            "version": "2012-10-17"
          }
        }
      ]
    },
    {
      "module": "module.eks",
      "mode": "data",
      "type": "aws_subnet_ids",
      "name": "private",
      "provider": "module.eks.provider[\"registry.terraform.io/hashicorp/aws\"]",
      "instances": [
        {
          "schema_version": 0,
          "attributes": {
            "filter": null,
            "id": "vpc-04d0ac671d977ddb6",
            "ids": [
              "subnet-008f44bb3ae014759",
              "subnet-0ca3220d63611c671",
              "subnet-0d886d41143ceb03f"
            ],
            "tags": {
              "Name": "preprod-eks-private"
            },
            "timeouts": null,
            "vpc_id": "vpc-04d0ac671d977ddb6"
          }
        }
      ]
    },
    {
      "module": "module.eks",
      "mode": "data",
      "type": "aws_subnet_ids",
      "name": "public",
      "provider": "module.eks.provider[\"registry.terraform.io/hashicorp/aws\"]",
      "instances": [
        {
          "schema_version": 0,
          "attributes": {
            "filter": null,
            "id": "vpc-04d0ac671d977ddb6",
            "ids": [
              "subnet-04278497c94514d8b",
              "subnet-094112be5bc0dc084",
              "subnet-0b3cc0b84c12cd5ce"
            ],
            "tags": {
              "Name": "preprod-eks-public"
            },
            "timeouts": null,
            "vpc_id": "vpc-04d0ac671d977ddb6"
          }
        }
      ]
    },
    {
      "module": "module.eks",
      "mode": "data",
      "type": "aws_vpc",
      "name": "eks",
      "provider": "module.eks.provider[\"registry.terraform.io/hashicorp/aws\"]",
      "instances": [
        {
          "schema_version": 0,
          "attributes": {
            "arn": "arn:aws:ec2:eu-west-2:009453609091:vpc/vpc-04d0ac671d977ddb6",
            "cidr_block": "10.36.0.0/16",
            "cidr_block_associations": [
              {
                "association_id": "vpc-cidr-assoc-01d222eaaca47b507",
                "cidr_block": "10.36.0.0/16",
                "state": "associated"
              }
            ],
            "default": false,
            "dhcp_options_id": "dopt-6ffe8a07",
            "enable_dns_hostnames": true,
            "enable_dns_support": true,
            "enable_network_address_usage_metrics": false,
            "filter": null,
            "id": "vpc-04d0ac671d977ddb6",
            "instance_tenancy": "default",
            "ipv6_association_id": "",
            "ipv6_cidr_block": "",
            "main_route_table_id": "rtb-01e58bc6ab33de32a",
            "owner_id": "009453609091",
            "state": null,
            "tags": {
              "Name": "preprod-vpc",
              "kubernetes.io/cluster/preprod": "shared"
            },
            "timeouts": null
          }
        }
      ]
    },
    {
      "module": "module.eks",
      "mode": "data",
      "type": "http",
      "name": "workstation-external-ip",
      "provider": "module.eks.provider[\"registry.terraform.io/hashicorp/http\"]",
      "instances": [
        {
          "schema_version": 0,
          "attributes": {
            "body": "3.144.85.96\n",
            "ca_cert_pem": null,
            "id": "http://ipv4.icanhazip.com",
            "insecure": null,
            "method": null,
            "request_body": null,
            "request_headers": null,
            "response_body": "3.144.85.96\n",
            "response_headers": {
              "Access-Control-Allow-Methods": "GET",
              "Access-Control-Allow-Origin": "*",
              "Alt-Svc": "h3=\":443\"; ma=86400, h3-29=\":443\"; ma=86400",
              "Cf-Ray": "784012143f0f8123-ORD",
              "Connection": "keep-alive",
              "Content-Length": "12",
              "Content-Type": "text/plain",
              "Date": "Wed, 04 Jan 2023 01:06:16 GMT",
              "Server": "cloudflare",
              "Set-Cookie": "__cf_bm=yfwn.Bc1zPBZkVuXUAsexqzs731tHvpF5DkIrR_a6m8-1672794376-0-ASKqSIq9icaPrbVGUPXEB4+iq2q4z+bJNOSBppeTeK9w9Ku+5sYkBR4p0cfu4T1ZKXu4y/KavXO1S1W+ceopNO4=; path=/; expires=Wed, 04-Jan-23 01:36:16 GMT; domain=.icanhazip.com; HttpOnly; SameSite=None",
              "Vary": "Accept-Encoding"
            },
            "status_code": 200,
            "url": "http://ipv4.icanhazip.com"
          }
        }
      ]
    },
    {
      "module": "module.eks",
      "mode": "data",
      "type": "terraform_remote_state",
      "name": "eks",
      "provider": "provider[\"terraform.io/builtin/terraform\"]",
      "instances": [
        {
          "schema_version": 0,
          "attributes": {
            "backend": "local",
            "config": {
              "value": {
                "path": "./terraform.tfstate"
              },
              "type": [
                "object",
                {
                  "path": "string"
                }
              ]
            },
            "defaults": null,
            "outputs": {
              "value": {},
              "type": [
                "object",
                {}
              ]
            },
            "workspace": null
          }
        }
      ]
    },
    {
      "module": "module.eks",
      "mode": "managed",
      "type": "aws_key_pair",
      "name": "deployer",
      "provider": "module.eks.provider[\"registry.terraform.io/hashicorp/aws\"]",
      "instances": [
        {
          "schema_version": 1,
          "attributes": {
            "arn": "arn:aws:ec2:eu-west-2:009453609091:key-pair/preprod",
            "fingerprint": "52:bf:75:fb:97:2c:e3:8c:20:27:43:10:f5:36:d5:d3",
            "id": "preprod",
            "key_name": "preprod",
            "key_name_prefix": "",
            "key_pair_id": "key-07ffba62041f2eb17",
            "key_type": "rsa",
            "public_key": "ssh-rsa AAAAB3NzaC1yc2EAAAADAQABAAACAQC49iROO5a2msvzjmGyY5g7whQy0FbJpSicVx95VPNoHyQH/QQbnQt3zzD+EqSwpEFLqf2vQQZotaw1mgRNa3xnGdw//l4sKM8UDib+R76SH1HcCfaBCoVSgP07uKzA2/dGcOR/HtKZp8sg6HKyMLHErRxAg+Sz6cYs7GcH/rQhymRsnDtr30UH6SYKUVEqh6em6kC7ISHrsAIiZDJl7dKOUryJKpc4uddg7l4ibNQ3bFQbvcrYi/YvaCvEWNoYy9CgoCinIv0z4tjgbpo4dGA/ksqdVScGhgmKJ7JyLi4XxNApstE4PDM3CKm9oBzx83uB/ZvcC53JiKCmHn+tkuL63yh5KAG1qpjK0R6p2ND55YP8zDBIK/21jD/tyzS5VhiTI397GzVw+WqSrfhD6/+VJAzdDIBFF75Gs5bYCnCVyuxcMxuS3XnCSSV23JlSWWGQUXh5/0G1wPyKCC61Y9X7NtrImZhbK55+Eoi/gn5fFczu9c9fpCw0NaaKHJkyUDNLqZqDkEwxjuuvXFokICWY/MMS53ZS93f6aoSVKF77oUzfGdzEgbEliIQ9nOH3LhJfIwRChlpDNYRs8BZ7EhG5wsJhwpSbMuZXcm8OCr+2QOU9RVGazWo3xmoZ70s/RvVKlLVzvNrxXXBdyjrgADU359vmgDpDY8YnL43nZTmR6Q== georgec",
            "tags": {},
            "tags_all": {}
          },
          "private": "eyJzY2hlbWFfdmVyc2lvbiI6IjEifQ=="
        }
      ]
    },
    {
      "module": "module.eks",
      "mode": "managed",
      "type": "aws_kms_key",
      "name": "ebs",
      "provider": "module.eks.provider[\"registry.terraform.io/hashicorp/aws\"]",
      "instances": [
        {
          "schema_version": 0,
          "attributes": {
            "arn": "arn:aws:kms:eu-west-2:009453609091:key/7cd97445-a665-468e-912e-c667c38f1333",
            "bypass_policy_lockout_safety_check": false,
            "custom_key_store_id": "",
            "customer_master_key_spec": "SYMMETRIC_DEFAULT",
            "deletion_window_in_days": 7,
            "description": "Customer managed key to encrypt EKS managed node group volumes",
            "enable_key_rotation": false,
            "id": "7cd97445-a665-468e-912e-c667c38f1333",
            "is_enabled": true,
            "key_id": "7cd97445-a665-468e-912e-c667c38f1333",
            "key_usage": "ENCRYPT_DECRYPT",
            "multi_region": false,
            "policy": "{\n  \"Version\": \"2012-10-17\",\n  \"Statement\": [\n    {\n      \"Sid\": \"Enable IAM User Permissions\",\n      \"Effect\": \"Allow\",\n      \"Action\": \"kms:*\",\n      \"Resource\": \"*\",\n      \"Principal\": {\n        \"AWS\": \"arn:aws:iam::009453609091:root\"\n      }\n    },\n    {\n      \"Sid\": \"Allow service-linked role use of the CMK\",\n      \"Effect\": \"Allow\",\n      \"Action\": [\n        \"kms:ReEncrypt*\",\n        \"kms:GenerateDataKey*\",\n        \"kms:Encrypt\",\n        \"kms:DescribeKey\",\n        \"kms:Decrypt\"\n      ],\n      \"Resource\": \"*\",\n      \"Principal\": {\n        \"AWS\": [\n          \"arn:aws:iam::009453609091:role/preprod-cluster-20230103181945770600000003\",\n          \"arn:aws:iam::009453609091:role/aws-service-role/autoscaling.amazonaws.com/AWSServiceRoleForAutoScaling\"\n        ]\n      }\n    },\n    {\n      \"Sid\": \"Allow attachment of persistent resources\",\n      \"Effect\": \"Allow\",\n      \"Action\": \"kms:CreateGrant\",\n      \"Resource\": \"*\",\n      \"Principal\": {\n        \"AWS\": [\n          \"arn:aws:iam::009453609091:role/preprod-cluster-20230103181945770600000003\",\n          \"arn:aws:iam::009453609091:role/aws-service-role/autoscaling.amazonaws.com/AWSServiceRoleForAutoScaling\"\n        ]\n      },\n      \"Condition\": {\n        \"Bool\": {\n          \"kms:GrantIsForAWSResource\": \"true\"\n        }\n      }\n    }\n  ]\n}",
            "tags": {},
            "tags_all": {}
          },
          "private": "bnVsbA==",
          "dependencies": [
            "module.eks.data.aws_caller_identity.current",
            "module.eks.data.aws_iam_policy_document.ebs",
            "module.eks.module.eks.aws_cloudwatch_log_group.this",
            "module.eks.module.eks.aws_iam_role.this",
            "module.eks.module.eks.data.aws_iam_policy_document.assume_role_policy"
          ]
        }
      ]
    },
    {
      "module": "module.eks",
      "mode": "managed",
      "type": "aws_kms_key",
      "name": "eks",
      "provider": "module.eks.provider[\"registry.terraform.io/hashicorp/aws\"]",
      "instances": [
        {
          "schema_version": 0,
          "attributes": {
            "arn": "arn:aws:kms:eu-west-2:009453609091:key/9e125d30-a972-4ede-ba93-d7e7df0a7757",
            "bypass_policy_lockout_safety_check": false,
            "custom_key_store_id": "",
            "customer_master_key_spec": "SYMMETRIC_DEFAULT",
            "deletion_window_in_days": 7,
            "description": "EKS Secret Encryption Key",
            "enable_key_rotation": true,
            "id": "9e125d30-a972-4ede-ba93-d7e7df0a7757",
            "is_enabled": true,
            "key_id": "9e125d30-a972-4ede-ba93-d7e7df0a7757",
            "key_usage": "ENCRYPT_DECRYPT",
            "multi_region": false,
            "policy": "{\"Id\":\"key-default-1\",\"Statement\":[{\"Action\":\"kms:*\",\"Effect\":\"Allow\",\"Principal\":{\"AWS\":\"arn:aws:iam::009453609091:root\"},\"Resource\":\"*\",\"Sid\":\"Enable IAM User Permissions\"}],\"Version\":\"2012-10-17\"}",
            "tags": {
              "environment": "prod",
              "github_repo": "foundations"
            },
            "tags_all": {
              "environment": "prod",
              "github_repo": "foundations"
            }
          },
          "private": "bnVsbA==",
          "create_before_destroy": true
        }
      ]
    },
    {
      "module": "module.eks",
      "mode": "managed",
      "type": "aws_security_group",
      "name": "remote_access",
      "provider": "module.eks.provider[\"registry.terraform.io/hashicorp/aws\"]",
      "instances": [
        {
          "schema_version": 1,
          "attributes": {
            "arn": "arn:aws:ec2:eu-west-2:009453609091:security-group/sg-0f40df3b19077dd75",
            "description": "Allow remote SSH access",
            "egress": [
              {
                "cidr_blocks": [
                  "0.0.0.0/0"
                ],
                "description": "",
                "from_port": 0,
                "ipv6_cidr_blocks": [],
                "prefix_list_ids": [],
                "protocol": "-1",
                "security_groups": [],
                "self": false,
                "to_port": 0
              }
            ],
            "id": "sg-0f40df3b19077dd75",
            "ingress": [
              {
                "cidr_blocks": [
                  "10.36.0.0/16",
                  "3.144.85.96/32"
                ],
                "description": "SSH access",
                "from_port": 22,
                "ipv6_cidr_blocks": [],
                "prefix_list_ids": [],
                "protocol": "tcp",
                "security_groups": [],
                "self": false,
                "to_port": 22
              }
            ],
            "name": "preprod-remote-access2023010318195986630000000b",
            "name_prefix": "preprod-remote-access",
            "owner_id": "009453609091",
            "revoke_rules_on_delete": false,
            "tags": {
              "environment": "prod",
              "github_repo": "foundations"
            },
            "tags_all": {
              "environment": "prod",
              "github_repo": "foundations"
            },
            "timeouts": null,
            "vpc_id": "vpc-04d0ac671d977ddb6"
          },
          "private": "eyJlMmJmYjczMC1lY2FhLTExZTYtOGY4OC0zNDM2M2JjN2M0YzAiOnsiY3JlYXRlIjo2MDAwMDAwMDAwMDAsImRlbGV0ZSI6OTAwMDAwMDAwMDAwfSwic2NoZW1hX3ZlcnNpb24iOiIxIn0=",
          "dependencies": [
            "module.eks.data.http.workstation-external-ip",
            "module.eks.module.vpc.aws_vpc.this"
          ]
        }
      ]
    },
    {
      "module": "module.eks.module.eks",
      "mode": "data",
      "type": "aws_iam_policy_document",
      "name": "assume_role_policy",
      "provider": "module.eks.provider[\"registry.terraform.io/hashicorp/aws\"]",
      "instances": [
        {
          "index_key": 0,
          "schema_version": 0,
          "attributes": {
            "id": "2764486067",
            "json": "{\n  \"Version\": \"2012-10-17\",\n  \"Statement\": [\n    {\n      \"Sid\": \"EKSClusterAssumeRole\",\n      \"Effect\": \"Allow\",\n      \"Action\": \"sts:AssumeRole\",\n      \"Principal\": {\n        \"Service\": \"eks.amazonaws.com\"\n      }\n    }\n  ]\n}",
            "override_json": null,
            "override_policy_documents": null,
            "policy_id": null,
            "source_json": null,
            "source_policy_documents": null,
            "statement": [
              {
                "actions": [
                  "sts:AssumeRole"
                ],
                "condition": [],
                "effect": "Allow",
                "not_actions": [],
                "not_principals": [],
                "not_resources": [],
                "principals": [
                  {
                    "identifiers": [
                      "eks.amazonaws.com"
                    ],
                    "type": "Service"
                  }
                ],
                "resources": [],
                "sid": "EKSClusterAssumeRole"
              }
            ],
            "version": "2012-10-17"
          }
        }
      ]
    },
    {
      "module": "module.eks.module.eks",
      "mode": "data",
      "type": "aws_partition",
      "name": "current",
      "provider": "module.eks.provider[\"registry.terraform.io/hashicorp/aws\"]",
      "instances": [
        {
          "schema_version": 0,
          "attributes": {
            "dns_suffix": "amazonaws.com",
            "id": "aws",
            "partition": "aws",
            "reverse_dns_prefix": "com.amazonaws"
          }
        }
      ]
    },
    {
      "module": "module.eks.module.eks",
      "mode": "data",
      "type": "tls_certificate",
      "name": "this",
      "provider": "provider[\"registry.terraform.io/hashicorp/tls\"]",
      "instances": [
        {
          "index_key": 0,
          "schema_version": 0,
          "attributes": {
            "certificates": [
              {
                "cert_pem": "-----BEGIN CERTIFICATE-----\nMIIEdTCCA12gAwIBAgIJAKcOSkw0grd/MA0GCSqGSIb3DQEBCwUAMGgxCzAJBgNV\nBAYTAlVTMSUwIwYDVQQKExxTdGFyZmllbGQgVGVjaG5vbG9naWVzLCBJbmMuMTIw\nMAYDVQQLEylTdGFyZmllbGQgQ2xhc3MgMiBDZXJ0aWZpY2F0aW9uIEF1dGhvcml0\neTAeFw0wOTA5MDIwMDAwMDBaFw0zNDA2MjgxNzM5MTZaMIGYMQswCQYDVQQGEwJV\nUzEQMA4GA1UECBMHQXJpem9uYTETMBEGA1UEBxMKU2NvdHRzZGFsZTElMCMGA1UE\nChMcU3RhcmZpZWxkIFRlY2hub2xvZ2llcywgSW5jLjE7MDkGA1UEAxMyU3RhcmZp\nZWxkIFNlcnZpY2VzIFJvb3QgQ2VydGlmaWNhdGUgQXV0aG9yaXR5IC0gRzIwggEi\nMA0GCSqGSIb3DQEBAQUAA4IBDwAwggEKAoIBAQDVDDrEKvlO4vW+GZdfjohTsR8/\ny8+fIBNtKTrID30892t2OGPZNmCom15cAICyL1l/9of5JUOG52kbUpqQ4XHj2C0N\nTm/2yEnZtvMaVq4rtnQU68/7JuMauh2WLmo7WJSJR1b/JaCTcFOD2oR0FMNnngRo\nOt+OQFodSk7PQ5E751bWAHDLUu57fa4657wx+UX2wmDPE1kCK4DMNEffud6QZW0C\nzyyRpqbn3oUYSXxmTqM6bam17jQuug0DuDPfR+uxa40l2ZvOgdFFRjKWcIfeAg5J\nQ4W2bHO7ZOphQazJ1FTfhy/HIrImzJ9ZVGif/L4qL8RVHHVAYBeFAlU5i38FAgMB\nAAGjgfAwge0wDwYDVR0TAQH/BAUwAwEB/zAOBgNVHQ8BAf8EBAMCAYYwHQYDVR0O\nBBYEFJxfAN+qAdcwKziIorhtSpzyEZGDMB8GA1UdIwQYMBaAFL9ft9HO3R+G9FtV\nrNzXEMIOqYjnME8GCCsGAQUFBwEBBEMwQTAcBggrBgEFBQcwAYYQaHR0cDovL28u\nc3MyLnVzLzAhBggrBgEFBQcwAoYVaHR0cDovL3guc3MyLnVzL3guY2VyMCYGA1Ud\nHwQfMB0wG6AZoBeGFWh0dHA6Ly9zLnNzMi51cy9yLmNybDARBgNVHSAECjAIMAYG\nBFUdIAAwDQYJKoZIhvcNAQELBQADggEBACMd44pXyn3pF3lM8R5V/cxTbj5HD9/G\nVfKyBDbtgB9TxF00KGu+x1X8Z+rLP3+QsjPNG1gQggL4+C/1E2DUBc7xgQjB3ad1\nl08YuW3e95ORCLp+QCztweq7dp4zBncdDQh/U90bZKuCJ/Fp1U1ervShw3WnWEQt\n8jxwmKy6abaVd38PMV4s/KCHOkdp8Hlf9BRUpJVeEXgSYCfOn8J3/yNTd126/+pZ\n59vPr5KW7ySaNRB6nJHGDn2Z9j8Z3/VyVOEVqQdZe4O/Ui5GjLIAZHYcSNPYeehu\nVsyuLAOQ1xk4meTKCRlb/weWsKh/NEnfVqn3sF/tM+2MR7cwA130A4w=\n-----END CERTIFICATE-----\n",
                "is_ca": true,
                "issuer": "OU=Starfield Class 2 Certification Authority,O=Starfield Technologies\\, Inc.,C=US",
                "not_after": "2034-06-28T17:39:16Z",
                "not_before": "2009-09-02T00:00:00Z",
                "public_key_algorithm": "RSA",
                "serial_number": "12037640545166866303",
                "sha1_fingerprint": "9e99a48a9960b14926bb7f3b02e22da2b0ab7280",
                "signature_algorithm": "SHA256-RSA",
                "subject": "CN=Starfield Services Root Certificate Authority - G2,O=Starfield Technologies\\, Inc.,L=Scottsdale,ST=Arizona,C=US",
                "version": 3
              },
              {
                "cert_pem": "-----BEGIN CERTIFICATE-----\nMIIEkjCCA3qgAwIBAgITBn+USionzfP6wq4rAfkI7rnExjANBgkqhkiG9w0BAQsF\nADCBmDELMAkGA1UEBhMCVVMxEDAOBgNVBAgTB0FyaXpvbmExEzARBgNVBAcTClNj\nb3R0c2RhbGUxJTAjBgNVBAoTHFN0YXJmaWVsZCBUZWNobm9sb2dpZXMsIEluYy4x\nOzA5BgNVBAMTMlN0YXJmaWVsZCBTZXJ2aWNlcyBSb290IENlcnRpZmljYXRlIEF1\ndGhvcml0eSAtIEcyMB4XDTE1MDUyNTEyMDAwMFoXDTM3MTIzMTAxMDAwMFowOTEL\nMAkGA1UEBhMCVVMxDzANBgNVBAoTBkFtYXpvbjEZMBcGA1UEAxMQQW1hem9uIFJv\nb3QgQ0EgMTCCASIwDQYJKoZIhvcNAQEBBQADggEPADCCAQoCggEBALJ4gHHKeNXj\nca9HgFB0fW7Y14h29Jlo91ghYPl0hAEvrAIthtOgQ3pOsqTQNroBvo3bSMgHFzZM\n9O6II8c+6zf1tRn4SWiw3te5djgdYZ6k/oI2peVKVuRF4fn9tBb6dNqcmzU5L/qw\nIFAGbHrQgLKm+a/sRxmPUDgH3KKHOVj4utWp+UhnMJbulHheb4mjUcAwhmahRWa6\nVOujw5H5SNz/0egwLX0tdHA114gk957EWW67c4cX8jJGKLhD+rcdqsq08p8kDi1L\n93FcXmn/6pUCyziKrlA4b9v7LWIbxcceVOF34GfID5yHI9Y/QCB/IIDEgEw+OyQm\njgSubJrIqg0CAwEAAaOCATEwggEtMA8GA1UdEwEB/wQFMAMBAf8wDgYDVR0PAQH/\nBAQDAgGGMB0GA1UdDgQWBBSEGMyFNOy8DJSULghZnMeyEE4KCDAfBgNVHSMEGDAW\ngBScXwDfqgHXMCs4iKK4bUqc8hGRgzB4BggrBgEFBQcBAQRsMGowLgYIKwYBBQUH\nMAGGImh0dHA6Ly9vY3NwLnJvb3RnMi5hbWF6b250cnVzdC5jb20wOAYIKwYBBQUH\nMAKGLGh0dHA6Ly9jcnQucm9vdGcyLmFtYXpvbnRydXN0LmNvbS9yb290ZzIuY2Vy\nMD0GA1UdHwQ2MDQwMqAwoC6GLGh0dHA6Ly9jcmwucm9vdGcyLmFtYXpvbnRydXN0\nLmNvbS9yb290ZzIuY3JsMBEGA1UdIAQKMAgwBgYEVR0gADANBgkqhkiG9w0BAQsF\nAAOCAQEAYjdCXLwQtT6LLOkMm2xF4gcAevnFWAu5CIw+7bMlPLVvUOTNNWqnkzSW\nMiGpSESrnO09tKpzbeR/FoCJbM8oAxiDR3mjEH4wW6w7sGDgd9QIpuEdfF7Au/ma\neyKdpwAJfqxGF4PcnCZXmTA5YpaP7dreqsXMGz7KQ2hsVxa81Q4gLv7/wmpdLqBK\nbRRYh5TmOTFffHPLkIhqhBGWJ6bt2YFGpn6jcgAKUj6DiAdjd4lpFw85hdKrCEVN\n0FE6/V1dN2RMfjCyVSRCnTawXZwXgWHxyvkQAiSr6w10kY17RSlQOYiypok1JR4U\nakcjMS9cmvqtmg5iUaQqqcT5NJ0hGA==\n-----END CERTIFICATE-----\n",
                "is_ca": true,
                "issuer": "CN=Starfield Services Root Certificate Authority - G2,O=Starfield Technologies\\, Inc.,L=Scottsdale,ST=Arizona,C=US",
                "not_after": "2037-12-31T01:00:00Z",
                "not_before": "2015-05-25T12:00:00Z",
                "public_key_algorithm": "RSA",
                "serial_number": "144918191876577076464031512351042010504348870",
                "sha1_fingerprint": "06b25927c42a721631c1efd9431e648fa62e1e39",
                "signature_algorithm": "SHA256-RSA",
                "subject": "CN=Amazon Root CA 1,O=Amazon,C=US",
                "version": 3
              },
              {
                "cert_pem": "-----BEGIN CERTIFICATE-----\nMIIESTCCAzGgAwIBAgITBn+UV4WH6Kx33rJTMlu8mYtWDTANBgkqhkiG9w0BAQsF\nADA5MQswCQYDVQQGEwJVUzEPMA0GA1UEChMGQW1hem9uMRkwFwYDVQQDExBBbWF6\nb24gUm9vdCBDQSAxMB4XDTE1MTAyMjAwMDAwMFoXDTI1MTAxOTAwMDAwMFowRjEL\nMAkGA1UEBhMCVVMxDzANBgNVBAoTBkFtYXpvbjEVMBMGA1UECxMMU2VydmVyIENB\nIDFCMQ8wDQYDVQQDEwZBbWF6b24wggEiMA0GCSqGSIb3DQEBAQUAA4IBDwAwggEK\nAoIBAQDCThZn3c68asg3Wuw6MLAd5tES6BIoSMzoKcG5blPVo+sDORrMd4f2AbnZ\ncMzPa43j4wNxhplty6aUKk4T1qe9BOwKFjwK6zmxxLVYo7bHViXsPlJ6qOMpFge5\nblDP+18x+B26A0piiQOuPkfyDyeR4xQghfj66Yo19V+emU3nazfvpFA+ROz6WoVm\nB5x+F2pV8xeKNR7u6azDdU5YVX1TawprmxRC1+WsAYmz6qP+z8ArDITC2FMVy2fw\n0IjKOtEXc/VfmtTFch5+AfGYMGMqqvJ6LcXiAhqG5TI+Dr0RtM88k+8XUBCeQ8IG\nKuANaL7TiItKZYxK1MMuTJtV9IblAgMBAAGjggE7MIIBNzASBgNVHRMBAf8ECDAG\nAQH/AgEAMA4GA1UdDwEB/wQEAwIBhjAdBgNVHQ4EFgQUWaRmBlKge5WSPKOUByeW\ndFv5PdAwHwYDVR0jBBgwFoAUhBjMhTTsvAyUlC4IWZzHshBOCggwewYIKwYBBQUH\nAQEEbzBtMC8GCCsGAQUFBzABhiNodHRwOi8vb2NzcC5yb290Y2ExLmFtYXpvbnRy\ndXN0LmNvbTA6BggrBgEFBQcwAoYuaHR0cDovL2NydC5yb290Y2ExLmFtYXpvbnRy\ndXN0LmNvbS9yb290Y2ExLmNlcjA/BgNVHR8EODA2MDSgMqAwhi5odHRwOi8vY3Js\nLnJvb3RjYTEuYW1hem9udHJ1c3QuY29tL3Jvb3RjYTEuY3JsMBMGA1UdIAQMMAow\nCAYGZ4EMAQIBMA0GCSqGSIb3DQEBCwUAA4IBAQCFkr41u3nPo4FCHOTjY3NTOVI1\n59Gt/a6ZiqyJEi+752+a1U5y6iAwYfmXss2lJwJFqMp2PphKg5625kXg8kP2CN5t\n6G7bMQcT8C8xDZNtYTd7WPD8UZiRKAJPBXa30/AbwuZe0GaFEQ8ugcYQgSn+IGBI\n8/LwhBNTZTUVEWuCUUBVV18YtbAiPq3yXqMB48Oz+ctBWuZSkbvkNodPLamkB2g1\nupRyzQ7qDn1X8nn8N8V7YJ6y68AtkHcNSRAnpTitxBKjtKPISLMVCx7i4hncxHZS\nyLyKQXhw2W2Xs0qLeC1etA+jTGDK4UfLeC0SF7FSi8o5LL21L8IzApar2pR/\n-----END CERTIFICATE-----\n",
                "is_ca": true,
                "issuer": "CN=Amazon Root CA 1,O=Amazon,C=US",
                "not_after": "2025-10-19T00:00:00Z",
                "not_before": "2015-10-22T00:00:00Z",
                "public_key_algorithm": "RSA",
                "serial_number": "144918209630989264145272943054026349679957517",
                "sha1_fingerprint": "917e732d330f9a12404f73d8bea36948b929dffc",
                "signature_algorithm": "SHA256-RSA",
                "subject": "CN=Amazon,OU=Server CA 1B,O=Amazon,C=US",
                "version": 3
              },
              {
                "cert_pem": "-----BEGIN CERTIFICATE-----\nMIIF+TCCBOGgAwIBAgIQCYA2QK6wkzx8l4l76sjlJzANBgkqhkiG9w0BAQsFADBG\nMQswCQYDVQQGEwJVUzEPMA0GA1UEChMGQW1hem9uMRUwEwYDVQQLEwxTZXJ2ZXIg\nQ0EgMUIxDzANBgNVBAMTBkFtYXpvbjAeFw0yMjA1MTUwMDAwMDBaFw0yMzA2MTMy\nMzU5NTlaMCsxKTAnBgNVBAMTIG9pZGMuZWtzLmV1LXdlc3QtMi5hbWF6b25hd3Mu\nY29tMIIBIjANBgkqhkiG9w0BAQEFAAOCAQ8AMIIBCgKCAQEA50zUkPCFXkjLO4dI\n06d6khEgLEUtPJEEHKkXHHCXCzsZ60mn44g2ZQdaecHrqfh4pSO+OicijZERDfvb\nFkquh6OJNGwtQ0UTQSne6ZpcCmXpSR53D9Hm7kOCC+HZUHO7/VSNz+LLCYvgDrht\nOT/cpv4KBEyX56K0UriGo4KjV6j25CD5bGwasPt9oyJssw3M3gnXzYLPs/6ByrKn\nCfJvDw7POf8xOfFbpIUUS6xZq7ESjs03Y1MJlfTudiipLbD7mTGjp5HErt///gbn\nXl6+EvyWCqNy3NpbHkfyCUDBxo8lAxfEJEYOOASvfRlFbr6/lXQFxczgXg42c97P\ntI5nrQIDAQABo4IC/DCCAvgwHwYDVR0jBBgwFoAUWaRmBlKge5WSPKOUByeWdFv5\nPdAwHQYDVR0OBBYEFNOTKVe6T6O2DZX/OjLtWmdMnPd4MCsGA1UdEQQkMCKCIG9p\nZGMuZWtzLmV1LXdlc3QtMi5hbWF6b25hd3MuY29tMA4GA1UdDwEB/wQEAwIFoDAd\nBgNVHSUEFjAUBggrBgEFBQcDAQYIKwYBBQUHAwIwPQYDVR0fBDYwNDAyoDCgLoYs\naHR0cDovL2NybC5zY2ExYi5hbWF6b250cnVzdC5jb20vc2NhMWItMS5jcmwwEwYD\nVR0gBAwwCjAIBgZngQwBAgEwdQYIKwYBBQUHAQEEaTBnMC0GCCsGAQUFBzABhiFo\ndHRwOi8vb2NzcC5zY2ExYi5hbWF6b250cnVzdC5jb20wNgYIKwYBBQUHMAKGKmh0\ndHA6Ly9jcnQuc2NhMWIuYW1hem9udHJ1c3QuY29tL3NjYTFiLmNydDAMBgNVHRMB\nAf8EAjAAMIIBfwYKKwYBBAHWeQIEAgSCAW8EggFrAWkAdgDoPtDaPvUGNTLnVyi8\niWvJA9PL0RFr7Otp4Xd9bQa9bgAAAYDFFUU5AAAEAwBHMEUCIQCV7YrHFaMLsuG7\nKMvNH53PI1LDiCGpGQunXRJnuASJxwIgJaIM8B01ofRCq7DVZDSBiOWZc4at6MNE\nyRVIlhsR9JgAdwA1zxkbv7FsV78PrUxtQsu7ticgJlHqP+Eq76gDwzvWTAAAAYDF\nFUVXAAAEAwBIMEYCIQCy+Rtq49g9bwgp8dEhXCRyJq6CoAXtv+P3E7SMwCqBJQIh\nAOL419EoUX6U73248gKIHfX7G7ZjvI2L61zEc+YSHMBDAHYAtz77JN+cTbp18jnF\nulj0bF38Qs96nzXEnh0JgSXttJkAAAGAxRVFRgAABAMARzBFAiAytHTEuaKG+F2Y\nSFf+CYs5PHoZfgFqztZf/WSanPF00gIhAPyckvSwG5zbqKIf5EnEuHU/KuEtKYzn\nPLrMfYbiYGSEMA0GCSqGSIb3DQEBCwUAA4IBAQBn02bNlXHXiMujbaTEkSPceh+O\n6zNOsY3wAjIvPUNjYE63yC8BenqPn7HvP3ZCojftjwldUeQvVx+vqTm2ZUTYflXm\nw4WTU9TyQJ4Uwxo8sYCE1/UeeKXSbJsWK7IWS5r5HMMsweKGJDB6LGEIZrnnQ9PS\nFhR9FB80xTbOe7sAfxkh9zYmNIYKYpIPjDu4dJAjvENd934LewcEGuWUEAC62yrD\ncYBSO8FT5eqGpkLTnSYJ7oEnZu/GKeGG7plu+0UWtNB51KPIAJ2SjIVRKxGU0eoY\nZOtZt+DsFBywJlHMWYqxz/GImy1oDeMXtXz9aqHtrhfbsc69uiDLnlgr1/Q6\n-----END CERTIFICATE-----\n",
                "is_ca": false,
                "issuer": "CN=Amazon,OU=Server CA 1B,O=Amazon,C=US",
                "not_after": "2023-06-13T23:59:59Z",
                "not_before": "2022-05-15T00:00:00Z",
                "public_key_algorithm": "RSA",
                "serial_number": "12628766334741556852528304711824631079",
                "sha1_fingerprint": "4b43d7807d48276413b299746f08fd82f37b9f7b",
                "signature_algorithm": "SHA256-RSA",
                "subject": "CN=oidc.eks.eu-west-2.amazonaws.com",
                "version": 3
              }
            ],
            "content": null,
            "id": "0fec62e3a5b6c39cf9c786f5984abfdb03f2915d",
            "url": "https://oidc.eks.eu-west-2.amazonaws.com/id/5C109CBD5F1250BA271F63D49C629DE0",
            "verify_chain": true
          }
        }
      ]
    },
    {
      "module": "module.eks.module.eks",
      "mode": "managed",
      "type": "aws_cloudwatch_log_group",
      "name": "this",
      "provider": "module.eks.provider[\"registry.terraform.io/hashicorp/aws\"]",
      "instances": [
        {
          "index_key": 0,
          "schema_version": 0,
          "attributes": {
            "arn": "arn:aws:logs:eu-west-2:009453609091:log-group:/aws/eks/preprod/cluster",
            "id": "/aws/eks/preprod/cluster",
            "kms_key_id": "",
            "name": "/aws/eks/preprod/cluster",
            "name_prefix": "",
            "retention_in_days": 90,
            "skip_destroy": false,
            "tags": {
              "environment": "prod",
              "github_repo": "foundations"
            },
            "tags_all": {
              "environment": "prod",
              "github_repo": "foundations"
            }
          },
          "private": "bnVsbA==",
          "create_before_destroy": true
        }
      ]
    },
    {
      "module": "module.eks.module.eks",
      "mode": "managed",
      "type": "aws_ec2_tag",
      "name": "cluster_primary_security_group",
      "provider": "module.eks.provider[\"registry.terraform.io/hashicorp/aws\"]",
      "instances": [
        {
          "index_key": "environment",
          "schema_version": 0,
          "attributes": {
            "id": "sg-0b11ee58620f9e6c0,environment",
            "key": "environment",
            "resource_id": "sg-0b11ee58620f9e6c0",
            "value": "prod"
          },
          "private": "bnVsbA==",
          "dependencies": [
            "module.eks.aws_kms_key.eks",
            "module.eks.module.eks.aws_cloudwatch_log_group.this",
            "module.eks.module.eks.aws_eks_cluster.this",
            "module.eks.module.eks.aws_iam_role.this",
            "module.eks.module.eks.aws_iam_role_policy_attachment.this",
            "module.eks.module.eks.aws_security_group.cluster",
            "module.eks.module.eks.aws_security_group_rule.cluster",
            "module.eks.module.eks.aws_security_group_rule.node",
            "module.eks.module.eks.data.aws_iam_policy_document.assume_role_policy",
            "module.eks.module.eks.data.aws_partition.current",
            "module.eks.module.vpc.aws_subnet.private",
            "module.eks.module.vpc.aws_vpc.this"
          ]
        },
        {
          "index_key": "github_repo",
          "schema_version": 0,
          "attributes": {
            "id": "sg-0b11ee58620f9e6c0,github_repo",
            "key": "github_repo",
            "resource_id": "sg-0b11ee58620f9e6c0",
            "value": "foundations"
          },
          "private": "bnVsbA==",
          "dependencies": [
            "module.eks.aws_kms_key.eks",
            "module.eks.module.eks.aws_cloudwatch_log_group.this",
            "module.eks.module.eks.aws_eks_cluster.this",
            "module.eks.module.eks.aws_iam_role.this",
            "module.eks.module.eks.aws_iam_role_policy_attachment.this",
            "module.eks.module.eks.aws_security_group.cluster",
            "module.eks.module.eks.aws_security_group.node",
            "module.eks.module.eks.aws_security_group_rule.cluster",
            "module.eks.module.eks.aws_security_group_rule.node",
            "module.eks.module.eks.data.aws_iam_policy_document.assume_role_policy",
            "module.eks.module.eks.data.aws_partition.current",
            "module.eks.module.vpc.aws_subnet.private",
            "module.eks.module.vpc.aws_vpc.this",
            "module.eks.module.vpc.aws_vpc_ipv4_cidr_block_association.this"
          ]
        }
      ]
    },
    {
      "module": "module.eks.module.eks",
      "mode": "managed",
      "type": "aws_eks_addon",
      "name": "this",
      "provider": "module.eks.provider[\"registry.terraform.io/hashicorp/aws\"]",
      "instances": [
        {
          "index_key": "coredns",
          "schema_version": 0,
          "attributes": {
            "addon_name": "coredns",
            "addon_version": "v1.8.7-eksbuild.1",
            "arn": "arn:aws:eks:eu-west-2:009453609091:addon/preprod/coredns/26c2bc73-464d-b1d4-11a9-bd0808a95840",
            "cluster_name": "preprod",
            "configuration_values": "",
            "created_at": "2023-01-03T18:30:53Z",
            "id": "preprod:coredns",
            "modified_at": "2023-01-03T18:45:39Z",
            "preserve": null,
            "resolve_conflicts": "OVERWRITE",
            "service_account_role_arn": "",
            "tags": {
              "environment": "prod",
              "github_repo": "foundations"
            },
            "tags_all": {
              "environment": "prod",
              "github_repo": "foundations"
            },
            "timeouts": null
          },
          "private": "eyJlMmJmYjczMC1lY2FhLTExZTYtOGY4OC0zNDM2M2JjN2M0YzAiOnsiY3JlYXRlIjoxMjAwMDAwMDAwMDAwLCJkZWxldGUiOjI0MDAwMDAwMDAwMDAsInVwZGF0ZSI6MTIwMDAwMDAwMDAwMH19",
          "dependencies": [
            "module.eks.aws_kms_key.eks",
            "module.eks.module.eks.aws_cloudwatch_log_group.this",
            "module.eks.module.eks.aws_eks_cluster.this",
            "module.eks.module.eks.aws_iam_role.this",
            "module.eks.module.eks.aws_iam_role_policy_attachment.this",
            "module.eks.module.eks.aws_security_group.cluster",
            "module.eks.module.eks.aws_security_group.node",
            "module.eks.module.eks.aws_security_group_rule.cluster",
            "module.eks.module.eks.aws_security_group_rule.node",
            "module.eks.module.eks.data.aws_iam_policy_document.assume_role_policy",
            "module.eks.module.eks.data.aws_partition.current",
            "module.eks.module.eks.module.eks_managed_node_group.aws_eks_node_group.this",
            "module.eks.module.eks.module.eks_managed_node_group.aws_iam_role.this",
            "module.eks.module.eks.module.eks_managed_node_group.aws_iam_role_policy_attachment.this",
            "module.eks.module.eks.module.eks_managed_node_group.aws_launch_template.this",
            "module.eks.module.eks.module.eks_managed_node_group.aws_security_group.this",
            "module.eks.module.eks.module.eks_managed_node_group.aws_security_group_rule.this",
            "module.eks.module.eks.module.eks_managed_node_group.data.aws_caller_identity.current",
            "module.eks.module.eks.module.eks_managed_node_group.data.aws_iam_policy_document.assume_role_policy",
            "module.eks.module.eks.module.eks_managed_node_group.data.aws_partition.current",
            "module.eks.module.eks.module.eks_managed_node_group.module.user_data.data.cloudinit_config.linux_eks_managed_node_group",
            "module.eks.module.eks.module.fargate_profile.aws_eks_fargate_profile.this",
            "module.eks.module.eks.module.fargate_profile.aws_iam_role.this",
            "module.eks.module.eks.module.fargate_profile.aws_iam_role_policy_attachment.this",
            "module.eks.module.eks.module.fargate_profile.data.aws_caller_identity.current",
            "module.eks.module.eks.module.fargate_profile.data.aws_iam_policy_document.assume_role_policy",
            "module.eks.module.eks.module.fargate_profile.data.aws_partition.current",
            "module.eks.module.eks.module.self_managed_node_group.aws_autoscaling_group.this",
            "module.eks.module.eks.module.self_managed_node_group.aws_autoscaling_schedule.this",
            "module.eks.module.eks.module.self_managed_node_group.aws_iam_instance_profile.this",
            "module.eks.module.eks.module.self_managed_node_group.aws_iam_role.this",
            "module.eks.module.eks.module.self_managed_node_group.aws_iam_role_policy_attachment.this",
            "module.eks.module.eks.module.self_managed_node_group.aws_launch_template.this",
            "module.eks.module.eks.module.self_managed_node_group.aws_security_group.this",
            "module.eks.module.eks.module.self_managed_node_group.aws_security_group_rule.this",
            "module.eks.module.eks.module.self_managed_node_group.data.aws_ami.eks_default",
            "module.eks.module.eks.module.self_managed_node_group.data.aws_caller_identity.current",
            "module.eks.module.eks.module.self_managed_node_group.data.aws_default_tags.current",
            "module.eks.module.eks.module.self_managed_node_group.data.aws_iam_policy_document.assume_role_policy",
            "module.eks.module.eks.module.self_managed_node_group.data.aws_partition.current",
            "module.eks.module.eks.module.self_managed_node_group.module.user_data.data.cloudinit_config.linux_eks_managed_node_group",
            "module.eks.module.vpc.aws_subnet.private",
            "module.eks.module.vpc.aws_vpc.this",
            "module.eks.module.vpc_cni_irsa.aws_iam_role.this",
            "module.eks.module.vpc_cni_irsa.data.aws_iam_policy_document.this"
          ]
        },
        {
          "index_key": "kube-proxy",
          "schema_version": 0,
          "attributes": {
            "addon_name": "kube-proxy",
            "addon_version": "v1.22.6-eksbuild.1",
            "arn": "arn:aws:eks:eu-west-2:009453609091:addon/preprod/kube-proxy/68c2bc73-4652-1fcc-ee7e-cd0337c20886",
            "cluster_name": "preprod",
            "configuration_values": "",
            "created_at": "2023-01-03T18:30:53Z",
            "id": "preprod:kube-proxy",
            "modified_at": "2023-01-03T18:30:55Z",
            "preserve": null,
            "resolve_conflicts": null,
            "service_account_role_arn": "",
            "tags": {
              "environment": "prod",
              "github_repo": "foundations"
            },
            "tags_all": {
              "environment": "prod",
              "github_repo": "foundations"
            },
            "timeouts": null
          },
          "private": "eyJlMmJmYjczMC1lY2FhLTExZTYtOGY4OC0zNDM2M2JjN2M0YzAiOnsiY3JlYXRlIjoxMjAwMDAwMDAwMDAwLCJkZWxldGUiOjI0MDAwMDAwMDAwMDAsInVwZGF0ZSI6MTIwMDAwMDAwMDAwMH19",
          "dependencies": [
            "module.eks.aws_kms_key.eks",
            "module.eks.module.eks.aws_cloudwatch_log_group.this",
            "module.eks.module.eks.aws_eks_cluster.this",
            "module.eks.module.eks.aws_iam_role.this",
            "module.eks.module.eks.aws_iam_role_policy_attachment.this",
            "module.eks.module.eks.aws_security_group.cluster",
            "module.eks.module.eks.aws_security_group.node",
            "module.eks.module.eks.aws_security_group_rule.cluster",
            "module.eks.module.eks.aws_security_group_rule.node",
            "module.eks.module.eks.data.aws_iam_policy_document.assume_role_policy",
            "module.eks.module.eks.data.aws_partition.current",
            "module.eks.module.eks.module.eks_managed_node_group.aws_eks_node_group.this",
            "module.eks.module.eks.module.eks_managed_node_group.aws_iam_role.this",
            "module.eks.module.eks.module.eks_managed_node_group.aws_iam_role_policy_attachment.this",
            "module.eks.module.eks.module.eks_managed_node_group.aws_launch_template.this",
            "module.eks.module.eks.module.eks_managed_node_group.aws_security_group.this",
            "module.eks.module.eks.module.eks_managed_node_group.aws_security_group_rule.this",
            "module.eks.module.eks.module.eks_managed_node_group.data.aws_caller_identity.current",
            "module.eks.module.eks.module.eks_managed_node_group.data.aws_iam_policy_document.assume_role_policy",
            "module.eks.module.eks.module.eks_managed_node_group.data.aws_partition.current",
            "module.eks.module.eks.module.eks_managed_node_group.module.user_data.data.cloudinit_config.linux_eks_managed_node_group",
            "module.eks.module.eks.module.fargate_profile.aws_eks_fargate_profile.this",
            "module.eks.module.eks.module.fargate_profile.aws_iam_role.this",
            "module.eks.module.eks.module.fargate_profile.aws_iam_role_policy_attachment.this",
            "module.eks.module.eks.module.fargate_profile.data.aws_caller_identity.current",
            "module.eks.module.eks.module.fargate_profile.data.aws_iam_policy_document.assume_role_policy",
            "module.eks.module.eks.module.fargate_profile.data.aws_partition.current",
            "module.eks.module.eks.module.self_managed_node_group.aws_autoscaling_group.this",
            "module.eks.module.eks.module.self_managed_node_group.aws_autoscaling_schedule.this",
            "module.eks.module.eks.module.self_managed_node_group.aws_iam_instance_profile.this",
            "module.eks.module.eks.module.self_managed_node_group.aws_iam_role.this",
            "module.eks.module.eks.module.self_managed_node_group.aws_iam_role_policy_attachment.this",
            "module.eks.module.eks.module.self_managed_node_group.aws_launch_template.this",
            "module.eks.module.eks.module.self_managed_node_group.aws_security_group.this",
            "module.eks.module.eks.module.self_managed_node_group.aws_security_group_rule.this",
            "module.eks.module.eks.module.self_managed_node_group.data.aws_ami.eks_default",
            "module.eks.module.eks.module.self_managed_node_group.data.aws_caller_identity.current",
            "module.eks.module.eks.module.self_managed_node_group.data.aws_default_tags.current",
            "module.eks.module.eks.module.self_managed_node_group.data.aws_iam_policy_document.assume_role_policy",
            "module.eks.module.eks.module.self_managed_node_group.data.aws_partition.current",
            "module.eks.module.eks.module.self_managed_node_group.module.user_data.data.cloudinit_config.linux_eks_managed_node_group",
            "module.eks.module.vpc.aws_subnet.private",
            "module.eks.module.vpc.aws_vpc.this",
            "module.eks.module.vpc_cni_irsa.aws_iam_role.this",
            "module.eks.module.vpc_cni_irsa.data.aws_iam_policy_document.this"
          ]
        },
        {
          "index_key": "vpc-cni",
          "schema_version": 0,
          "attributes": {
            "addon_name": "vpc-cni",
            "addon_version": "v1.10.1-eksbuild.1",
            "arn": "arn:aws:eks:eu-west-2:009453609091:addon/preprod/vpc-cni/e8c2bc73-4652-3919-8e98-645edaa4c1c9",
            "cluster_name": "preprod",
            "configuration_values": "",
            "created_at": "2023-01-03T18:30:53Z",
            "id": "preprod:vpc-cni",
            "modified_at": "2023-01-03T18:30:55Z",
            "preserve": null,
            "resolve_conflicts": "OVERWRITE",
            "service_account_role_arn": "arn:aws:iam::009453609091:role/VPC-CNI-IRSA20230103183051995100000016",
            "tags": {
              "environment": "prod",
              "github_repo": "foundations"
            },
            "tags_all": {
              "environment": "prod",
              "github_repo": "foundations"
            },
            "timeouts": null
          },
          "private": "eyJlMmJmYjczMC1lY2FhLTExZTYtOGY4OC0zNDM2M2JjN2M0YzAiOnsiY3JlYXRlIjoxMjAwMDAwMDAwMDAwLCJkZWxldGUiOjI0MDAwMDAwMDAwMDAsInVwZGF0ZSI6MTIwMDAwMDAwMDAwMH19",
          "dependencies": [
            "module.eks.aws_kms_key.eks",
            "module.eks.module.eks.aws_cloudwatch_log_group.this",
            "module.eks.module.eks.aws_eks_cluster.this",
            "module.eks.module.eks.aws_iam_role.this",
            "module.eks.module.eks.aws_iam_role_policy_attachment.this",
            "module.eks.module.eks.aws_security_group.cluster",
            "module.eks.module.eks.aws_security_group.node",
            "module.eks.module.eks.aws_security_group_rule.cluster",
            "module.eks.module.eks.aws_security_group_rule.node",
            "module.eks.module.eks.data.aws_iam_policy_document.assume_role_policy",
            "module.eks.module.eks.data.aws_partition.current",
            "module.eks.module.eks.module.eks_managed_node_group.aws_eks_node_group.this",
            "module.eks.module.eks.module.eks_managed_node_group.aws_iam_role.this",
            "module.eks.module.eks.module.eks_managed_node_group.aws_iam_role_policy_attachment.this",
            "module.eks.module.eks.module.eks_managed_node_group.aws_launch_template.this",
            "module.eks.module.eks.module.eks_managed_node_group.aws_security_group.this",
            "module.eks.module.eks.module.eks_managed_node_group.aws_security_group_rule.this",
            "module.eks.module.eks.module.eks_managed_node_group.data.aws_caller_identity.current",
            "module.eks.module.eks.module.eks_managed_node_group.data.aws_iam_policy_document.assume_role_policy",
            "module.eks.module.eks.module.eks_managed_node_group.data.aws_partition.current",
            "module.eks.module.eks.module.eks_managed_node_group.module.user_data.data.cloudinit_config.linux_eks_managed_node_group",
            "module.eks.module.eks.module.fargate_profile.aws_eks_fargate_profile.this",
            "module.eks.module.eks.module.fargate_profile.aws_iam_role.this",
            "module.eks.module.eks.module.fargate_profile.aws_iam_role_policy_attachment.this",
            "module.eks.module.eks.module.fargate_profile.data.aws_caller_identity.current",
            "module.eks.module.eks.module.fargate_profile.data.aws_iam_policy_document.assume_role_policy",
            "module.eks.module.eks.module.fargate_profile.data.aws_partition.current",
            "module.eks.module.eks.module.self_managed_node_group.aws_autoscaling_group.this",
            "module.eks.module.eks.module.self_managed_node_group.aws_autoscaling_schedule.this",
            "module.eks.module.eks.module.self_managed_node_group.aws_iam_instance_profile.this",
            "module.eks.module.eks.module.self_managed_node_group.aws_iam_role.this",
            "module.eks.module.eks.module.self_managed_node_group.aws_iam_role_policy_attachment.this",
            "module.eks.module.eks.module.self_managed_node_group.aws_launch_template.this",
            "module.eks.module.eks.module.self_managed_node_group.aws_security_group.this",
            "module.eks.module.eks.module.self_managed_node_group.aws_security_group_rule.this",
            "module.eks.module.eks.module.self_managed_node_group.data.aws_ami.eks_default",
            "module.eks.module.eks.module.self_managed_node_group.data.aws_caller_identity.current",
            "module.eks.module.eks.module.self_managed_node_group.data.aws_default_tags.current",
            "module.eks.module.eks.module.self_managed_node_group.data.aws_iam_policy_document.assume_role_policy",
            "module.eks.module.eks.module.self_managed_node_group.data.aws_partition.current",
            "module.eks.module.eks.module.self_managed_node_group.module.user_data.data.cloudinit_config.linux_eks_managed_node_group",
            "module.eks.module.vpc.aws_subnet.private",
            "module.eks.module.vpc.aws_vpc.this",
            "module.eks.module.vpc_cni_irsa.aws_iam_role.this",
            "module.eks.module.vpc_cni_irsa.data.aws_iam_policy_document.this"
          ]
        }
      ]
    },
    {
      "module": "module.eks.module.eks",
      "mode": "managed",
      "type": "aws_eks_cluster",
      "name": "this",
      "provider": "module.eks.provider[\"registry.terraform.io/hashicorp/aws\"]",
      "instances": [
        {
          "index_key": 0,
          "schema_version": 0,
          "attributes": {
            "arn": "arn:aws:eks:eu-west-2:009453609091:cluster/preprod",
            "certificate_authority": [
              {
                "data": "LS0tLS1CRUdJTiBDRVJUSUZJQ0FURS0tLS0tCk1JSUMvakNDQWVhZ0F3SUJBZ0lCQURBTkJna3Foa2lHOXcwQkFRc0ZBREFWTVJNd0VRWURWUVFERXdwcmRXSmwKY201bGRHVnpNQjRYRFRJek1ERXdNekU0TWpVME9Gb1hEVE15TVRJek1URTRNalUwT0Zvd0ZURVRNQkVHQTFVRQpBeE1LYTNWaVpYSnVaWFJsY3pDQ0FTSXdEUVlKS29aSWh2Y05BUUVCQlFBRGdnRVBBRENDQVFvQ2dnRUJBTzFXCmkxVHVVNnkvMmdyVGNQMG9ZSUl0bEk5WHpuQ1dZL29ZME9zZFBXTStHWTdvd2hwR2FsaWtYaVlYeVlqcit1bm4KUDFRVkg1Y3JPc3R2Z01NQm50eERiUjZ4QjBGa0RzREozbDNqUjcyNHRyQmh2RE1JZncvZjBMMW9FSUxrMWZjQwpuM0dtWEIrL2dHWjhSN1FIeFJMOGk1MjRJWkIyODhsUk9FQlRaNXFmZ2toZkVna1VuWllVMFBROVZnVHZQOGI3CnJKZmlhYnllVzl4T2pDVmhhTHpWNGhJa2NGNlJhRXpGOE1rLzBCc0NxNTR3N0puMlVDdkNrL1FTS1VkWWJGWDUKNmI1T1BiT3lKNTY3cHpqS1B6SllsTWkyc1hicGlPbGpYWUNYbXBvRld1K045OThyV3Q4anlIUlpnbXFCZ3VHbQptL2pFaURoekxvUU1LMFRBL2kwQ0F3RUFBYU5aTUZjd0RnWURWUjBQQVFIL0JBUURBZ0trTUE4R0ExVWRFd0VCCi93UUZNQU1CQWY4d0hRWURWUjBPQkJZRUZPdFFwY04vQWNGSFowdzBoYW0vUnhsY3dINGlNQlVHQTFVZEVRUU8KTUF5Q0NtdDFZbVZ5Ym1WMFpYTXdEUVlKS29aSWh2Y05BUUVMQlFBRGdnRUJBRlYremJLU1VoS3ZiaWoxRXE3dwpPSVhQNFViV2w3SThweDd3eDdBRURxS2pWdmovelJwc3c5WjZ5bFRHRUNyeVdyeEpaWDl0Ym83aGpKR1BGWWlxCmE0bEYzdk1DbUdiZ3ZQS2UwRWxKRW5nY2Z6Q21KQzI1MytKZE9xMUU3NWE4a29USDBPQWdDSEJOUzFRSms5eGsKL2lHa0tSaE9BaTlLRllFUnBaM0NFTU10Qng2MjVMQWg5U1Ntb0M4SysrdjVQbk5jMEgvQ3VEMkd5c3hLS0lGRwp4bHBHVUp4Qzh0YzZ4UnovTkN0UmpwUmpQbFJham14UmVITlJVRlovMngzOGNBc0JNS2p6RlJIT2EycmNCRkkrCnUwZnh2SlYrbWRqQUtMMDJlblBiRFMxclBlV1B4RUMvanVxeEovUUNqSmpQcURqOVhxQWZrRE1kc1pRblU5Y0MKa2ljPQotLS0tLUVORCBDRVJUSUZJQ0FURS0tLS0tCg=="
              }
            ],
            "cluster_id": null,
            "created_at": "2023-01-03 18:20:17.905 +0000 UTC",
            "enabled_cluster_log_types": [
              "api",
              "audit",
              "authenticator"
            ],
            "encryption_config": [
              {
                "provider": [
                  {
                    "key_arn": "arn:aws:kms:eu-west-2:009453609091:key/9e125d30-a972-4ede-ba93-d7e7df0a7757"
                  }
                ],
                "resources": [
                  "secrets"
                ]
              }
            ],
            "endpoint": "https://5C109CBD5F1250BA271F63D49C629DE0.gr7.eu-west-2.eks.amazonaws.com",
            "id": "preprod",
            "identity": [
              {
                "oidc": [
                  {
                    "issuer": "https://oidc.eks.eu-west-2.amazonaws.com/id/5C109CBD5F1250BA271F63D49C629DE0"
                  }
                ]
              }
            ],
            "kubernetes_network_config": [
              {
                "ip_family": "ipv4",
                "service_ipv4_cidr": "172.20.0.0/16",
                "service_ipv6_cidr": ""
              }
            ],
            "name": "preprod",
            "outpost_config": [],
            "platform_version": "eks.9",
            "role_arn": "arn:aws:iam::009453609091:role/preprod-cluster-20230103181945770600000003",
            "status": "ACTIVE",
            "tags": {
              "Name": "preprod",
              "environment": "prod",
              "github_repo": "foundations"
            },
            "tags_all": {
              "Name": "preprod",
              "environment": "prod",
              "github_repo": "foundations"
            },
            "timeouts": {
              "create": null,
              "delete": null,
              "update": null
            },
            "version": "1.22",
            "vpc_config": [
              {
                "cluster_security_group_id": "sg-0b11ee58620f9e6c0",
                "endpoint_private_access": true,
                "endpoint_public_access": true,
                "public_access_cidrs": [
                  "0.0.0.0/0"
                ],
                "security_group_ids": [
                  "sg-0028580d186fcce62"
                ],
                "subnet_ids": [
                  "subnet-008f44bb3ae014759",
                  "subnet-0ca3220d63611c671",
                  "subnet-0d886d41143ceb03f"
                ],
                "vpc_id": "vpc-04d0ac671d977ddb6"
              }
            ]
          },
          "private": "eyJlMmJmYjczMC1lY2FhLTExZTYtOGY4OC0zNDM2M2JjN2M0YzAiOnsiY3JlYXRlIjoxODAwMDAwMDAwMDAwLCJkZWxldGUiOjkwMDAwMDAwMDAwMCwidXBkYXRlIjozNjAwMDAwMDAwMDAwfX0=",
          "dependencies": [
            "module.eks.aws_kms_key.eks",
            "module.eks.module.eks.aws_cloudwatch_log_group.this",
            "module.eks.module.eks.aws_iam_role.this",
            "module.eks.module.eks.aws_iam_role_policy_attachment.this",
            "module.eks.module.eks.aws_security_group.cluster",
            "module.eks.module.eks.aws_security_group_rule.cluster",
            "module.eks.module.eks.aws_security_group_rule.node",
            "module.eks.module.eks.data.aws_iam_policy_document.assume_role_policy",
            "module.eks.module.eks.data.aws_partition.current",
            "module.eks.module.vpc.aws_subnet.private",
            "module.eks.module.vpc.aws_vpc.this"
          ],
          "create_before_destroy": true
        }
      ]
    },
    {
      "module": "module.eks.module.eks",
      "mode": "managed",
      "type": "aws_iam_openid_connect_provider",
      "name": "oidc_provider",
      "provider": "module.eks.provider[\"registry.terraform.io/hashicorp/aws\"]",
      "instances": [
        {
          "index_key": 0,
          "schema_version": 0,
          "attributes": {
            "arn": "arn:aws:iam::009453609091:oidc-provider/oidc.eks.eu-west-2.amazonaws.com/id/5C109CBD5F1250BA271F63D49C629DE0",
            "client_id_list": [
              "sts.amazonaws.com"
            ],
            "id": "arn:aws:iam::009453609091:oidc-provider/oidc.eks.eu-west-2.amazonaws.com/id/5C109CBD5F1250BA271F63D49C629DE0",
            "tags": {
              "Name": "preprod-eks-irsa",
              "environment": "prod",
              "github_repo": "foundations"
            },
            "tags_all": {
              "Name": "preprod-eks-irsa",
              "environment": "prod",
              "github_repo": "foundations"
            },
            "thumbprint_list": [
              "9e99a48a9960b14926bb7f3b02e22da2b0ab7280"
            ],
            "url": "oidc.eks.eu-west-2.amazonaws.com/id/5C109CBD5F1250BA271F63D49C629DE0"
          },
          "private": "bnVsbA==",
          "dependencies": [
            "module.eks.aws_kms_key.eks",
            "module.eks.module.eks.aws_cloudwatch_log_group.this",
            "module.eks.module.eks.aws_eks_cluster.this",
            "module.eks.module.eks.aws_iam_role.this",
            "module.eks.module.eks.aws_iam_role_policy_attachment.this",
            "module.eks.module.eks.aws_security_group.cluster",
            "module.eks.module.eks.aws_security_group_rule.cluster",
            "module.eks.module.eks.aws_security_group_rule.node",
            "module.eks.module.eks.data.aws_iam_policy_document.assume_role_policy",
            "module.eks.module.eks.data.aws_partition.current",
            "module.eks.module.eks.data.tls_certificate.this",
            "module.eks.module.vpc.aws_subnet.private",
            "module.eks.module.vpc.aws_vpc.this"
          ]
        }
      ]
    },
    {
      "module": "module.eks.module.eks",
      "mode": "managed",
      "type": "aws_iam_policy",
      "name": "cluster_encryption",
      "provider": "module.eks.provider[\"registry.terraform.io/hashicorp/aws\"]",
      "instances": [
        {
          "index_key": 0,
          "schema_version": 0,
          "attributes": {
            "arn": "arn:aws:iam::009453609091:policy/preprod-cluster-ClusterEncryption20230103181955917700000009",
            "description": "Cluster encryption policy to allow cluster role to utilize CMK provided",
            "id": "arn:aws:iam::009453609091:policy/preprod-cluster-ClusterEncryption20230103181955917700000009",
            "name": "preprod-cluster-ClusterEncryption20230103181955917700000009",
            "name_prefix": "preprod-cluster-ClusterEncryption",
            "path": "/",
            "policy": "{\"Statement\":[{\"Action\":[\"kms:Encrypt\",\"kms:Decrypt\",\"kms:ListGrants\",\"kms:DescribeKey\"],\"Effect\":\"Allow\",\"Resource\":[\"arn:aws:kms:eu-west-2:009453609091:key/9e125d30-a972-4ede-ba93-d7e7df0a7757\"]}],\"Version\":\"2012-10-17\"}",
            "policy_id": "ANPAQEM32UCB7NGBQZKAY",
            "tags": {
              "environment": "prod",
              "github_repo": "foundations"
            },
            "tags_all": {
              "environment": "prod",
              "github_repo": "foundations"
            }
          },
          "private": "bnVsbA==",
          "dependencies": [
            "module.eks.aws_kms_key.eks"
          ]
        }
      ]
    },
    {
      "module": "module.eks.module.eks",
      "mode": "managed",
      "type": "aws_iam_role",
      "name": "this",
      "provider": "module.eks.provider[\"registry.terraform.io/hashicorp/aws\"]",
      "instances": [
        {
          "index_key": 0,
          "schema_version": 0,
          "attributes": {
            "arn": "arn:aws:iam::009453609091:role/preprod-cluster-20230103181945770600000003",
            "assume_role_policy": "{\"Statement\":[{\"Action\":\"sts:AssumeRole\",\"Effect\":\"Allow\",\"Principal\":{\"Service\":\"eks.amazonaws.com\"},\"Sid\":\"EKSClusterAssumeRole\"}],\"Version\":\"2012-10-17\"}",
            "create_date": "2023-01-03T18:19:46Z",
            "description": "",
            "force_detach_policies": true,
            "id": "preprod-cluster-20230103181945770600000003",
            "inline_policy": [
              {
                "name": "preprod-cluster",
                "policy": "{\"Statement\":[{\"Action\":[\"logs:CreateLogGroup\"],\"Effect\":\"Deny\",\"Resource\":\"arn:aws:logs:eu-west-2:009453609091:log-group:/aws/eks/preprod/cluster\"}],\"Version\":\"2012-10-17\"}"
              }
            ],
            "managed_policy_arns": [
              "arn:aws:iam::009453609091:policy/preprod-cluster-ClusterEncryption20230103181955917700000009",
              "arn:aws:iam::aws:policy/AmazonEKSClusterPolicy",
              "arn:aws:iam::aws:policy/AmazonEKSVPCResourceController"
            ],
            "max_session_duration": 3600,
            "name": "preprod-cluster-20230103181945770600000003",
            "name_prefix": "preprod-cluster-",
            "path": "/",
            "permissions_boundary": null,
            "tags": {
              "environment": "prod",
              "github_repo": "foundations"
            },
            "tags_all": {
              "environment": "prod",
              "github_repo": "foundations"
            },
            "unique_id": "AROAQEM32UCB5CY7HLGR4"
          },
          "private": "bnVsbA==",
          "dependencies": [
            "module.eks.module.eks.aws_cloudwatch_log_group.this",
            "module.eks.module.eks.data.aws_iam_policy_document.assume_role_policy"
          ],
          "create_before_destroy": true
        }
      ]
    },
    {
      "module": "module.eks.module.eks",
      "mode": "managed",
      "type": "aws_iam_role_policy_attachment",
      "name": "cluster_encryption",
      "provider": "module.eks.provider[\"registry.terraform.io/hashicorp/aws\"]",
      "instances": [
        {
          "index_key": 0,
          "schema_version": 0,
          "attributes": {
            "id": "preprod-cluster-20230103181945770600000003-2023010318195671740000000a",
            "policy_arn": "arn:aws:iam::009453609091:policy/preprod-cluster-ClusterEncryption20230103181955917700000009",
            "role": "preprod-cluster-20230103181945770600000003"
          },
          "private": "bnVsbA==",
          "dependencies": [
            "module.eks.aws_kms_key.eks",
            "module.eks.module.eks.aws_cloudwatch_log_group.this",
            "module.eks.module.eks.aws_iam_policy.cluster_encryption",
            "module.eks.module.eks.aws_iam_role.this",
            "module.eks.module.eks.data.aws_iam_policy_document.assume_role_policy"
          ]
        }
      ]
    },
    {
      "module": "module.eks.module.eks",
      "mode": "managed",
      "type": "aws_iam_role_policy_attachment",
      "name": "this",
      "provider": "module.eks.provider[\"registry.terraform.io/hashicorp/aws\"]",
      "instances": [
        {
          "index_key": "arn:aws:iam::aws:policy/AmazonEKSClusterPolicy",
          "schema_version": 0,
          "attributes": {
            "id": "preprod-cluster-20230103181945770600000003-20230103181947522500000008",
            "policy_arn": "arn:aws:iam::aws:policy/AmazonEKSClusterPolicy",
            "role": "preprod-cluster-20230103181945770600000003"
          },
          "private": "bnVsbA==",
          "dependencies": [
            "module.eks.module.eks.aws_cloudwatch_log_group.this",
            "module.eks.module.eks.aws_iam_role.this",
            "module.eks.module.eks.data.aws_iam_policy_document.assume_role_policy",
            "module.eks.module.eks.data.aws_partition.current"
          ]
        },
        {
          "index_key": "arn:aws:iam::aws:policy/AmazonEKSVPCResourceController",
          "schema_version": 0,
          "attributes": {
            "id": "preprod-cluster-20230103181945770600000003-20230103181947483500000007",
            "policy_arn": "arn:aws:iam::aws:policy/AmazonEKSVPCResourceController",
            "role": "preprod-cluster-20230103181945770600000003"
          },
          "private": "bnVsbA==",
          "dependencies": [
            "module.eks.module.eks.aws_cloudwatch_log_group.this",
            "module.eks.module.eks.aws_iam_role.this",
            "module.eks.module.eks.data.aws_iam_policy_document.assume_role_policy",
            "module.eks.module.eks.data.aws_partition.current"
          ]
        }
      ]
    },
    {
      "module": "module.eks.module.eks",
      "mode": "managed",
      "type": "aws_security_group",
      "name": "cluster",
      "provider": "module.eks.provider[\"registry.terraform.io/hashicorp/aws\"]",
      "instances": [
        {
          "index_key": 0,
          "schema_version": 1,
          "attributes": {
            "arn": "arn:aws:ec2:eu-west-2:009453609091:security-group/sg-0028580d186fcce62",
            "description": "EKS cluster security group",
            "egress": [
              {
                "cidr_blocks": [],
                "description": "Cluster API to node groups",
                "from_port": 443,
                "ipv6_cidr_blocks": [],
                "prefix_list_ids": [],
                "protocol": "tcp",
                "security_groups": [
                  "sg-0d40b98a6ceffb2f7"
                ],
                "self": false,
                "to_port": 443
              },
              {
                "cidr_blocks": [],
                "description": "Cluster API to node kubelets",
                "from_port": 10250,
                "ipv6_cidr_blocks": [],
                "prefix_list_ids": [],
                "protocol": "tcp",
                "security_groups": [
                  "sg-0d40b98a6ceffb2f7"
                ],
                "self": false,
                "to_port": 10250
              },
              {
                "cidr_blocks": [],
                "description": "To node 1025-65535",
                "from_port": 1025,
                "ipv6_cidr_blocks": [],
                "prefix_list_ids": [],
                "protocol": "tcp",
                "security_groups": [
                  "sg-0d40b98a6ceffb2f7"
                ],
                "self": false,
                "to_port": 65535
              }
            ],
            "id": "sg-0028580d186fcce62",
            "ingress": [
              {
                "cidr_blocks": [
                  "10.36.0.0/16"
                ],
                "description": "allow alb traffic",
                "from_port": 30080,
                "ipv6_cidr_blocks": [],
                "prefix_list_ids": [],
                "protocol": "tcp",
                "security_groups": [],
                "self": false,
                "to_port": 30080
              },
              {
                "cidr_blocks": [
                  "10.36.0.0/16"
                ],
                "description": "allow nlb traffic",
                "from_port": 30443,
                "ipv6_cidr_blocks": [],
                "prefix_list_ids": [],
                "protocol": "tcp",
                "security_groups": [],
                "self": false,
                "to_port": 30443
              },
              {
                "cidr_blocks": [],
                "description": "Node groups to cluster API",
                "from_port": 443,
                "ipv6_cidr_blocks": [],
                "prefix_list_ids": [],
                "protocol": "tcp",
                "security_groups": [
                  "sg-0d40b98a6ceffb2f7"
                ],
                "self": false,
                "to_port": 443
              }
            ],
            "name": "preprod-cluster-2023010318200078180000000c",
            "name_prefix": "preprod-cluster-",
            "owner_id": "009453609091",
            "revoke_rules_on_delete": false,
            "tags": {
              "Name": "preprod-cluster",
              "environment": "prod",
              "github_repo": "foundations"
            },
            "tags_all": {
              "Name": "preprod-cluster",
              "environment": "prod",
              "github_repo": "foundations"
            },
            "timeouts": null,
            "vpc_id": "vpc-04d0ac671d977ddb6"
          },
          "private": "eyJlMmJmYjczMC1lY2FhLTExZTYtOGY4OC0zNDM2M2JjN2M0YzAiOnsiY3JlYXRlIjo2MDAwMDAwMDAwMDAsImRlbGV0ZSI6OTAwMDAwMDAwMDAwfSwic2NoZW1hX3ZlcnNpb24iOiIxIn0=",
          "dependencies": [
            "module.eks.module.vpc.aws_vpc.this"
          ],
          "create_before_destroy": true
        }
      ]
    },
    {
      "module": "module.eks.module.eks",
      "mode": "managed",
      "type": "aws_security_group",
      "name": "node",
      "provider": "module.eks.provider[\"registry.terraform.io/hashicorp/aws\"]",
      "instances": [
        {
          "index_key": 0,
          "schema_version": 1,
          "attributes": {
            "arn": "arn:aws:ec2:eu-west-2:009453609091:security-group/sg-0d40b98a6ceffb2f7",
            "description": "EKS node shared security group",
            "egress": [
              {
                "cidr_blocks": [
                  "0.0.0.0/0"
                ],
                "description": "Egress NTP/TCP to internet",
                "from_port": 123,
                "ipv6_cidr_blocks": [],
                "prefix_list_ids": [],
                "protocol": "tcp",
                "security_groups": [],
                "self": false,
                "to_port": 123
              },
              {
                "cidr_blocks": [
                  "0.0.0.0/0"
                ],
                "description": "Egress NTP/UDP to internet",
                "from_port": 123,
                "ipv6_cidr_blocks": [],
                "prefix_list_ids": [],
                "protocol": "udp",
                "security_groups": [],
                "self": false,
                "to_port": 123
              },
              {
                "cidr_blocks": [
                  "0.0.0.0/0"
                ],
                "description": "Egress all HTTPS to internet",
                "from_port": 443,
                "ipv6_cidr_blocks": [],
                "prefix_list_ids": [],
                "protocol": "tcp",
                "security_groups": [],
                "self": false,
                "to_port": 443
              },
              {
                "cidr_blocks": [],
                "description": "Node groups to cluster API",
                "from_port": 443,
                "ipv6_cidr_blocks": [],
                "prefix_list_ids": [],
                "protocol": "tcp",
                "security_groups": [
                  "sg-0028580d186fcce62"
                ],
                "self": false,
                "to_port": 443
              },
              {
                "cidr_blocks": [],
                "description": "Node to node CoreDNS",
                "from_port": 53,
                "ipv6_cidr_blocks": [],
                "prefix_list_ids": [],
                "protocol": "tcp",
                "security_groups": [],
                "self": true,
                "to_port": 53
              },
              {
                "cidr_blocks": [],
                "description": "Node to node CoreDNS",
                "from_port": 53,
                "ipv6_cidr_blocks": [],
                "prefix_list_ids": [],
                "protocol": "udp",
                "security_groups": [],
                "self": true,
                "to_port": 53
              }
            ],
            "id": "sg-0d40b98a6ceffb2f7",
            "ingress": [
              {
                "cidr_blocks": [
                  "0.0.0.0/0"
                ],
                "description": "",
                "from_port": 30080,
                "ipv6_cidr_blocks": [],
                "prefix_list_ids": [],
                "protocol": "tcp",
                "security_groups": [],
                "self": false,
                "to_port": 30080
              },
              {
                "cidr_blocks": [
                  "0.0.0.0/0"
                ],
                "description": "",
                "from_port": 30443,
                "ipv6_cidr_blocks": [],
                "prefix_list_ids": [],
                "protocol": "tcp",
                "security_groups": [],
                "self": false,
                "to_port": 30443
              },
              {
                "cidr_blocks": [],
                "description": "Cluster API to node groups",
                "from_port": 443,
                "ipv6_cidr_blocks": [],
                "prefix_list_ids": [],
                "protocol": "tcp",
                "security_groups": [
                  "sg-0028580d186fcce62"
                ],
                "self": false,
                "to_port": 443
              },
              {
                "cidr_blocks": [],
                "description": "Cluster API to node kubelets",
                "from_port": 10250,
                "ipv6_cidr_blocks": [],
                "prefix_list_ids": [],
                "protocol": "tcp",
                "security_groups": [
                  "sg-0028580d186fcce62"
                ],
                "self": false,
                "to_port": 10250
              },
              {
                "cidr_blocks": [],
                "description": "Node to node CoreDNS",
                "from_port": 53,
                "ipv6_cidr_blocks": [],
                "prefix_list_ids": [],
                "protocol": "tcp",
                "security_groups": [],
                "self": true,
                "to_port": 53
              },
              {
                "cidr_blocks": [],
                "description": "Node to node CoreDNS",
                "from_port": 53,
                "ipv6_cidr_blocks": [],
                "prefix_list_ids": [],
                "protocol": "udp",
                "security_groups": [],
                "self": true,
                "to_port": 53
              }
            ],
            "name": "preprod-node-2023010318200078190000000d",
            "name_prefix": "preprod-node-",
            "owner_id": "009453609091",
            "revoke_rules_on_delete": false,
            "tags": {
              "Name": "preprod-node",
              "environment": "prod",
              "github_repo": "foundations",
              "kubernetes.io/cluster/preprod": "owned"
            },
            "tags_all": {
              "Name": "preprod-node",
              "environment": "prod",
              "github_repo": "foundations",
              "kubernetes.io/cluster/preprod": "owned"
            },
            "timeouts": null,
            "vpc_id": "vpc-04d0ac671d977ddb6"
          },
          "private": "eyJlMmJmYjczMC1lY2FhLTExZTYtOGY4OC0zNDM2M2JjN2M0YzAiOnsiY3JlYXRlIjo2MDAwMDAwMDAwMDAsImRlbGV0ZSI6OTAwMDAwMDAwMDAwfSwic2NoZW1hX3ZlcnNpb24iOiIxIn0=",
          "dependencies": [
            "module.eks.module.vpc.aws_vpc.this"
          ],
          "create_before_destroy": true
        }
      ]
    },
    {
      "module": "module.eks.module.eks",
      "mode": "managed",
      "type": "aws_security_group_rule",
      "name": "cluster",
      "provider": "module.eks.provider[\"registry.terraform.io/hashicorp/aws\"]",
      "instances": [
        {
          "index_key": "egress_nodes_443",
          "schema_version": 2,
          "attributes": {
            "cidr_blocks": null,
            "description": "Cluster API to node groups",
            "from_port": 443,
            "id": "sgrule-814586738",
            "ipv6_cidr_blocks": null,
            "prefix_list_ids": [],
            "protocol": "tcp",
            "security_group_id": "sg-0028580d186fcce62",
            "security_group_rule_id": "sgr-0b5bd8ea571861b65",
            "self": false,
            "source_security_group_id": "sg-0d40b98a6ceffb2f7",
            "timeouts": null,
            "to_port": 443,
            "type": "egress"
          },
          "private": "eyJlMmJmYjczMC1lY2FhLTExZTYtOGY4OC0zNDM2M2JjN2M0YzAiOnsiY3JlYXRlIjozMDAwMDAwMDAwMDB9LCJzY2hlbWFfdmVyc2lvbiI6IjIifQ==",
          "dependencies": [
            "module.eks.module.eks.aws_security_group.cluster",
            "module.eks.module.eks.aws_security_group.node",
            "module.eks.module.vpc.aws_vpc.this"
          ]
        },
        {
          "index_key": "egress_nodes_ephemeral_ports_tcp",
          "schema_version": 2,
          "attributes": {
            "cidr_blocks": null,
            "description": "To node 1025-65535",
            "from_port": 1025,
            "id": "sgrule-1435966420",
            "ipv6_cidr_blocks": null,
            "prefix_list_ids": [],
            "protocol": "tcp",
            "security_group_id": "sg-0028580d186fcce62",
            "security_group_rule_id": "sgr-0d9ba5e833d9d1498",
            "self": false,
            "source_security_group_id": "sg-0d40b98a6ceffb2f7",
            "timeouts": null,
            "to_port": 65535,
            "type": "egress"
          },
          "private": "eyJlMmJmYjczMC1lY2FhLTExZTYtOGY4OC0zNDM2M2JjN2M0YzAiOnsiY3JlYXRlIjozMDAwMDAwMDAwMDB9LCJzY2hlbWFfdmVyc2lvbiI6IjIifQ==",
          "dependencies": [
            "module.eks.module.eks.aws_security_group.cluster",
            "module.eks.module.eks.aws_security_group.node",
            "module.eks.module.vpc.aws_vpc.this"
          ]
        },
        {
          "index_key": "egress_nodes_kubelet",
          "schema_version": 2,
          "attributes": {
            "cidr_blocks": null,
            "description": "Cluster API to node kubelets",
            "from_port": 10250,
            "id": "sgrule-3512586261",
            "ipv6_cidr_blocks": null,
            "prefix_list_ids": [],
            "protocol": "tcp",
            "security_group_id": "sg-0028580d186fcce62",
            "security_group_rule_id": "sgr-02c48baa9418138fa",
            "self": false,
            "source_security_group_id": "sg-0d40b98a6ceffb2f7",
            "timeouts": null,
            "to_port": 10250,
            "type": "egress"
          },
          "private": "eyJlMmJmYjczMC1lY2FhLTExZTYtOGY4OC0zNDM2M2JjN2M0YzAiOnsiY3JlYXRlIjozMDAwMDAwMDAwMDB9LCJzY2hlbWFfdmVyc2lvbiI6IjIifQ==",
          "dependencies": [
            "module.eks.module.eks.aws_security_group.cluster",
            "module.eks.module.eks.aws_security_group.node",
            "module.eks.module.vpc.aws_vpc.this"
          ]
        },
        {
          "index_key": "ingress_alb",
          "schema_version": 2,
          "attributes": {
            "cidr_blocks": [
              "10.36.0.0/16"
            ],
            "description": "allow alb traffic",
            "from_port": 30080,
            "id": "sgrule-4055844534",
            "ipv6_cidr_blocks": null,
            "prefix_list_ids": [],
            "protocol": "tcp",
            "security_group_id": "sg-0028580d186fcce62",
            "security_group_rule_id": "sgr-0b5e0a3c4f553f1ff",
            "self": false,
            "source_security_group_id": null,
            "timeouts": null,
            "to_port": 30080,
            "type": "ingress"
          },
          "private": "eyJlMmJmYjczMC1lY2FhLTExZTYtOGY4OC0zNDM2M2JjN2M0YzAiOnsiY3JlYXRlIjozMDAwMDAwMDAwMDB9LCJzY2hlbWFfdmVyc2lvbiI6IjIifQ==",
          "dependencies": [
            "module.eks.module.eks.aws_security_group.cluster",
            "module.eks.module.eks.aws_security_group.node",
            "module.eks.module.vpc.aws_vpc.this"
          ]
        },
        {
          "index_key": "ingress_nlb",
          "schema_version": 2,
          "attributes": {
            "cidr_blocks": [
              "10.36.0.0/16"
            ],
            "description": "allow nlb traffic",
            "from_port": 30443,
            "id": "sgrule-2698656934",
            "ipv6_cidr_blocks": null,
            "prefix_list_ids": [],
            "protocol": "tcp",
            "security_group_id": "sg-0028580d186fcce62",
            "security_group_rule_id": "sgr-01bb077624648cb61",
            "self": false,
            "source_security_group_id": null,
            "timeouts": null,
            "to_port": 30443,
            "type": "ingress"
          },
          "private": "eyJlMmJmYjczMC1lY2FhLTExZTYtOGY4OC0zNDM2M2JjN2M0YzAiOnsiY3JlYXRlIjozMDAwMDAwMDAwMDB9LCJzY2hlbWFfdmVyc2lvbiI6IjIifQ==",
          "dependencies": [
            "module.eks.module.eks.aws_security_group.cluster",
            "module.eks.module.eks.aws_security_group.node",
            "module.eks.module.vpc.aws_vpc.this"
          ]
        },
        {
          "index_key": "ingress_nodes_443",
          "schema_version": 2,
          "attributes": {
            "cidr_blocks": null,
            "description": "Node groups to cluster API",
            "from_port": 443,
            "id": "sgrule-315179192",
            "ipv6_cidr_blocks": null,
            "prefix_list_ids": [],
            "protocol": "tcp",
            "security_group_id": "sg-0028580d186fcce62",
            "security_group_rule_id": "sgr-0d5aacbab467b9c66",
            "self": false,
            "source_security_group_id": "sg-0d40b98a6ceffb2f7",
            "timeouts": null,
            "to_port": 443,
            "type": "ingress"
          },
          "private": "eyJlMmJmYjczMC1lY2FhLTExZTYtOGY4OC0zNDM2M2JjN2M0YzAiOnsiY3JlYXRlIjozMDAwMDAwMDAwMDB9LCJzY2hlbWFfdmVyc2lvbiI6IjIifQ==",
          "dependencies": [
            "module.eks.module.eks.aws_security_group.cluster",
            "module.eks.module.eks.aws_security_group.node",
            "module.eks.module.vpc.aws_vpc.this"
          ]
        }
      ]
    },
    {
      "module": "module.eks.module.eks",
      "mode": "managed",
      "type": "aws_security_group_rule",
      "name": "node",
      "provider": "module.eks.provider[\"registry.terraform.io/hashicorp/aws\"]",
      "instances": [
        {
          "index_key": "egress_cluster_443",
          "schema_version": 2,
          "attributes": {
            "cidr_blocks": null,
            "description": "Node groups to cluster API",
            "from_port": 443,
            "id": "sgrule-3130487286",
            "ipv6_cidr_blocks": null,
            "prefix_list_ids": [],
            "protocol": "tcp",
            "security_group_id": "sg-0d40b98a6ceffb2f7",
            "security_group_rule_id": "sgr-0cf53a0e9200e5792",
            "self": false,
            "source_security_group_id": "sg-0028580d186fcce62",
            "timeouts": null,
            "to_port": 443,
            "type": "egress"
          },
          "private": "eyJlMmJmYjczMC1lY2FhLTExZTYtOGY4OC0zNDM2M2JjN2M0YzAiOnsiY3JlYXRlIjozMDAwMDAwMDAwMDB9LCJzY2hlbWFfdmVyc2lvbiI6IjIifQ==",
          "dependencies": [
            "module.eks.module.eks.aws_security_group.cluster",
            "module.eks.module.eks.aws_security_group.node",
            "module.eks.module.vpc.aws_vpc.this"
          ]
        },
        {
          "index_key": "egress_https",
          "schema_version": 2,
          "attributes": {
            "cidr_blocks": [
              "0.0.0.0/0"
            ],
            "description": "Egress all HTTPS to internet",
            "from_port": 443,
            "id": "sgrule-1074760204",
            "ipv6_cidr_blocks": null,
            "prefix_list_ids": [],
            "protocol": "tcp",
            "security_group_id": "sg-0d40b98a6ceffb2f7",
            "security_group_rule_id": "sgr-0b3b04f35b1fcbd0a",
            "self": false,
            "source_security_group_id": null,
            "timeouts": null,
            "to_port": 443,
            "type": "egress"
          },
          "private": "eyJlMmJmYjczMC1lY2FhLTExZTYtOGY4OC0zNDM2M2JjN2M0YzAiOnsiY3JlYXRlIjozMDAwMDAwMDAwMDB9LCJzY2hlbWFfdmVyc2lvbiI6IjIifQ==",
          "dependencies": [
            "module.eks.module.eks.aws_security_group.cluster",
            "module.eks.module.eks.aws_security_group.node",
            "module.eks.module.vpc.aws_vpc.this"
          ]
        },
        {
          "index_key": "egress_ntp_tcp",
          "schema_version": 2,
          "attributes": {
            "cidr_blocks": [
              "0.0.0.0/0"
            ],
            "description": "Egress NTP/TCP to internet",
            "from_port": 123,
            "id": "sgrule-2681321234",
            "ipv6_cidr_blocks": null,
            "prefix_list_ids": [],
            "protocol": "tcp",
            "security_group_id": "sg-0d40b98a6ceffb2f7",
            "security_group_rule_id": "sgr-0599dc536ed712af5",
            "self": false,
            "source_security_group_id": null,
            "timeouts": null,
            "to_port": 123,
            "type": "egress"
          },
          "private": "eyJlMmJmYjczMC1lY2FhLTExZTYtOGY4OC0zNDM2M2JjN2M0YzAiOnsiY3JlYXRlIjozMDAwMDAwMDAwMDB9LCJzY2hlbWFfdmVyc2lvbiI6IjIifQ==",
          "dependencies": [
            "module.eks.module.eks.aws_security_group.cluster",
            "module.eks.module.eks.aws_security_group.node",
            "module.eks.module.vpc.aws_vpc.this"
          ]
        },
        {
          "index_key": "egress_ntp_udp",
          "schema_version": 2,
          "attributes": {
            "cidr_blocks": [
              "0.0.0.0/0"
            ],
            "description": "Egress NTP/UDP to internet",
            "from_port": 123,
            "id": "sgrule-3780088351",
            "ipv6_cidr_blocks": null,
            "prefix_list_ids": [],
            "protocol": "udp",
            "security_group_id": "sg-0d40b98a6ceffb2f7",
            "security_group_rule_id": "sgr-075052bcd48fc9fa9",
            "self": false,
            "source_security_group_id": null,
            "timeouts": null,
            "to_port": 123,
            "type": "egress"
          },
          "private": "eyJlMmJmYjczMC1lY2FhLTExZTYtOGY4OC0zNDM2M2JjN2M0YzAiOnsiY3JlYXRlIjozMDAwMDAwMDAwMDB9LCJzY2hlbWFfdmVyc2lvbiI6IjIifQ==",
          "dependencies": [
            "module.eks.module.eks.aws_security_group.cluster",
            "module.eks.module.eks.aws_security_group.node",
            "module.eks.module.vpc.aws_vpc.this"
          ]
        },
        {
          "index_key": "egress_self_coredns_tcp",
          "schema_version": 2,
          "attributes": {
            "cidr_blocks": null,
            "description": "Node to node CoreDNS",
            "from_port": 53,
            "id": "sgrule-4095134133",
            "ipv6_cidr_blocks": null,
            "prefix_list_ids": [],
            "protocol": "tcp",
            "security_group_id": "sg-0d40b98a6ceffb2f7",
            "security_group_rule_id": "sgr-026e9cf33eedf4729",
            "self": true,
            "source_security_group_id": null,
            "timeouts": null,
            "to_port": 53,
            "type": "egress"
          },
          "private": "eyJlMmJmYjczMC1lY2FhLTExZTYtOGY4OC0zNDM2M2JjN2M0YzAiOnsiY3JlYXRlIjozMDAwMDAwMDAwMDB9LCJzY2hlbWFfdmVyc2lvbiI6IjIifQ==",
          "dependencies": [
            "module.eks.module.eks.aws_security_group.cluster",
            "module.eks.module.eks.aws_security_group.node",
            "module.eks.module.vpc.aws_vpc.this"
          ]
        },
        {
          "index_key": "egress_self_coredns_udp",
          "schema_version": 2,
          "attributes": {
            "cidr_blocks": null,
            "description": "Node to node CoreDNS",
            "from_port": 53,
            "id": "sgrule-2054245331",
            "ipv6_cidr_blocks": null,
            "prefix_list_ids": [],
            "protocol": "udp",
            "security_group_id": "sg-0d40b98a6ceffb2f7",
            "security_group_rule_id": "sgr-05c7090e82f0f57c4",
            "self": true,
            "source_security_group_id": null,
            "timeouts": null,
            "to_port": 53,
            "type": "egress"
          },
          "private": "eyJlMmJmYjczMC1lY2FhLTExZTYtOGY4OC0zNDM2M2JjN2M0YzAiOnsiY3JlYXRlIjozMDAwMDAwMDAwMDB9LCJzY2hlbWFfdmVyc2lvbiI6IjIifQ==",
          "dependencies": [
            "module.eks.module.eks.aws_security_group.cluster",
            "module.eks.module.eks.aws_security_group.node",
            "module.eks.module.vpc.aws_vpc.this"
          ]
        },
        {
          "index_key": "ingress_cluster_443",
          "schema_version": 2,
          "attributes": {
            "cidr_blocks": null,
            "description": "Cluster API to node groups",
            "from_port": 443,
            "id": "sgrule-1947710635",
            "ipv6_cidr_blocks": null,
            "prefix_list_ids": [],
            "protocol": "tcp",
            "security_group_id": "sg-0d40b98a6ceffb2f7",
            "security_group_rule_id": "sgr-0cf53a0e9200e5792",
            "self": false,
            "source_security_group_id": "sg-0028580d186fcce62",
            "timeouts": null,
            "to_port": 443,
            "type": "ingress"
          },
          "private": "eyJlMmJmYjczMC1lY2FhLTExZTYtOGY4OC0zNDM2M2JjN2M0YzAiOnsiY3JlYXRlIjozMDAwMDAwMDAwMDB9LCJzY2hlbWFfdmVyc2lvbiI6IjIifQ==",
          "dependencies": [
            "module.eks.module.eks.aws_security_group.cluster",
            "module.eks.module.eks.aws_security_group.node",
            "module.eks.module.vpc.aws_vpc.this"
          ]
        },
        {
          "index_key": "ingress_cluster_kubelet",
          "schema_version": 2,
          "attributes": {
            "cidr_blocks": null,
            "description": "Cluster API to node kubelets",
            "from_port": 10250,
            "id": "sgrule-2377769737",
            "ipv6_cidr_blocks": null,
            "prefix_list_ids": [],
            "protocol": "tcp",
            "security_group_id": "sg-0d40b98a6ceffb2f7",
            "security_group_rule_id": "sgr-08af8c3ba7922e9c2",
            "self": false,
            "source_security_group_id": "sg-0028580d186fcce62",
            "timeouts": null,
            "to_port": 10250,
            "type": "ingress"
          },
          "private": "eyJlMmJmYjczMC1lY2FhLTExZTYtOGY4OC0zNDM2M2JjN2M0YzAiOnsiY3JlYXRlIjozMDAwMDAwMDAwMDB9LCJzY2hlbWFfdmVyc2lvbiI6IjIifQ==",
          "dependencies": [
            "module.eks.module.eks.aws_security_group.cluster",
            "module.eks.module.eks.aws_security_group.node",
            "module.eks.module.vpc.aws_vpc.this"
          ]
        },
        {
          "index_key": "ingress_self_coredns_tcp",
          "schema_version": 2,
          "attributes": {
            "cidr_blocks": null,
            "description": "Node to node CoreDNS",
            "from_port": 53,
            "id": "sgrule-386764025",
            "ipv6_cidr_blocks": null,
            "prefix_list_ids": [],
            "protocol": "tcp",
            "security_group_id": "sg-0d40b98a6ceffb2f7",
            "security_group_rule_id": "sgr-026e9cf33eedf4729",
            "self": true,
            "source_security_group_id": null,
            "timeouts": null,
            "to_port": 53,
            "type": "ingress"
          },
          "private": "eyJlMmJmYjczMC1lY2FhLTExZTYtOGY4OC0zNDM2M2JjN2M0YzAiOnsiY3JlYXRlIjozMDAwMDAwMDAwMDB9LCJzY2hlbWFfdmVyc2lvbiI6IjIifQ==",
          "dependencies": [
            "module.eks.module.eks.aws_security_group.cluster",
            "module.eks.module.eks.aws_security_group.node",
            "module.eks.module.vpc.aws_vpc.this"
          ]
        },
        {
          "index_key": "ingress_self_coredns_udp",
          "schema_version": 2,
          "attributes": {
            "cidr_blocks": null,
            "description": "Node to node CoreDNS",
            "from_port": 53,
            "id": "sgrule-3008507670",
            "ipv6_cidr_blocks": null,
            "prefix_list_ids": [],
            "protocol": "udp",
            "security_group_id": "sg-0d40b98a6ceffb2f7",
            "security_group_rule_id": "sgr-0b60559df521f3d5c",
            "self": true,
            "source_security_group_id": null,
            "timeouts": null,
            "to_port": 53,
            "type": "ingress"
          },
          "private": "eyJlMmJmYjczMC1lY2FhLTExZTYtOGY4OC0zNDM2M2JjN2M0YzAiOnsiY3JlYXRlIjozMDAwMDAwMDAwMDB9LCJzY2hlbWFfdmVyc2lvbiI6IjIifQ==",
          "dependencies": [
            "module.eks.module.eks.aws_security_group.cluster",
            "module.eks.module.eks.aws_security_group.node",
            "module.eks.module.vpc.aws_vpc.this"
          ]
        }
      ]
    },
    {
      "module": "module.eks.module.mng-default",
      "mode": "data",
      "type": "aws_caller_identity",
      "name": "current",
      "provider": "module.eks.provider[\"registry.terraform.io/hashicorp/aws\"]",
      "instances": [
        {
          "schema_version": 0,
          "attributes": {
            "account_id": "009453609091",
            "arn": "arn:aws:iam::009453609091:user/George",
            "id": "009453609091",
            "user_id": "AIDAQEM32UCBXT36LWK2U"
          }
        }
      ]
    },
    {
      "module": "module.eks.module.mng-default",
      "mode": "data",
      "type": "aws_iam_policy_document",
      "name": "assume_role_policy",
      "provider": "module.eks.provider[\"registry.terraform.io/hashicorp/aws\"]",
      "instances": [
        {
          "index_key": 0,
          "schema_version": 0,
          "attributes": {
            "id": "2560088296",
            "json": "{\n  \"Version\": \"2012-10-17\",\n  \"Statement\": [\n    {\n      \"Sid\": \"EKSNodeAssumeRole\",\n      \"Effect\": \"Allow\",\n      \"Action\": \"sts:AssumeRole\",\n      \"Principal\": {\n        \"Service\": \"ec2.amazonaws.com\"\n      }\n    }\n  ]\n}",
            "override_json": null,
            "override_policy_documents": null,
            "policy_id": null,
            "source_json": null,
            "source_policy_documents": null,
            "statement": [
              {
                "actions": [
                  "sts:AssumeRole"
                ],
                "condition": [],
                "effect": "Allow",
                "not_actions": [],
                "not_principals": [],
                "not_resources": [],
                "principals": [
                  {
                    "identifiers": [
                      "ec2.amazonaws.com"
                    ],
                    "type": "Service"
                  }
                ],
                "resources": [],
                "sid": "EKSNodeAssumeRole"
              }
            ],
            "version": "2012-10-17"
          }
        }
      ]
    },
    {
      "module": "module.eks.module.mng-default",
      "mode": "data",
      "type": "aws_partition",
      "name": "current",
      "provider": "module.eks.provider[\"registry.terraform.io/hashicorp/aws\"]",
      "instances": [
        {
          "schema_version": 0,
          "attributes": {
            "dns_suffix": "amazonaws.com",
            "id": "aws",
            "partition": "aws",
            "reverse_dns_prefix": "com.amazonaws"
          }
        }
      ]
    },
    {
      "module": "module.eks.module.mng-default",
      "mode": "managed",
      "type": "aws_eks_node_group",
      "name": "this",
      "provider": "module.eks.provider[\"registry.terraform.io/hashicorp/aws\"]",
      "instances": [
        {
          "index_key": 0,
          "schema_version": 0,
          "attributes": {
            "ami_type": "AL2_x86_64",
            "arn": "arn:aws:eks:eu-west-2:009453609091:nodegroup/preprod/preprod-node-20230103183051999700000017/b4c2bc73-4423-eb9a-9bb0-606836141b64",
            "capacity_type": "ON_DEMAND",
            "cluster_name": "preprod",
            "disk_size": 0,
            "force_update_version": null,
            "id": "preprod:preprod-node-20230103183051999700000017",
            "instance_types": [
              "t3.medium"
            ],
            "labels": {},
            "launch_template": [
              {
                "id": "lt-03f81bb626af9b901",
                "name": "preprod-default-lc-20230103183050126800000014",
                "version": "2"
              }
            ],
            "node_group_name": "preprod-node-20230103183051999700000017",
            "node_group_name_prefix": "preprod-node-",
            "node_role_arn": "arn:aws:iam::009453609091:role/preprod-node-eks-node-group-20230103181944035500000002",
            "release_version": "1.22.15-20221222",
            "remote_access": [],
            "resources": [
              {
                "autoscaling_groups": [
                  {
                    "name": "eks-preprod-node-20230103183051999700000017-b4c2bc73-4423-eb9a-9bb0-606836141b64"
                  }
                ],
                "remote_access_security_group_id": ""
              }
            ],
            "scaling_config": [
              {
                "desired_size": 3,
                "max_size": 3,
                "min_size": 1
              }
            ],
            "status": "ACTIVE",
            "subnet_ids": [
              "subnet-008f44bb3ae014759",
              "subnet-0ca3220d63611c671",
              "subnet-0d886d41143ceb03f"
            ],
            "tags": {
              "Name": "preprod-node",
              "Separate": "eks-managed-node-group",
              "environment": "prod",
              "github_org": "Commonplace-Digital-Ltd",
              "github_repo": "foundations"
            },
            "tags_all": {
              "Name": "preprod-node",
              "Separate": "eks-managed-node-group",
              "environment": "prod",
              "github_org": "Commonplace-Digital-Ltd",
              "github_repo": "foundations"
            },
            "taint": [],
            "timeouts": {
              "create": null,
              "delete": null,
              "update": null
            },
            "update_config": [
              {
                "max_unavailable": 1,
                "max_unavailable_percentage": 0
              }
            ],
            "version": "1.22"
          },
          "private": "eyJlMmJmYjczMC1lY2FhLTExZTYtOGY4OC0zNDM2M2JjN2M0YzAiOnsiY3JlYXRlIjozNjAwMDAwMDAwMDAwLCJkZWxldGUiOjM2MDAwMDAwMDAwMDAsInVwZGF0ZSI6MzYwMDAwMDAwMDAwMH19",
          "dependencies": [
            "module.eks.module.eks.aws_eks_cluster.this",
            "module.eks.module.mng-default.aws_iam_role.this",
            "module.eks.module.mng-default.aws_launch_template.this",
            "module.eks.module.vpc.aws_subnet.private"
          ],
          "create_before_destroy": true
        }
      ]
    },
    {
      "module": "module.eks.module.mng-default",
      "mode": "managed",
      "type": "aws_iam_role",
      "name": "this",
      "provider": "module.eks.provider[\"registry.terraform.io/hashicorp/aws\"]",
      "instances": [
        {
          "index_key": 0,
          "schema_version": 0,
          "attributes": {
            "arn": "arn:aws:iam::009453609091:role/preprod-node-eks-node-group-20230103181944035500000002",
            "assume_role_policy": "{\"Statement\":[{\"Action\":\"sts:AssumeRole\",\"Effect\":\"Allow\",\"Principal\":{\"Service\":\"ec2.amazonaws.com\"},\"Sid\":\"EKSNodeAssumeRole\"}],\"Version\":\"2012-10-17\"}",
            "create_date": "2023-01-03T18:19:44Z",
            "description": "",
            "force_detach_policies": true,
            "id": "preprod-node-eks-node-group-20230103181944035500000002",
            "inline_policy": [],
            "managed_policy_arns": [
              "arn:aws:iam::aws:policy/AmazonEC2ContainerRegistryReadOnly",
              "arn:aws:iam::aws:policy/AmazonEKSWorkerNodePolicy",
              "arn:aws:iam::aws:policy/AmazonEKS_CNI_Policy"
            ],
            "max_session_duration": 3600,
            "name": "preprod-node-eks-node-group-20230103181944035500000002",
            "name_prefix": "preprod-node-eks-node-group-",
            "path": "/",
            "permissions_boundary": null,
            "tags": {
              "Separate": "eks-managed-node-group",
              "environment": "prod",
              "github_repo": "foundations"
            },
            "tags_all": {
              "Separate": "eks-managed-node-group",
              "environment": "prod",
              "github_repo": "foundations"
            },
            "unique_id": "AROAQEM32UCBSV73F24GJ"
          },
          "private": "bnVsbA==",
          "dependencies": [
            "module.eks.module.mng-default.data.aws_iam_policy_document.assume_role_policy"
          ],
          "create_before_destroy": true
        }
      ]
    },
    {
      "module": "module.eks.module.mng-default",
      "mode": "managed",
      "type": "aws_iam_role_policy_attachment",
      "name": "this",
      "provider": "module.eks.provider[\"registry.terraform.io/hashicorp/aws\"]",
      "instances": [
        {
          "index_key": "arn:aws:iam::aws:policy/AmazonEC2ContainerRegistryReadOnly",
          "schema_version": 0,
          "attributes": {
            "id": "preprod-node-eks-node-group-20230103181944035500000002-20230103181945929700000005",
            "policy_arn": "arn:aws:iam::aws:policy/AmazonEC2ContainerRegistryReadOnly",
            "role": "preprod-node-eks-node-group-20230103181944035500000002"
          },
          "private": "bnVsbA==",
          "dependencies": [
            "module.eks.module.mng-default.aws_iam_role.this",
            "module.eks.module.mng-default.data.aws_caller_identity.current",
            "module.eks.module.mng-default.data.aws_iam_policy_document.assume_role_policy",
            "module.eks.module.mng-default.data.aws_partition.current"
          ]
        },
        {
          "index_key": "arn:aws:iam::aws:policy/AmazonEKSWorkerNodePolicy",
          "schema_version": 0,
          "attributes": {
            "id": "preprod-node-eks-node-group-20230103181944035500000002-20230103181946042200000006",
            "policy_arn": "arn:aws:iam::aws:policy/AmazonEKSWorkerNodePolicy",
            "role": "preprod-node-eks-node-group-20230103181944035500000002"
          },
          "private": "bnVsbA==",
          "dependencies": [
            "module.eks.module.mng-default.aws_iam_role.this",
            "module.eks.module.mng-default.data.aws_caller_identity.current",
            "module.eks.module.mng-default.data.aws_iam_policy_document.assume_role_policy",
            "module.eks.module.mng-default.data.aws_partition.current"
          ]
        },
        {
          "index_key": "arn:aws:iam::aws:policy/AmazonEKS_CNI_Policy",
          "schema_version": 0,
          "attributes": {
            "id": "preprod-node-eks-node-group-20230103181944035500000002-20230103181945891500000004",
            "policy_arn": "arn:aws:iam::aws:policy/AmazonEKS_CNI_Policy",
            "role": "preprod-node-eks-node-group-20230103181944035500000002"
          },
          "private": "bnVsbA==",
          "dependencies": [
            "module.eks.module.mng-default.aws_iam_role.this",
            "module.eks.module.mng-default.data.aws_caller_identity.current",
            "module.eks.module.mng-default.data.aws_iam_policy_document.assume_role_policy",
            "module.eks.module.mng-default.data.aws_partition.current"
          ]
        }
      ]
    },
    {
      "module": "module.eks.module.mng-default",
      "mode": "managed",
      "type": "aws_launch_template",
      "name": "this",
      "provider": "module.eks.provider[\"registry.terraform.io/hashicorp/aws\"]",
      "instances": [
        {
          "index_key": 0,
          "schema_version": 0,
          "attributes": {
            "arn": "arn:aws:ec2:eu-west-2:009453609091:launch-template/lt-03f81bb626af9b901",
            "block_device_mappings": [],
            "capacity_reservation_specification": [],
            "cpu_options": [],
            "credit_specification": [],
            "default_version": 3,
            "description": "",
            "disable_api_stop": false,
            "disable_api_termination": false,
            "ebs_optimized": "",
            "elastic_gpu_specifications": [],
            "elastic_inference_accelerator": [],
            "enclave_options": [],
            "hibernation_options": [],
            "iam_instance_profile": [],
            "id": "lt-03f81bb626af9b901",
            "image_id": "",
            "instance_initiated_shutdown_behavior": "",
            "instance_market_options": [],
            "instance_requirements": [],
            "instance_type": "",
            "kernel_id": "",
            "key_name": "",
            "latest_version": 3,
            "license_specification": [],
            "maintenance_options": [],
            "metadata_options": [
              {
                "http_endpoint": "enabled",
                "http_protocol_ipv6": "disabled",
                "http_put_response_hop_limit": 2,
                "http_tokens": "required",
                "instance_metadata_tags": "disabled"
              }
            ],
            "monitoring": [
              {
                "enabled": true
              }
            ],
            "name": "preprod-default-lc-20230103183050126800000014",
            "name_prefix": "preprod-default-lc-",
            "network_interfaces": [],
            "placement": [],
            "private_dns_name_options": [],
            "ram_disk_id": "",
            "security_group_names": [],
            "tag_specifications": [
              {
                "resource_type": "instance",
                "tags": {
                  "Name": "preprod-node",
                  "Separate": "eks-managed-node-group",
                  "environment": "prod",
                  "github_repo": "foundations"
                }
              },
              {
                "resource_type": "network-interface",
                "tags": {
                  "Name": "preprod-node",
                  "Separate": "eks-managed-node-group",
                  "environment": "prod",
                  "github_repo": "foundations"
                }
              },
              {
                "resource_type": "volume",
                "tags": {
                  "Name": "preprod-node",
                  "Separate": "eks-managed-node-group",
                  "environment": "prod",
                  "github_repo": "foundations"
                }
              }
            ],
            "tags": {
              "Separate": "eks-managed-node-group",
              "environment": "prod",
              "github_repo": "foundations"
            },
            "tags_all": {
              "Separate": "eks-managed-node-group",
              "environment": "prod",
              "github_repo": "foundations"
            },
            "update_default_version": true,
            "user_data": "",
            "vpc_security_group_ids": [
              "sg-0a2d4a067080a2e5c",
              "sg-0b11ee58620f9e6c0"
            ]
          },
          "private": "bnVsbA==",
          "dependencies": [
            "module.eks.aws_kms_key.eks",
            "module.eks.module.eks.aws_cloudwatch_log_group.this",
            "module.eks.module.eks.aws_eks_cluster.this",
            "module.eks.module.eks.aws_iam_role.this",
            "module.eks.module.eks.aws_iam_role_policy_attachment.this",
            "module.eks.module.eks.aws_security_group.cluster",
            "module.eks.module.eks.aws_security_group_rule.cluster",
            "module.eks.module.eks.aws_security_group_rule.node",
            "module.eks.module.eks.data.aws_iam_policy_document.assume_role_policy",
            "module.eks.module.eks.data.aws_partition.current",
            "module.eks.module.mng-default.aws_iam_role_policy_attachment.this",
            "module.eks.module.mng-default.aws_security_group.this",
            "module.eks.module.mng-default.aws_security_group_rule.this",
            "module.eks.module.mng-default.data.aws_caller_identity.current",
            "module.eks.module.mng-default.data.aws_partition.current",
            "module.eks.module.mng-default.module.user_data.data.cloudinit_config.linux_eks_managed_node_group",
            "module.eks.module.vpc.aws_subnet.private",
            "module.eks.module.vpc.aws_vpc.this"
          ],
          "create_before_destroy": true
        }
      ]
    },
    {
      "module": "module.eks.module.mng-default",
      "mode": "managed",
      "type": "aws_security_group",
      "name": "this",
      "provider": "module.eks.provider[\"registry.terraform.io/hashicorp/aws\"]",
      "instances": [
        {
          "index_key": 0,
          "schema_version": 1,
          "attributes": {
            "arn": "arn:aws:ec2:eu-west-2:009453609091:security-group/sg-0a2d4a067080a2e5c",
            "description": "Security group for preprod default eks managed node group",
            "egress": [],
            "id": "sg-0a2d4a067080a2e5c",
            "ingress": [
              {
                "cidr_blocks": [
                  "10.36.0.0/16"
                ],
                "description": "allow alb traffic",
                "from_port": 30080,
                "ipv6_cidr_blocks": [],
                "prefix_list_ids": [],
                "protocol": "tcp",
                "security_groups": [],
                "self": false,
                "to_port": 30080
              },
              {
                "cidr_blocks": [
                  "10.36.0.0/16"
                ],
                "description": "allow nlb traffic",
                "from_port": 30443,
                "ipv6_cidr_blocks": [],
                "prefix_list_ids": [],
                "protocol": "tcp",
                "security_groups": [],
                "self": false,
                "to_port": 30443
              }
            ],
            "name": "default-node-group-sg-2023010318200092390000000e",
            "name_prefix": "default-node-group-sg-",
            "owner_id": "009453609091",
            "revoke_rules_on_delete": false,
            "tags": {
              "Name": "default-node-group-sg",
              "Separate": "eks-managed-node-group",
              "environment": "prod",
              "github_repo": "foundations"
            },
            "tags_all": {
              "Name": "default-node-group-sg",
              "Separate": "eks-managed-node-group",
              "environment": "prod",
              "github_repo": "foundations"
            },
            "timeouts": null,
            "vpc_id": "vpc-04d0ac671d977ddb6"
          },
          "private": "eyJlMmJmYjczMC1lY2FhLTExZTYtOGY4OC0zNDM2M2JjN2M0YzAiOnsiY3JlYXRlIjo2MDAwMDAwMDAwMDAsImRlbGV0ZSI6OTAwMDAwMDAwMDAwfSwic2NoZW1hX3ZlcnNpb24iOiIxIn0=",
          "dependencies": [
            "module.eks.module.vpc.aws_vpc.this"
          ],
          "create_before_destroy": true
        }
      ]
    },
    {
      "module": "module.eks.module.mng-default",
      "mode": "managed",
      "type": "aws_security_group_rule",
      "name": "this",
      "provider": "module.eks.provider[\"registry.terraform.io/hashicorp/aws\"]",
      "instances": [
        {
          "index_key": "0",
          "schema_version": 2,
          "attributes": {
            "cidr_blocks": [
              "10.36.0.0/16"
            ],
            "description": "allow alb traffic",
            "from_port": 30080,
            "id": "sgrule-185572544",
            "ipv6_cidr_blocks": null,
            "prefix_list_ids": [],
            "protocol": "tcp",
            "security_group_id": "sg-0a2d4a067080a2e5c",
            "security_group_rule_id": "sgr-08e43a309ffc358ab",
            "self": false,
            "source_security_group_id": null,
            "timeouts": null,
            "to_port": 30080,
            "type": "ingress"
          },
          "private": "eyJlMmJmYjczMC1lY2FhLTExZTYtOGY4OC0zNDM2M2JjN2M0YzAiOnsiY3JlYXRlIjozMDAwMDAwMDAwMDB9LCJzY2hlbWFfdmVyc2lvbiI6IjIifQ==",
          "dependencies": [
            "module.eks.module.mng-default.aws_security_group.this",
            "module.eks.module.vpc.aws_vpc.this"
          ]
        },
        {
          "index_key": "1",
          "schema_version": 2,
          "attributes": {
            "cidr_blocks": [
              "10.36.0.0/16"
            ],
            "description": "allow nlb traffic",
            "from_port": 30443,
            "id": "sgrule-1516955344",
            "ipv6_cidr_blocks": null,
            "prefix_list_ids": [],
            "protocol": "tcp",
            "security_group_id": "sg-0a2d4a067080a2e5c",
            "security_group_rule_id": "sgr-0208cc9a5741d711f",
            "self": false,
            "source_security_group_id": null,
            "timeouts": null,
            "to_port": 30443,
            "type": "ingress"
          },
          "private": "eyJlMmJmYjczMC1lY2FhLTExZTYtOGY4OC0zNDM2M2JjN2M0YzAiOnsiY3JlYXRlIjozMDAwMDAwMDAwMDB9LCJzY2hlbWFfdmVyc2lvbiI6IjIifQ==",
          "dependencies": [
            "module.eks.module.mng-default.aws_security_group.this",
            "module.eks.module.vpc.aws_vpc.this"
          ]
        }
      ]
    },
    {
      "module": "module.eks.module.vpc",
      "mode": "managed",
      "type": "aws_db_subnet_group",
      "name": "database",
      "provider": "module.eks.provider[\"registry.terraform.io/hashicorp/aws\"]",
      "instances": [
        {
          "index_key": 0,
          "schema_version": 0,
          "attributes": {
            "arn": "arn:aws:rds:eu-west-2:009453609091:subgrp:preprod-eks-vpc",
            "description": "Database subnet group for preprod-eks-vpc",
            "id": "preprod-eks-vpc",
            "name": "preprod-eks-vpc",
            "name_prefix": "",
            "subnet_ids": [
              "subnet-06370bdcb0b692a97",
              "subnet-06f6077669774f9c2",
              "subnet-0d476288319dab344"
            ],
            "supported_network_types": [
              "IPV4"
            ],
            "tags": {
              "Name": "preprod-vpc",
              "kubernetes.io/cluster/preprod": "shared"
            },
            "tags_all": {
              "Name": "preprod-vpc",
              "kubernetes.io/cluster/preprod": "shared"
            }
          },
          "private": "bnVsbA==",
          "dependencies": [
            "module.eks.module.vpc.aws_subnet.database",
            "module.eks.module.vpc.aws_vpc.this",
            "module.eks.module.vpc.aws_vpc_ipv4_cidr_block_association.this"
          ]
        }
      ]
    },
    {
      "module": "module.eks.module.vpc",
      "mode": "managed",
      "type": "aws_eip",
      "name": "nat",
      "provider": "module.eks.provider[\"registry.terraform.io/hashicorp/aws\"]",
      "instances": [
        {
          "index_key": 0,
          "schema_version": 0,
          "attributes": {
            "address": null,
            "allocation_id": "eipalloc-0ffe97f274b939681",
            "associate_with_private_ip": null,
            "association_id": "eipassoc-0ad0d93544ac709df",
            "carrier_ip": "",
            "customer_owned_ip": "",
            "customer_owned_ipv4_pool": "",
            "domain": "vpc",
            "id": "eipalloc-0ffe97f274b939681",
            "instance": "",
            "network_border_group": "eu-west-2",
            "network_interface": "eni-015ee13855ed188eb",
            "private_dns": "ip-10-36-130-68.eu-west-2.compute.internal",
            "private_ip": "10.36.130.68",
            "public_dns": "ec2-35-179-70-96.eu-west-2.compute.amazonaws.com",
            "public_ip": "35.179.70.96",
            "public_ipv4_pool": "amazon",
            "tags": {
              "Name": "preprod-vpc",
              "kubernetes.io/cluster/preprod": "shared"
            },
            "tags_all": {
              "Name": "preprod-vpc",
              "kubernetes.io/cluster/preprod": "shared"
            },
            "timeouts": null,
            "vpc": true
          },
          "private": "eyJlMmJmYjczMC1lY2FhLTExZTYtOGY4OC0zNDM2M2JjN2M0YzAiOnsiZGVsZXRlIjoxODAwMDAwMDAwMDAsInJlYWQiOjkwMDAwMDAwMDAwMCwidXBkYXRlIjozMDAwMDAwMDAwMDB9fQ=="
        },
        {
          "index_key": 1,
          "schema_version": 0,
          "attributes": {
            "address": null,
            "allocation_id": "eipalloc-00db7c55755d483e4",
            "associate_with_private_ip": null,
            "association_id": "eipassoc-0719715a3921814c3",
            "carrier_ip": "",
            "customer_owned_ip": "",
            "customer_owned_ipv4_pool": "",
            "domain": "vpc",
            "id": "eipalloc-00db7c55755d483e4",
            "instance": "",
            "network_border_group": "eu-west-2",
            "network_interface": "eni-092b9ce0749f34a23",
            "private_dns": "ip-10-36-153-170.eu-west-2.compute.internal",
            "private_ip": "10.36.153.170",
            "public_dns": "ec2-18-170-183-25.eu-west-2.compute.amazonaws.com",
            "public_ip": "18.170.183.25",
            "public_ipv4_pool": "amazon",
            "tags": {
              "Name": "preprod-vpc",
              "kubernetes.io/cluster/preprod": "shared"
            },
            "tags_all": {
              "Name": "preprod-vpc",
              "kubernetes.io/cluster/preprod": "shared"
            },
            "timeouts": null,
            "vpc": true
          },
          "private": "eyJlMmJmYjczMC1lY2FhLTExZTYtOGY4OC0zNDM2M2JjN2M0YzAiOnsiZGVsZXRlIjoxODAwMDAwMDAwMDAsInJlYWQiOjkwMDAwMDAwMDAwMCwidXBkYXRlIjozMDAwMDAwMDAwMDB9fQ=="
        },
        {
          "index_key": 2,
          "schema_version": 0,
          "attributes": {
            "address": null,
            "allocation_id": "eipalloc-01e3557488b26fca2",
            "associate_with_private_ip": null,
            "association_id": "eipassoc-03d34b8e119166878",
            "carrier_ip": "",
            "customer_owned_ip": "",
            "customer_owned_ipv4_pool": "",
            "domain": "vpc",
            "id": "eipalloc-01e3557488b26fca2",
            "instance": "",
            "network_border_group": "eu-west-2",
            "network_interface": "eni-0cc7835a45bbd9e5c",
            "private_dns": "ip-10-36-170-43.eu-west-2.compute.internal",
            "private_ip": "10.36.170.43",
            "public_dns": "ec2-18-168-104-8.eu-west-2.compute.amazonaws.com",
            "public_ip": "18.168.104.8",
            "public_ipv4_pool": "amazon",
            "tags": {
              "Name": "preprod-vpc",
              "kubernetes.io/cluster/preprod": "shared"
            },
            "tags_all": {
              "Name": "preprod-vpc",
              "kubernetes.io/cluster/preprod": "shared"
            },
            "timeouts": null,
            "vpc": true
          },
          "private": "eyJlMmJmYjczMC1lY2FhLTExZTYtOGY4OC0zNDM2M2JjN2M0YzAiOnsiZGVsZXRlIjoxODAwMDAwMDAwMDAsInJlYWQiOjkwMDAwMDAwMDAwMCwidXBkYXRlIjozMDAwMDAwMDAwMDB9fQ=="
        }
      ]
    },
    {
      "module": "module.eks.module.vpc",
      "mode": "managed",
      "type": "aws_internet_gateway",
      "name": "this",
      "provider": "module.eks.provider[\"registry.terraform.io/hashicorp/aws\"]",
      "instances": [
        {
          "index_key": 0,
          "schema_version": 0,
          "attributes": {
            "arn": "arn:aws:ec2:eu-west-2:009453609091:internet-gateway/igw-04a577d97b9bd65a7",
            "id": "igw-04a577d97b9bd65a7",
            "owner_id": "009453609091",
            "tags": {
              "Name": "preprod-vpc",
              "kubernetes.io/cluster/preprod": "shared"
            },
            "tags_all": {
              "Name": "preprod-vpc",
              "kubernetes.io/cluster/preprod": "shared"
            },
            "timeouts": null,
            "vpc_id": "vpc-04d0ac671d977ddb6"
          },
          "private": "eyJlMmJmYjczMC1lY2FhLTExZTYtOGY4OC0zNDM2M2JjN2M0YzAiOnsiY3JlYXRlIjoxMjAwMDAwMDAwMDAwLCJkZWxldGUiOjEyMDAwMDAwMDAwMDAsInVwZGF0ZSI6MTIwMDAwMDAwMDAwMH19",
          "dependencies": [
            "module.eks.module.vpc.aws_vpc.this",
            "module.eks.module.vpc.aws_vpc_ipv4_cidr_block_association.this"
          ]
        }
      ]
    },
    {
      "module": "module.eks.module.vpc",
      "mode": "managed",
      "type": "aws_nat_gateway",
      "name": "this",
      "provider": "module.eks.provider[\"registry.terraform.io/hashicorp/aws\"]",
      "instances": [
        {
          "index_key": 0,
          "schema_version": 0,
          "attributes": {
            "allocation_id": "eipalloc-0ffe97f274b939681",
            "connectivity_type": "public",
            "id": "nat-0ad0e45a4c2d8e3db",
            "network_interface_id": "eni-015ee13855ed188eb",
            "private_ip": "10.36.130.68",
            "public_ip": "35.179.70.96",
            "subnet_id": "subnet-094112be5bc0dc084",
            "tags": {
              "Name": "preprod-vpc",
              "kubernetes.io/cluster/preprod": "shared"
            },
            "tags_all": {
              "Name": "preprod-vpc",
              "kubernetes.io/cluster/preprod": "shared"
            }
          },
          "private": "bnVsbA==",
          "dependencies": [
            "module.eks.module.vpc.aws_eip.nat",
            "module.eks.module.vpc.aws_internet_gateway.this",
            "module.eks.module.vpc.aws_subnet.public",
            "module.eks.module.vpc.aws_vpc.this",
            "module.eks.module.vpc.aws_vpc_ipv4_cidr_block_association.this"
          ]
        },
        {
          "index_key": 1,
          "schema_version": 0,
          "attributes": {
            "allocation_id": "eipalloc-00db7c55755d483e4",
            "connectivity_type": "public",
            "id": "nat-0876a39e5ea3853f0",
            "network_interface_id": "eni-092b9ce0749f34a23",
            "private_ip": "10.36.153.170",
            "public_ip": "18.170.183.25",
            "subnet_id": "subnet-0b3cc0b84c12cd5ce",
            "tags": {
              "Name": "preprod-vpc",
              "kubernetes.io/cluster/preprod": "shared"
            },
            "tags_all": {
              "Name": "preprod-vpc",
              "kubernetes.io/cluster/preprod": "shared"
            }
          },
          "private": "bnVsbA==",
          "dependencies": [
            "module.eks.module.vpc.aws_eip.nat",
            "module.eks.module.vpc.aws_internet_gateway.this",
            "module.eks.module.vpc.aws_subnet.public",
            "module.eks.module.vpc.aws_vpc.this",
            "module.eks.module.vpc.aws_vpc_ipv4_cidr_block_association.this"
          ]
        },
        {
          "index_key": 2,
          "schema_version": 0,
          "attributes": {
            "allocation_id": "eipalloc-01e3557488b26fca2",
            "connectivity_type": "public",
            "id": "nat-0e64abc6b90b3cfeb",
            "network_interface_id": "eni-0cc7835a45bbd9e5c",
            "private_ip": "10.36.170.43",
            "public_ip": "18.168.104.8",
            "subnet_id": "subnet-04278497c94514d8b",
            "tags": {
              "Name": "preprod-vpc",
              "kubernetes.io/cluster/preprod": "shared"
            },
            "tags_all": {
              "Name": "preprod-vpc",
              "kubernetes.io/cluster/preprod": "shared"
            }
          },
          "private": "bnVsbA==",
          "dependencies": [
            "module.eks.module.vpc.aws_eip.nat",
            "module.eks.module.vpc.aws_internet_gateway.this",
            "module.eks.module.vpc.aws_subnet.public",
            "module.eks.module.vpc.aws_vpc.this",
            "module.eks.module.vpc.aws_vpc_ipv4_cidr_block_association.this"
          ]
        }
      ]
    },
    {
      "module": "module.eks.module.vpc",
      "mode": "managed",
      "type": "aws_route",
      "name": "private_nat_gateway",
      "provider": "module.eks.provider[\"registry.terraform.io/hashicorp/aws\"]",
      "instances": [
        {
          "index_key": 0,
          "schema_version": 0,
          "attributes": {
            "carrier_gateway_id": "",
            "core_network_arn": "",
            "destination_cidr_block": "0.0.0.0/0",
            "destination_ipv6_cidr_block": "",
            "destination_prefix_list_id": "",
            "egress_only_gateway_id": "",
            "gateway_id": "",
            "id": "r-rtb-0721cb3c8643da9ad1080289494",
            "instance_id": "",
            "instance_owner_id": "",
            "local_gateway_id": "",
            "nat_gateway_id": "nat-0ad0e45a4c2d8e3db",
            "network_interface_id": "",
            "origin": "CreateRoute",
            "route_table_id": "rtb-0721cb3c8643da9ad",
            "state": "active",
            "timeouts": {
              "create": "5m",
              "delete": null,
              "update": null
            },
            "transit_gateway_id": "",
            "vpc_endpoint_id": "",
            "vpc_peering_connection_id": ""
          },
          "private": "eyJlMmJmYjczMC1lY2FhLTExZTYtOGY4OC0zNDM2M2JjN2M0YzAiOnsiY3JlYXRlIjozMDAwMDAwMDAwMDAsImRlbGV0ZSI6MzAwMDAwMDAwMDAwLCJ1cGRhdGUiOjEyMDAwMDAwMDAwMH19",
          "dependencies": [
            "module.eks.module.vpc.aws_eip.nat",
            "module.eks.module.vpc.aws_internet_gateway.this",
            "module.eks.module.vpc.aws_nat_gateway.this",
            "module.eks.module.vpc.aws_route_table.private",
            "module.eks.module.vpc.aws_subnet.public",
            "module.eks.module.vpc.aws_vpc.this",
            "module.eks.module.vpc.aws_vpc_ipv4_cidr_block_association.this"
          ]
        },
        {
          "index_key": 1,
          "schema_version": 0,
          "attributes": {
            "carrier_gateway_id": "",
            "core_network_arn": "",
            "destination_cidr_block": "0.0.0.0/0",
            "destination_ipv6_cidr_block": "",
            "destination_prefix_list_id": "",
            "egress_only_gateway_id": "",
            "gateway_id": "",
            "id": "r-rtb-0f58363aadf717c571080289494",
            "instance_id": "",
            "instance_owner_id": "",
            "local_gateway_id": "",
            "nat_gateway_id": "nat-0876a39e5ea3853f0",
            "network_interface_id": "",
            "origin": "CreateRoute",
            "route_table_id": "rtb-0f58363aadf717c57",
            "state": "active",
            "timeouts": {
              "create": "5m",
              "delete": null,
              "update": null
            },
            "transit_gateway_id": "",
            "vpc_endpoint_id": "",
            "vpc_peering_connection_id": ""
          },
          "private": "eyJlMmJmYjczMC1lY2FhLTExZTYtOGY4OC0zNDM2M2JjN2M0YzAiOnsiY3JlYXRlIjozMDAwMDAwMDAwMDAsImRlbGV0ZSI6MzAwMDAwMDAwMDAwLCJ1cGRhdGUiOjEyMDAwMDAwMDAwMH19",
          "dependencies": [
            "module.eks.module.vpc.aws_eip.nat",
            "module.eks.module.vpc.aws_internet_gateway.this",
            "module.eks.module.vpc.aws_nat_gateway.this",
            "module.eks.module.vpc.aws_route_table.private",
            "module.eks.module.vpc.aws_subnet.public",
            "module.eks.module.vpc.aws_vpc.this",
            "module.eks.module.vpc.aws_vpc_ipv4_cidr_block_association.this"
          ]
        },
        {
          "index_key": 2,
          "schema_version": 0,
          "attributes": {
            "carrier_gateway_id": "",
            "core_network_arn": "",
            "destination_cidr_block": "0.0.0.0/0",
            "destination_ipv6_cidr_block": "",
            "destination_prefix_list_id": "",
            "egress_only_gateway_id": "",
            "gateway_id": "",
            "id": "r-rtb-05670b20a6fcd83511080289494",
            "instance_id": "",
            "instance_owner_id": "",
            "local_gateway_id": "",
            "nat_gateway_id": "nat-0e64abc6b90b3cfeb",
            "network_interface_id": "",
            "origin": "CreateRoute",
            "route_table_id": "rtb-05670b20a6fcd8351",
            "state": "active",
            "timeouts": {
              "create": "5m",
              "delete": null,
              "update": null
            },
            "transit_gateway_id": "",
            "vpc_endpoint_id": "",
            "vpc_peering_connection_id": ""
          },
          "private": "eyJlMmJmYjczMC1lY2FhLTExZTYtOGY4OC0zNDM2M2JjN2M0YzAiOnsiY3JlYXRlIjozMDAwMDAwMDAwMDAsImRlbGV0ZSI6MzAwMDAwMDAwMDAwLCJ1cGRhdGUiOjEyMDAwMDAwMDAwMH19",
          "dependencies": [
            "module.eks.module.vpc.aws_eip.nat",
            "module.eks.module.vpc.aws_internet_gateway.this",
            "module.eks.module.vpc.aws_nat_gateway.this",
            "module.eks.module.vpc.aws_route_table.private",
            "module.eks.module.vpc.aws_subnet.public",
            "module.eks.module.vpc.aws_vpc.this",
            "module.eks.module.vpc.aws_vpc_ipv4_cidr_block_association.this"
          ]
        }
      ]
    },
    {
      "module": "module.eks.module.vpc",
      "mode": "managed",
      "type": "aws_route",
      "name": "public_internet_gateway",
      "provider": "module.eks.provider[\"registry.terraform.io/hashicorp/aws\"]",
      "instances": [
        {
          "index_key": 0,
          "schema_version": 0,
          "attributes": {
            "carrier_gateway_id": "",
            "core_network_arn": "",
            "destination_cidr_block": "0.0.0.0/0",
            "destination_ipv6_cidr_block": "",
            "destination_prefix_list_id": "",
            "egress_only_gateway_id": "",
            "gateway_id": "igw-04a577d97b9bd65a7",
            "id": "r-rtb-0b0b143c86570dc2e1080289494",
            "instance_id": "",
            "instance_owner_id": "",
            "local_gateway_id": "",
            "nat_gateway_id": "",
            "network_interface_id": "",
            "origin": "CreateRoute",
            "route_table_id": "rtb-0b0b143c86570dc2e",
            "state": "active",
            "timeouts": {
              "create": "5m",
              "delete": null,
              "update": null
            },
            "transit_gateway_id": "",
            "vpc_endpoint_id": "",
            "vpc_peering_connection_id": ""
          },
          "private": "eyJlMmJmYjczMC1lY2FhLTExZTYtOGY4OC0zNDM2M2JjN2M0YzAiOnsiY3JlYXRlIjozMDAwMDAwMDAwMDAsImRlbGV0ZSI6MzAwMDAwMDAwMDAwLCJ1cGRhdGUiOjEyMDAwMDAwMDAwMH19",
          "dependencies": [
            "module.eks.module.vpc.aws_internet_gateway.this",
            "module.eks.module.vpc.aws_route_table.public",
            "module.eks.module.vpc.aws_vpc.this",
            "module.eks.module.vpc.aws_vpc_ipv4_cidr_block_association.this"
          ]
        }
      ]
    },
    {
      "module": "module.eks.module.vpc",
      "mode": "managed",
      "type": "aws_route_table",
      "name": "database",
      "provider": "module.eks.provider[\"registry.terraform.io/hashicorp/aws\"]",
      "instances": [
        {
          "index_key": 0,
          "schema_version": 0,
          "attributes": {
            "arn": "arn:aws:ec2:eu-west-2:009453609091:route-table/rtb-0f2b1f786b7d91118",
            "id": "rtb-0f2b1f786b7d91118",
            "owner_id": "009453609091",
            "propagating_vgws": [],
            "route": [],
            "tags": {
              "Name": "preprod-eks-vpc-db",
              "kubernetes.io/cluster/preprod": "shared"
            },
            "tags_all": {
              "Name": "preprod-eks-vpc-db",
              "kubernetes.io/cluster/preprod": "shared"
            },
            "timeouts": null,
            "vpc_id": "vpc-04d0ac671d977ddb6"
          },
          "private": "eyJlMmJmYjczMC1lY2FhLTExZTYtOGY4OC0zNDM2M2JjN2M0YzAiOnsiY3JlYXRlIjozMDAwMDAwMDAwMDAsImRlbGV0ZSI6MzAwMDAwMDAwMDAwLCJ1cGRhdGUiOjEyMDAwMDAwMDAwMH19",
          "dependencies": [
            "module.eks.module.vpc.aws_vpc.this",
            "module.eks.module.vpc.aws_vpc_ipv4_cidr_block_association.this"
          ]
        }
      ]
    },
    {
      "module": "module.eks.module.vpc",
      "mode": "managed",
      "type": "aws_route_table",
      "name": "private",
      "provider": "module.eks.provider[\"registry.terraform.io/hashicorp/aws\"]",
      "instances": [
        {
          "index_key": 0,
          "schema_version": 0,
          "attributes": {
            "arn": "arn:aws:ec2:eu-west-2:009453609091:route-table/rtb-0721cb3c8643da9ad",
            "id": "rtb-0721cb3c8643da9ad",
            "owner_id": "009453609091",
            "propagating_vgws": [],
            "route": [
              {
                "carrier_gateway_id": "",
                "cidr_block": "0.0.0.0/0",
                "core_network_arn": "",
                "destination_prefix_list_id": "",
                "egress_only_gateway_id": "",
                "gateway_id": "",
                "instance_id": "",
                "ipv6_cidr_block": "",
                "local_gateway_id": "",
                "nat_gateway_id": "nat-0ad0e45a4c2d8e3db",
                "network_interface_id": "",
                "transit_gateway_id": "",
                "vpc_endpoint_id": "",
                "vpc_peering_connection_id": ""
              }
            ],
            "tags": {
              "Name": "preprod-vpc",
              "kubernetes.io/cluster/preprod": "shared"
            },
            "tags_all": {
              "Name": "preprod-vpc",
              "kubernetes.io/cluster/preprod": "shared"
            },
            "timeouts": null,
            "vpc_id": "vpc-04d0ac671d977ddb6"
          },
          "private": "eyJlMmJmYjczMC1lY2FhLTExZTYtOGY4OC0zNDM2M2JjN2M0YzAiOnsiY3JlYXRlIjozMDAwMDAwMDAwMDAsImRlbGV0ZSI6MzAwMDAwMDAwMDAwLCJ1cGRhdGUiOjEyMDAwMDAwMDAwMH19",
          "dependencies": [
            "module.eks.module.vpc.aws_vpc.this",
            "module.eks.module.vpc.aws_vpc_ipv4_cidr_block_association.this"
          ]
        },
        {
          "index_key": 1,
          "schema_version": 0,
          "attributes": {
            "arn": "arn:aws:ec2:eu-west-2:009453609091:route-table/rtb-0f58363aadf717c57",
            "id": "rtb-0f58363aadf717c57",
            "owner_id": "009453609091",
            "propagating_vgws": [],
            "route": [
              {
                "carrier_gateway_id": "",
                "cidr_block": "0.0.0.0/0",
                "core_network_arn": "",
                "destination_prefix_list_id": "",
                "egress_only_gateway_id": "",
                "gateway_id": "",
                "instance_id": "",
                "ipv6_cidr_block": "",
                "local_gateway_id": "",
                "nat_gateway_id": "nat-0876a39e5ea3853f0",
                "network_interface_id": "",
                "transit_gateway_id": "",
                "vpc_endpoint_id": "",
                "vpc_peering_connection_id": ""
              }
            ],
            "tags": {
              "Name": "preprod-vpc",
              "kubernetes.io/cluster/preprod": "shared"
            },
            "tags_all": {
              "Name": "preprod-vpc",
              "kubernetes.io/cluster/preprod": "shared"
            },
            "timeouts": null,
            "vpc_id": "vpc-04d0ac671d977ddb6"
          },
          "private": "eyJlMmJmYjczMC1lY2FhLTExZTYtOGY4OC0zNDM2M2JjN2M0YzAiOnsiY3JlYXRlIjozMDAwMDAwMDAwMDAsImRlbGV0ZSI6MzAwMDAwMDAwMDAwLCJ1cGRhdGUiOjEyMDAwMDAwMDAwMH19",
          "dependencies": [
            "module.eks.module.vpc.aws_vpc.this",
            "module.eks.module.vpc.aws_vpc_ipv4_cidr_block_association.this"
          ]
        },
        {
          "index_key": 2,
          "schema_version": 0,
          "attributes": {
            "arn": "arn:aws:ec2:eu-west-2:009453609091:route-table/rtb-05670b20a6fcd8351",
            "id": "rtb-05670b20a6fcd8351",
            "owner_id": "009453609091",
            "propagating_vgws": [],
            "route": [
              {
                "carrier_gateway_id": "",
                "cidr_block": "0.0.0.0/0",
                "core_network_arn": "",
                "destination_prefix_list_id": "",
                "egress_only_gateway_id": "",
                "gateway_id": "",
                "instance_id": "",
                "ipv6_cidr_block": "",
                "local_gateway_id": "",
                "nat_gateway_id": "nat-0e64abc6b90b3cfeb",
                "network_interface_id": "",
                "transit_gateway_id": "",
                "vpc_endpoint_id": "",
                "vpc_peering_connection_id": ""
              }
            ],
            "tags": {
              "Name": "preprod-vpc",
              "kubernetes.io/cluster/preprod": "shared"
            },
            "tags_all": {
              "Name": "preprod-vpc",
              "kubernetes.io/cluster/preprod": "shared"
            },
            "timeouts": null,
            "vpc_id": "vpc-04d0ac671d977ddb6"
          },
          "private": "eyJlMmJmYjczMC1lY2FhLTExZTYtOGY4OC0zNDM2M2JjN2M0YzAiOnsiY3JlYXRlIjozMDAwMDAwMDAwMDAsImRlbGV0ZSI6MzAwMDAwMDAwMDAwLCJ1cGRhdGUiOjEyMDAwMDAwMDAwMH19",
          "dependencies": [
            "module.eks.module.vpc.aws_vpc.this",
            "module.eks.module.vpc.aws_vpc_ipv4_cidr_block_association.this"
          ]
        }
      ]
    },
    {
      "module": "module.eks.module.vpc",
      "mode": "managed",
      "type": "aws_route_table",
      "name": "public",
      "provider": "module.eks.provider[\"registry.terraform.io/hashicorp/aws\"]",
      "instances": [
        {
          "index_key": 0,
          "schema_version": 0,
          "attributes": {
            "arn": "arn:aws:ec2:eu-west-2:009453609091:route-table/rtb-0b0b143c86570dc2e",
            "id": "rtb-0b0b143c86570dc2e",
            "owner_id": "009453609091",
            "propagating_vgws": [],
            "route": [
              {
                "carrier_gateway_id": "",
                "cidr_block": "0.0.0.0/0",
                "core_network_arn": "",
                "destination_prefix_list_id": "",
                "egress_only_gateway_id": "",
                "gateway_id": "igw-04a577d97b9bd65a7",
                "instance_id": "",
                "ipv6_cidr_block": "",
                "local_gateway_id": "",
                "nat_gateway_id": "",
                "network_interface_id": "",
                "transit_gateway_id": "",
                "vpc_endpoint_id": "",
                "vpc_peering_connection_id": ""
              }
            ],
            "tags": {
              "Name": "preprod-vpc",
              "kubernetes.io/cluster/preprod": "shared"
            },
            "tags_all": {
              "Name": "preprod-vpc",
              "kubernetes.io/cluster/preprod": "shared"
            },
            "timeouts": null,
            "vpc_id": "vpc-04d0ac671d977ddb6"
          },
          "private": "eyJlMmJmYjczMC1lY2FhLTExZTYtOGY4OC0zNDM2M2JjN2M0YzAiOnsiY3JlYXRlIjozMDAwMDAwMDAwMDAsImRlbGV0ZSI6MzAwMDAwMDAwMDAwLCJ1cGRhdGUiOjEyMDAwMDAwMDAwMH19",
          "dependencies": [
            "module.eks.module.vpc.aws_vpc.this",
            "module.eks.module.vpc.aws_vpc_ipv4_cidr_block_association.this"
          ]
        }
      ]
    },
    {
      "module": "module.eks.module.vpc",
      "mode": "managed",
      "type": "aws_route_table_association",
      "name": "database",
      "provider": "module.eks.provider[\"registry.terraform.io/hashicorp/aws\"]",
      "instances": [
        {
          "index_key": 0,
          "schema_version": 0,
          "attributes": {
            "gateway_id": "",
            "id": "rtbassoc-07864aad0bb2cae17",
            "route_table_id": "rtb-0f2b1f786b7d91118",
            "subnet_id": "subnet-0d476288319dab344"
          },
          "private": "bnVsbA==",
          "dependencies": [
            "module.eks.module.vpc.aws_route_table.database",
            "module.eks.module.vpc.aws_route_table.private",
            "module.eks.module.vpc.aws_subnet.database",
            "module.eks.module.vpc.aws_vpc.this",
            "module.eks.module.vpc.aws_vpc_ipv4_cidr_block_association.this"
          ]
        },
        {
          "index_key": 1,
          "schema_version": 0,
          "attributes": {
            "gateway_id": "",
            "id": "rtbassoc-06f81f26029019154",
            "route_table_id": "rtb-0f2b1f786b7d91118",
            "subnet_id": "subnet-06f6077669774f9c2"
          },
          "private": "bnVsbA==",
          "dependencies": [
            "module.eks.module.vpc.aws_route_table.database",
            "module.eks.module.vpc.aws_route_table.private",
            "module.eks.module.vpc.aws_subnet.database",
            "module.eks.module.vpc.aws_vpc.this",
            "module.eks.module.vpc.aws_vpc_ipv4_cidr_block_association.this"
          ]
        },
        {
          "index_key": 2,
          "schema_version": 0,
          "attributes": {
            "gateway_id": "",
            "id": "rtbassoc-06c1de6209c35ab2b",
            "route_table_id": "rtb-0f2b1f786b7d91118",
            "subnet_id": "subnet-06370bdcb0b692a97"
          },
          "private": "bnVsbA==",
          "dependencies": [
            "module.eks.module.vpc.aws_route_table.database",
            "module.eks.module.vpc.aws_route_table.private",
            "module.eks.module.vpc.aws_subnet.database",
            "module.eks.module.vpc.aws_vpc.this",
            "module.eks.module.vpc.aws_vpc_ipv4_cidr_block_association.this"
          ]
        }
      ]
    },
    {
      "module": "module.eks.module.vpc",
      "mode": "managed",
      "type": "aws_route_table_association",
      "name": "private",
      "provider": "module.eks.provider[\"registry.terraform.io/hashicorp/aws\"]",
      "instances": [
        {
          "index_key": 0,
          "schema_version": 0,
          "attributes": {
            "gateway_id": "",
            "id": "rtbassoc-08439c56dbeb042ed",
            "route_table_id": "rtb-0721cb3c8643da9ad",
            "subnet_id": "subnet-008f44bb3ae014759"
          },
          "private": "bnVsbA==",
          "dependencies": [
            "module.eks.module.vpc.aws_route_table.private",
            "module.eks.module.vpc.aws_subnet.private",
            "module.eks.module.vpc.aws_vpc.this",
            "module.eks.module.vpc.aws_vpc_ipv4_cidr_block_association.this"
          ]
        },
        {
          "index_key": 1,
          "schema_version": 0,
          "attributes": {
            "gateway_id": "",
            "id": "rtbassoc-09446dc86c1f3ceb1",
            "route_table_id": "rtb-0f58363aadf717c57",
            "subnet_id": "subnet-0ca3220d63611c671"
          },
          "private": "bnVsbA==",
          "dependencies": [
            "module.eks.module.vpc.aws_route_table.private",
            "module.eks.module.vpc.aws_subnet.private",
            "module.eks.module.vpc.aws_vpc.this",
            "module.eks.module.vpc.aws_vpc_ipv4_cidr_block_association.this"
          ]
        },
        {
          "index_key": 2,
          "schema_version": 0,
          "attributes": {
            "gateway_id": "",
            "id": "rtbassoc-0d073a8c741b70e5e",
            "route_table_id": "rtb-05670b20a6fcd8351",
            "subnet_id": "subnet-0d886d41143ceb03f"
          },
          "private": "bnVsbA==",
          "dependencies": [
            "module.eks.module.vpc.aws_route_table.private",
            "module.eks.module.vpc.aws_subnet.private",
            "module.eks.module.vpc.aws_vpc.this",
            "module.eks.module.vpc.aws_vpc_ipv4_cidr_block_association.this"
          ]
        }
      ]
    },
    {
      "module": "module.eks.module.vpc",
      "mode": "managed",
      "type": "aws_route_table_association",
      "name": "public",
      "provider": "module.eks.provider[\"registry.terraform.io/hashicorp/aws\"]",
      "instances": [
        {
          "index_key": 0,
          "schema_version": 0,
          "attributes": {
            "gateway_id": "",
            "id": "rtbassoc-030d1d7c7da98253d",
            "route_table_id": "rtb-0b0b143c86570dc2e",
            "subnet_id": "subnet-094112be5bc0dc084"
          },
          "private": "bnVsbA==",
          "dependencies": [
            "module.eks.module.vpc.aws_route_table.public",
            "module.eks.module.vpc.aws_subnet.public",
            "module.eks.module.vpc.aws_vpc.this",
            "module.eks.module.vpc.aws_vpc_ipv4_cidr_block_association.this"
          ]
        },
        {
          "index_key": 1,
          "schema_version": 0,
          "attributes": {
            "gateway_id": "",
            "id": "rtbassoc-0cb381fa3b0746fca",
            "route_table_id": "rtb-0b0b143c86570dc2e",
            "subnet_id": "subnet-0b3cc0b84c12cd5ce"
          },
          "private": "bnVsbA==",
          "dependencies": [
            "module.eks.module.vpc.aws_route_table.public",
            "module.eks.module.vpc.aws_subnet.public",
            "module.eks.module.vpc.aws_vpc.this",
            "module.eks.module.vpc.aws_vpc_ipv4_cidr_block_association.this"
          ]
        },
        {
          "index_key": 2,
          "schema_version": 0,
          "attributes": {
            "gateway_id": "",
            "id": "rtbassoc-08749ffbb964ac645",
            "route_table_id": "rtb-0b0b143c86570dc2e",
            "subnet_id": "subnet-04278497c94514d8b"
          },
          "private": "bnVsbA==",
          "dependencies": [
            "module.eks.module.vpc.aws_route_table.public",
            "module.eks.module.vpc.aws_subnet.public",
            "module.eks.module.vpc.aws_vpc.this",
            "module.eks.module.vpc.aws_vpc_ipv4_cidr_block_association.this"
          ]
        }
      ]
    },
    {
      "module": "module.eks.module.vpc",
      "mode": "managed",
      "type": "aws_subnet",
      "name": "database",
      "provider": "module.eks.provider[\"registry.terraform.io/hashicorp/aws\"]",
      "instances": [
        {
          "index_key": 0,
          "schema_version": 1,
          "attributes": {
            "arn": "arn:aws:ec2:eu-west-2:009453609091:subnet/subnet-0d476288319dab344",
            "assign_ipv6_address_on_creation": false,
            "availability_zone": "eu-west-2a",
            "availability_zone_id": "euw2-az2",
            "cidr_block": "10.36.192.0/21",
            "customer_owned_ipv4_pool": "",
            "enable_dns64": false,
            "enable_resource_name_dns_a_record_on_launch": false,
            "enable_resource_name_dns_aaaa_record_on_launch": false,
            "id": "subnet-0d476288319dab344",
            "ipv6_cidr_block": "",
            "ipv6_cidr_block_association_id": "",
            "ipv6_native": false,
            "map_customer_owned_ip_on_launch": false,
            "map_public_ip_on_launch": false,
            "outpost_arn": "",
            "owner_id": "009453609091",
            "private_dns_hostname_type_on_launch": "ip-name",
            "tags": {
              "Name": "preprod-eks-db",
              "kubernetes.io/cluster/preprod": "shared"
            },
            "tags_all": {
              "Name": "preprod-eks-db",
              "kubernetes.io/cluster/preprod": "shared"
            },
            "timeouts": null,
            "vpc_id": "vpc-04d0ac671d977ddb6"
          },
          "private": "eyJlMmJmYjczMC1lY2FhLTExZTYtOGY4OC0zNDM2M2JjN2M0YzAiOnsiY3JlYXRlIjo2MDAwMDAwMDAwMDAsImRlbGV0ZSI6MTIwMDAwMDAwMDAwMH0sInNjaGVtYV92ZXJzaW9uIjoiMSJ9",
          "dependencies": [
            "module.eks.module.vpc.aws_vpc.this",
            "module.eks.module.vpc.aws_vpc_ipv4_cidr_block_association.this"
          ]
        },
        {
          "index_key": 1,
          "schema_version": 1,
          "attributes": {
            "arn": "arn:aws:ec2:eu-west-2:009453609091:subnet/subnet-06f6077669774f9c2",
            "assign_ipv6_address_on_creation": false,
            "availability_zone": "eu-west-2b",
            "availability_zone_id": "euw2-az3",
            "cidr_block": "10.36.200.0/21",
            "customer_owned_ipv4_pool": "",
            "enable_dns64": false,
            "enable_resource_name_dns_a_record_on_launch": false,
            "enable_resource_name_dns_aaaa_record_on_launch": false,
            "id": "subnet-06f6077669774f9c2",
            "ipv6_cidr_block": "",
            "ipv6_cidr_block_association_id": "",
            "ipv6_native": false,
            "map_customer_owned_ip_on_launch": false,
            "map_public_ip_on_launch": false,
            "outpost_arn": "",
            "owner_id": "009453609091",
            "private_dns_hostname_type_on_launch": "ip-name",
            "tags": {
              "Name": "preprod-eks-db",
              "kubernetes.io/cluster/preprod": "shared"
            },
            "tags_all": {
              "Name": "preprod-eks-db",
              "kubernetes.io/cluster/preprod": "shared"
            },
            "timeouts": null,
            "vpc_id": "vpc-04d0ac671d977ddb6"
          },
          "private": "eyJlMmJmYjczMC1lY2FhLTExZTYtOGY4OC0zNDM2M2JjN2M0YzAiOnsiY3JlYXRlIjo2MDAwMDAwMDAwMDAsImRlbGV0ZSI6MTIwMDAwMDAwMDAwMH0sInNjaGVtYV92ZXJzaW9uIjoiMSJ9",
          "dependencies": [
            "module.eks.module.vpc.aws_vpc.this",
            "module.eks.module.vpc.aws_vpc_ipv4_cidr_block_association.this"
          ]
        },
        {
          "index_key": 2,
          "schema_version": 1,
          "attributes": {
            "arn": "arn:aws:ec2:eu-west-2:009453609091:subnet/subnet-06370bdcb0b692a97",
            "assign_ipv6_address_on_creation": false,
            "availability_zone": "eu-west-2c",
            "availability_zone_id": "euw2-az1",
            "cidr_block": "10.36.208.0/21",
            "customer_owned_ipv4_pool": "",
            "enable_dns64": false,
            "enable_resource_name_dns_a_record_on_launch": false,
            "enable_resource_name_dns_aaaa_record_on_launch": false,
            "id": "subnet-06370bdcb0b692a97",
            "ipv6_cidr_block": "",
            "ipv6_cidr_block_association_id": "",
            "ipv6_native": false,
            "map_customer_owned_ip_on_launch": false,
            "map_public_ip_on_launch": false,
            "outpost_arn": "",
            "owner_id": "009453609091",
            "private_dns_hostname_type_on_launch": "ip-name",
            "tags": {
              "Name": "preprod-eks-db",
              "kubernetes.io/cluster/preprod": "shared"
            },
            "tags_all": {
              "Name": "preprod-eks-db",
              "kubernetes.io/cluster/preprod": "shared"
            },
            "timeouts": null,
            "vpc_id": "vpc-04d0ac671d977ddb6"
          },
          "private": "eyJlMmJmYjczMC1lY2FhLTExZTYtOGY4OC0zNDM2M2JjN2M0YzAiOnsiY3JlYXRlIjo2MDAwMDAwMDAwMDAsImRlbGV0ZSI6MTIwMDAwMDAwMDAwMH0sInNjaGVtYV92ZXJzaW9uIjoiMSJ9",
          "dependencies": [
            "module.eks.module.vpc.aws_vpc.this",
            "module.eks.module.vpc.aws_vpc_ipv4_cidr_block_association.this"
          ]
        }
      ]
    },
    {
      "module": "module.eks.module.vpc",
      "mode": "managed",
      "type": "aws_subnet",
      "name": "private",
      "provider": "module.eks.provider[\"registry.terraform.io/hashicorp/aws\"]",
      "instances": [
        {
          "index_key": 0,
          "schema_version": 1,
          "attributes": {
            "arn": "arn:aws:ec2:eu-west-2:009453609091:subnet/subnet-008f44bb3ae014759",
            "assign_ipv6_address_on_creation": false,
            "availability_zone": "eu-west-2a",
            "availability_zone_id": "euw2-az2",
            "cidr_block": "10.36.0.0/19",
            "customer_owned_ipv4_pool": "",
            "enable_dns64": false,
            "enable_resource_name_dns_a_record_on_launch": false,
            "enable_resource_name_dns_aaaa_record_on_launch": false,
            "id": "subnet-008f44bb3ae014759",
            "ipv6_cidr_block": "",
            "ipv6_cidr_block_association_id": "",
            "ipv6_native": false,
            "map_customer_owned_ip_on_launch": false,
            "map_public_ip_on_launch": false,
            "outpost_arn": "",
            "owner_id": "009453609091",
            "private_dns_hostname_type_on_launch": "ip-name",
            "tags": {
              "Name": "preprod-eks-private",
              "kubernetes.io/cluster/preprod": "shared",
              "kubernetes.io/role/internal-elb": "1"
            },
            "tags_all": {
              "Name": "preprod-eks-private",
              "kubernetes.io/cluster/preprod": "shared",
              "kubernetes.io/role/internal-elb": "1"
            },
            "timeouts": null,
            "vpc_id": "vpc-04d0ac671d977ddb6"
          },
          "private": "eyJlMmJmYjczMC1lY2FhLTExZTYtOGY4OC0zNDM2M2JjN2M0YzAiOnsiY3JlYXRlIjo2MDAwMDAwMDAwMDAsImRlbGV0ZSI6MTIwMDAwMDAwMDAwMH0sInNjaGVtYV92ZXJzaW9uIjoiMSJ9",
          "dependencies": [
            "module.eks.module.vpc.aws_vpc.this",
            "module.eks.module.vpc.aws_vpc_ipv4_cidr_block_association.this"
          ]
        },
        {
          "index_key": 1,
          "schema_version": 1,
          "attributes": {
            "arn": "arn:aws:ec2:eu-west-2:009453609091:subnet/subnet-0ca3220d63611c671",
            "assign_ipv6_address_on_creation": false,
            "availability_zone": "eu-west-2b",
            "availability_zone_id": "euw2-az3",
            "cidr_block": "10.36.32.0/19",
            "customer_owned_ipv4_pool": "",
            "enable_dns64": false,
            "enable_resource_name_dns_a_record_on_launch": false,
            "enable_resource_name_dns_aaaa_record_on_launch": false,
            "id": "subnet-0ca3220d63611c671",
            "ipv6_cidr_block": "",
            "ipv6_cidr_block_association_id": "",
            "ipv6_native": false,
            "map_customer_owned_ip_on_launch": false,
            "map_public_ip_on_launch": false,
            "outpost_arn": "",
            "owner_id": "009453609091",
            "private_dns_hostname_type_on_launch": "ip-name",
            "tags": {
              "Name": "preprod-eks-private",
              "kubernetes.io/cluster/preprod": "shared",
              "kubernetes.io/role/internal-elb": "1"
            },
            "tags_all": {
              "Name": "preprod-eks-private",
              "kubernetes.io/cluster/preprod": "shared",
              "kubernetes.io/role/internal-elb": "1"
            },
            "timeouts": null,
            "vpc_id": "vpc-04d0ac671d977ddb6"
          },
          "private": "eyJlMmJmYjczMC1lY2FhLTExZTYtOGY4OC0zNDM2M2JjN2M0YzAiOnsiY3JlYXRlIjo2MDAwMDAwMDAwMDAsImRlbGV0ZSI6MTIwMDAwMDAwMDAwMH0sInNjaGVtYV92ZXJzaW9uIjoiMSJ9",
          "dependencies": [
            "module.eks.module.vpc.aws_vpc.this",
            "module.eks.module.vpc.aws_vpc_ipv4_cidr_block_association.this"
          ]
        },
        {
          "index_key": 2,
          "schema_version": 1,
          "attributes": {
            "arn": "arn:aws:ec2:eu-west-2:009453609091:subnet/subnet-0d886d41143ceb03f",
            "assign_ipv6_address_on_creation": false,
            "availability_zone": "eu-west-2c",
            "availability_zone_id": "euw2-az1",
            "cidr_block": "10.36.64.0/19",
            "customer_owned_ipv4_pool": "",
            "enable_dns64": false,
            "enable_resource_name_dns_a_record_on_launch": false,
            "enable_resource_name_dns_aaaa_record_on_launch": false,
            "id": "subnet-0d886d41143ceb03f",
            "ipv6_cidr_block": "",
            "ipv6_cidr_block_association_id": "",
            "ipv6_native": false,
            "map_customer_owned_ip_on_launch": false,
            "map_public_ip_on_launch": false,
            "outpost_arn": "",
            "owner_id": "009453609091",
            "private_dns_hostname_type_on_launch": "ip-name",
            "tags": {
              "Name": "preprod-eks-private",
              "kubernetes.io/cluster/preprod": "shared",
              "kubernetes.io/role/internal-elb": "1"
            },
            "tags_all": {
              "Name": "preprod-eks-private",
              "kubernetes.io/cluster/preprod": "shared",
              "kubernetes.io/role/internal-elb": "1"
            },
            "timeouts": null,
            "vpc_id": "vpc-04d0ac671d977ddb6"
          },
          "private": "eyJlMmJmYjczMC1lY2FhLTExZTYtOGY4OC0zNDM2M2JjN2M0YzAiOnsiY3JlYXRlIjo2MDAwMDAwMDAwMDAsImRlbGV0ZSI6MTIwMDAwMDAwMDAwMH0sInNjaGVtYV92ZXJzaW9uIjoiMSJ9",
          "dependencies": [
            "module.eks.module.vpc.aws_vpc.this",
            "module.eks.module.vpc.aws_vpc_ipv4_cidr_block_association.this"
          ]
        }
      ]
    },
    {
      "module": "module.eks.module.vpc",
      "mode": "managed",
      "type": "aws_subnet",
      "name": "public",
      "provider": "module.eks.provider[\"registry.terraform.io/hashicorp/aws\"]",
      "instances": [
        {
          "index_key": 0,
          "schema_version": 1,
          "attributes": {
            "arn": "arn:aws:ec2:eu-west-2:009453609091:subnet/subnet-094112be5bc0dc084",
            "assign_ipv6_address_on_creation": false,
            "availability_zone": "eu-west-2a",
            "availability_zone_id": "euw2-az2",
            "cidr_block": "10.36.128.0/20",
            "customer_owned_ipv4_pool": "",
            "enable_dns64": false,
            "enable_resource_name_dns_a_record_on_launch": false,
            "enable_resource_name_dns_aaaa_record_on_launch": false,
            "id": "subnet-094112be5bc0dc084",
            "ipv6_cidr_block": "",
            "ipv6_cidr_block_association_id": "",
            "ipv6_native": false,
            "map_customer_owned_ip_on_launch": false,
            "map_public_ip_on_launch": true,
            "outpost_arn": "",
            "owner_id": "009453609091",
            "private_dns_hostname_type_on_launch": "ip-name",
            "tags": {
              "Name": "preprod-eks-public",
              "kubernetes.io/cluster/preprod": "shared",
              "kubernetes.io/role/elb": "1"
            },
            "tags_all": {
              "Name": "preprod-eks-public",
              "kubernetes.io/cluster/preprod": "shared",
              "kubernetes.io/role/elb": "1"
            },
            "timeouts": null,
            "vpc_id": "vpc-04d0ac671d977ddb6"
          },
          "private": "eyJlMmJmYjczMC1lY2FhLTExZTYtOGY4OC0zNDM2M2JjN2M0YzAiOnsiY3JlYXRlIjo2MDAwMDAwMDAwMDAsImRlbGV0ZSI6MTIwMDAwMDAwMDAwMH0sInNjaGVtYV92ZXJzaW9uIjoiMSJ9",
          "dependencies": [
            "module.eks.module.vpc.aws_vpc.this",
            "module.eks.module.vpc.aws_vpc_ipv4_cidr_block_association.this"
          ]
        },
        {
          "index_key": 1,
          "schema_version": 1,
          "attributes": {
            "arn": "arn:aws:ec2:eu-west-2:009453609091:subnet/subnet-0b3cc0b84c12cd5ce",
            "assign_ipv6_address_on_creation": false,
            "availability_zone": "eu-west-2b",
            "availability_zone_id": "euw2-az3",
            "cidr_block": "10.36.144.0/20",
            "customer_owned_ipv4_pool": "",
            "enable_dns64": false,
            "enable_resource_name_dns_a_record_on_launch": false,
            "enable_resource_name_dns_aaaa_record_on_launch": false,
            "id": "subnet-0b3cc0b84c12cd5ce",
            "ipv6_cidr_block": "",
            "ipv6_cidr_block_association_id": "",
            "ipv6_native": false,
            "map_customer_owned_ip_on_launch": false,
            "map_public_ip_on_launch": true,
            "outpost_arn": "",
            "owner_id": "009453609091",
            "private_dns_hostname_type_on_launch": "ip-name",
            "tags": {
              "Name": "preprod-eks-public",
              "kubernetes.io/cluster/preprod": "shared",
              "kubernetes.io/role/elb": "1"
            },
            "tags_all": {
              "Name": "preprod-eks-public",
              "kubernetes.io/cluster/preprod": "shared",
              "kubernetes.io/role/elb": "1"
            },
            "timeouts": null,
            "vpc_id": "vpc-04d0ac671d977ddb6"
          },
          "private": "eyJlMmJmYjczMC1lY2FhLTExZTYtOGY4OC0zNDM2M2JjN2M0YzAiOnsiY3JlYXRlIjo2MDAwMDAwMDAwMDAsImRlbGV0ZSI6MTIwMDAwMDAwMDAwMH0sInNjaGVtYV92ZXJzaW9uIjoiMSJ9",
          "dependencies": [
            "module.eks.module.vpc.aws_vpc.this",
            "module.eks.module.vpc.aws_vpc_ipv4_cidr_block_association.this"
          ]
        },
        {
          "index_key": 2,
          "schema_version": 1,
          "attributes": {
            "arn": "arn:aws:ec2:eu-west-2:009453609091:subnet/subnet-04278497c94514d8b",
            "assign_ipv6_address_on_creation": false,
            "availability_zone": "eu-west-2c",
            "availability_zone_id": "euw2-az1",
            "cidr_block": "10.36.160.0/20",
            "customer_owned_ipv4_pool": "",
            "enable_dns64": false,
            "enable_resource_name_dns_a_record_on_launch": false,
            "enable_resource_name_dns_aaaa_record_on_launch": false,
            "id": "subnet-04278497c94514d8b",
            "ipv6_cidr_block": "",
            "ipv6_cidr_block_association_id": "",
            "ipv6_native": false,
            "map_customer_owned_ip_on_launch": false,
            "map_public_ip_on_launch": true,
            "outpost_arn": "",
            "owner_id": "009453609091",
            "private_dns_hostname_type_on_launch": "ip-name",
            "tags": {
              "Name": "preprod-eks-public",
              "kubernetes.io/cluster/preprod": "shared",
              "kubernetes.io/role/elb": "1"
            },
            "tags_all": {
              "Name": "preprod-eks-public",
              "kubernetes.io/cluster/preprod": "shared",
              "kubernetes.io/role/elb": "1"
            },
            "timeouts": null,
            "vpc_id": "vpc-04d0ac671d977ddb6"
          },
          "private": "eyJlMmJmYjczMC1lY2FhLTExZTYtOGY4OC0zNDM2M2JjN2M0YzAiOnsiY3JlYXRlIjo2MDAwMDAwMDAwMDAsImRlbGV0ZSI6MTIwMDAwMDAwMDAwMH0sInNjaGVtYV92ZXJzaW9uIjoiMSJ9",
          "dependencies": [
            "module.eks.module.vpc.aws_vpc.this",
            "module.eks.module.vpc.aws_vpc_ipv4_cidr_block_association.this"
          ]
        }
      ]
    },
    {
      "module": "module.eks.module.vpc",
      "mode": "managed",
      "type": "aws_vpc",
      "name": "this",
      "provider": "module.eks.provider[\"registry.terraform.io/hashicorp/aws\"]",
      "instances": [
        {
          "index_key": 0,
          "schema_version": 1,
          "attributes": {
            "arn": "arn:aws:ec2:eu-west-2:009453609091:vpc/vpc-04d0ac671d977ddb6",
            "assign_generated_ipv6_cidr_block": false,
            "cidr_block": "10.36.0.0/16",
            "default_network_acl_id": "acl-0451ed1987fedbf5a",
            "default_route_table_id": "rtb-01e58bc6ab33de32a",
            "default_security_group_id": "sg-079f594086a9a52bd",
            "dhcp_options_id": "dopt-6ffe8a07",
            "enable_classiclink": false,
            "enable_classiclink_dns_support": false,
            "enable_dns_hostnames": true,
            "enable_dns_support": true,
            "enable_network_address_usage_metrics": false,
            "id": "vpc-04d0ac671d977ddb6",
            "instance_tenancy": "default",
            "ipv4_ipam_pool_id": null,
            "ipv4_netmask_length": null,
            "ipv6_association_id": "",
            "ipv6_cidr_block": "",
            "ipv6_cidr_block_network_border_group": "",
            "ipv6_ipam_pool_id": "",
            "ipv6_netmask_length": 0,
            "main_route_table_id": "rtb-01e58bc6ab33de32a",
            "owner_id": "009453609091",
            "tags": {
              "Name": "preprod-vpc",
              "kubernetes.io/cluster/preprod": "shared"
            },
            "tags_all": {
              "Name": "preprod-vpc",
              "kubernetes.io/cluster/preprod": "shared"
            }
          },
          "private": "eyJzY2hlbWFfdmVyc2lvbiI6IjEifQ=="
        }
      ]
    },
    {
      "module": "module.eks.module.vpc_cni_irsa",
      "mode": "data",
      "type": "aws_caller_identity",
      "name": "current",
      "provider": "module.eks.provider[\"registry.terraform.io/hashicorp/aws\"]",
      "instances": [
        {
          "schema_version": 0,
          "attributes": {
            "account_id": "009453609091",
            "arn": "arn:aws:iam::009453609091:user/George",
            "id": "009453609091",
            "user_id": "AIDAQEM32UCBXT36LWK2U"
          }
        }
      ]
    },
    {
      "module": "module.eks.module.vpc_cni_irsa",
      "mode": "data",
      "type": "aws_iam_policy_document",
      "name": "this",
      "provider": "module.eks.provider[\"registry.terraform.io/hashicorp/aws\"]",
      "instances": [
        {
          "index_key": 0,
          "schema_version": 0,
          "attributes": {
            "id": "1703690047",
            "json": "{\n  \"Version\": \"2012-10-17\",\n  \"Statement\": [\n    {\n      \"Sid\": \"\",\n      \"Effect\": \"Allow\",\n      \"Action\": \"sts:AssumeRoleWithWebIdentity\",\n      \"Principal\": {\n        \"Federated\": \"arn:aws:iam::009453609091:oidc-provider/oidc.eks.eu-west-2.amazonaws.com/id/5C109CBD5F1250BA271F63D49C629DE0\"\n      },\n      \"Condition\": {\n        \"StringEquals\": {\n          \"oidc.eks.eu-west-2.amazonaws.com/id/5C109CBD5F1250BA271F63D49C629DE0:aud\": \"sts.amazonaws.com\",\n          \"oidc.eks.eu-west-2.amazonaws.com/id/5C109CBD5F1250BA271F63D49C629DE0:sub\": \"system:serviceaccount:kube-system:aws-node\"\n        }\n      }\n    }\n  ]\n}",
            "override_json": null,
            "override_policy_documents": null,
            "policy_id": null,
            "source_json": null,
            "source_policy_documents": null,
            "statement": [
              {
                "actions": [
                  "sts:AssumeRoleWithWebIdentity"
                ],
                "condition": [
                  {
                    "test": "StringEquals",
                    "values": [
                      "sts.amazonaws.com"
                    ],
                    "variable": "oidc.eks.eu-west-2.amazonaws.com/id/5C109CBD5F1250BA271F63D49C629DE0:aud"
                  },
                  {
                    "test": "StringEquals",
                    "values": [
                      "system:serviceaccount:kube-system:aws-node"
                    ],
                    "variable": "oidc.eks.eu-west-2.amazonaws.com/id/5C109CBD5F1250BA271F63D49C629DE0:sub"
                  }
                ],
                "effect": "Allow",
                "not_actions": [],
                "not_principals": [],
                "not_resources": [],
                "principals": [
                  {
                    "identifiers": [
                      "arn:aws:iam::009453609091:oidc-provider/oidc.eks.eu-west-2.amazonaws.com/id/5C109CBD5F1250BA271F63D49C629DE0"
                    ],
                    "type": "Federated"
                  }
                ],
                "resources": [],
                "sid": ""
              }
            ],
            "version": "2012-10-17"
          }
        }
      ]
    },
    {
      "module": "module.eks.module.vpc_cni_irsa",
      "mode": "data",
      "type": "aws_iam_policy_document",
      "name": "vpc_cni",
      "provider": "module.eks.provider[\"registry.terraform.io/hashicorp/aws\"]",
      "instances": [
        {
          "index_key": 0,
          "schema_version": 0,
          "attributes": {
            "id": "4274657427",
            "json": "{\n  \"Version\": \"2012-10-17\",\n  \"Statement\": [\n    {\n      \"Sid\": \"IPV4\",\n      \"Effect\": \"Allow\",\n      \"Action\": [\n        \"ec2:UnassignPrivateIpAddresses\",\n        \"ec2:ModifyNetworkInterfaceAttribute\",\n        \"ec2:DetachNetworkInterface\",\n        \"ec2:DescribeTags\",\n        \"ec2:DescribeNetworkInterfaces\",\n        \"ec2:DescribeInstances\",\n        \"ec2:DescribeInstanceTypes\",\n        \"ec2:DeleteNetworkInterface\",\n        \"ec2:CreateNetworkInterface\",\n        \"ec2:AttachNetworkInterface\",\n        \"ec2:AssignPrivateIpAddresses\"\n      ],\n      \"Resource\": \"*\"\n    },\n    {\n      \"Sid\": \"CreateTags\",\n      \"Effect\": \"Allow\",\n      \"Action\": \"ec2:CreateTags\",\n      \"Resource\": \"arn:aws:ec2:*:*:network-interface/*\"\n    }\n  ]\n}",
            "override_json": null,
            "override_policy_documents": null,
            "policy_id": null,
            "source_json": null,
            "source_policy_documents": null,
            "statement": [
              {
                "actions": [
                  "ec2:AssignPrivateIpAddresses",
                  "ec2:AttachNetworkInterface",
                  "ec2:CreateNetworkInterface",
                  "ec2:DeleteNetworkInterface",
                  "ec2:DescribeInstanceTypes",
                  "ec2:DescribeInstances",
                  "ec2:DescribeNetworkInterfaces",
                  "ec2:DescribeTags",
                  "ec2:DetachNetworkInterface",
                  "ec2:ModifyNetworkInterfaceAttribute",
                  "ec2:UnassignPrivateIpAddresses"
                ],
                "condition": [],
                "effect": "Allow",
                "not_actions": [],
                "not_principals": [],
                "not_resources": [],
                "principals": [],
                "resources": [
                  "*"
                ],
                "sid": "IPV4"
              },
              {
                "actions": [
                  "ec2:CreateTags"
                ],
                "condition": [],
                "effect": "Allow",
                "not_actions": [],
                "not_principals": [],
                "not_resources": [],
                "principals": [],
                "resources": [
                  "arn:aws:ec2:*:*:network-interface/*"
                ],
                "sid": "CreateTags"
              }
            ],
            "version": "2012-10-17"
          }
        }
      ]
    },
    {
      "module": "module.eks.module.vpc_cni_irsa",
      "mode": "data",
      "type": "aws_partition",
      "name": "current",
      "provider": "module.eks.provider[\"registry.terraform.io/hashicorp/aws\"]",
      "instances": [
        {
          "schema_version": 0,
          "attributes": {
            "dns_suffix": "amazonaws.com",
            "id": "aws",
            "partition": "aws",
            "reverse_dns_prefix": "com.amazonaws"
          }
        }
      ]
    },
    {
      "module": "module.eks.module.vpc_cni_irsa",
      "mode": "managed",
      "type": "aws_iam_policy",
      "name": "vpc_cni",
      "provider": "module.eks.provider[\"registry.terraform.io/hashicorp/aws\"]",
      "instances": [
        {
          "index_key": 0,
          "schema_version": 0,
          "attributes": {
            "arn": "arn:aws:iam::009453609091:policy/AmazonEKS_CNI_Policy-20230103181944034900000001",
            "description": "Provides the Amazon VPC CNI Plugin (amazon-vpc-cni-k8s) the permissions it requires to modify the IPv4/IPv6 address configuration on your EKS worker nodes",
            "id": "arn:aws:iam::009453609091:policy/AmazonEKS_CNI_Policy-20230103181944034900000001",
            "name": "AmazonEKS_CNI_Policy-20230103181944034900000001",
            "name_prefix": "AmazonEKS_CNI_Policy-",
            "path": "/",
            "policy": "{\"Statement\":[{\"Action\":[\"ec2:UnassignPrivateIpAddresses\",\"ec2:ModifyNetworkInterfaceAttribute\",\"ec2:DetachNetworkInterface\",\"ec2:DescribeTags\",\"ec2:DescribeNetworkInterfaces\",\"ec2:DescribeInstances\",\"ec2:DescribeInstanceTypes\",\"ec2:DeleteNetworkInterface\",\"ec2:CreateNetworkInterface\",\"ec2:AttachNetworkInterface\",\"ec2:AssignPrivateIpAddresses\"],\"Effect\":\"Allow\",\"Resource\":\"*\",\"Sid\":\"IPV4\"},{\"Action\":\"ec2:CreateTags\",\"Effect\":\"Allow\",\"Resource\":\"arn:aws:ec2:*:*:network-interface/*\",\"Sid\":\"CreateTags\"}],\"Version\":\"2012-10-17\"}",
            "policy_id": "ANPAQEM32UCB2FP5PYXZI",
            "tags": {
              "environment": "prod",
              "github_repo": "foundations"
            },
            "tags_all": {
              "environment": "prod",
              "github_repo": "foundations"
            }
          },
          "private": "bnVsbA==",
          "dependencies": [
            "module.eks.module.vpc_cni_irsa.data.aws_iam_policy_document.vpc_cni"
          ]
        }
      ]
    },
    {
      "module": "module.eks.module.vpc_cni_irsa",
      "mode": "managed",
      "type": "aws_iam_role",
      "name": "this",
      "provider": "module.eks.provider[\"registry.terraform.io/hashicorp/aws\"]",
      "instances": [
        {
          "index_key": 0,
          "schema_version": 0,
          "attributes": {
            "arn": "arn:aws:iam::009453609091:role/VPC-CNI-IRSA20230103183051995100000016",
            "assume_role_policy": "{\"Statement\":[{\"Action\":\"sts:AssumeRoleWithWebIdentity\",\"Condition\":{\"StringEquals\":{\"oidc.eks.eu-west-2.amazonaws.com/id/5C109CBD5F1250BA271F63D49C629DE0:aud\":\"sts.amazonaws.com\",\"oidc.eks.eu-west-2.amazonaws.com/id/5C109CBD5F1250BA271F63D49C629DE0:sub\":\"system:serviceaccount:kube-system:aws-node\"}},\"Effect\":\"Allow\",\"Principal\":{\"Federated\":\"arn:aws:iam::009453609091:oidc-provider/oidc.eks.eu-west-2.amazonaws.com/id/5C109CBD5F1250BA271F63D49C629DE0\"},\"Sid\":\"\"}],\"Version\":\"2012-10-17\"}",
            "create_date": "2023-01-03T18:30:52Z",
            "description": "",
            "force_detach_policies": true,
            "id": "VPC-CNI-IRSA20230103183051995100000016",
            "inline_policy": [],
            "managed_policy_arns": [
              "arn:aws:iam::009453609091:policy/AmazonEKS_CNI_Policy-20230103181944034900000001"
            ],
            "max_session_duration": 3600,
            "name": "VPC-CNI-IRSA20230103183051995100000016",
            "name_prefix": "VPC-CNI-IRSA",
            "path": "/",
            "permissions_boundary": null,
            "tags": {
              "environment": "prod",
              "github_repo": "foundations"
            },
            "tags_all": {
              "environment": "prod",
              "github_repo": "foundations"
            },
            "unique_id": "AROAQEM32UCBXFIL6UPOG"
          },
          "private": "bnVsbA==",
          "dependencies": [
            "module.eks.module.vpc_cni_irsa.data.aws_iam_policy_document.this"
          ]
        }
      ]
    },
    {
      "module": "module.eks.module.vpc_cni_irsa",
      "mode": "managed",
      "type": "aws_iam_role_policy_attachment",
      "name": "vpc_cni",
      "provider": "module.eks.provider[\"registry.terraform.io/hashicorp/aws\"]",
      "instances": [
        {
          "index_key": 0,
          "schema_version": 0,
          "attributes": {
            "id": "VPC-CNI-IRSA20230103183051995100000016-2023010318305328020000001c",
            "policy_arn": "arn:aws:iam::009453609091:policy/AmazonEKS_CNI_Policy-20230103181944034900000001",
            "role": "VPC-CNI-IRSA20230103183051995100000016"
          },
          "private": "bnVsbA==",
          "dependencies": [
            "module.eks.aws_kms_key.eks",
            "module.eks.module.eks.aws_cloudwatch_log_group.this",
            "module.eks.module.eks.aws_eks_cluster.this",
            "module.eks.module.eks.aws_iam_openid_connect_provider.oidc_provider",
            "module.eks.module.eks.aws_iam_role.this",
            "module.eks.module.eks.aws_iam_role_policy_attachment.this",
            "module.eks.module.eks.aws_security_group.cluster",
            "module.eks.module.eks.aws_security_group.node",
            "module.eks.module.eks.aws_security_group_rule.cluster",
            "module.eks.module.eks.aws_security_group_rule.node",
            "module.eks.module.eks.data.aws_iam_policy_document.assume_role_policy",
            "module.eks.module.eks.data.aws_partition.current",
            "module.eks.module.eks.data.tls_certificate.this",
            "module.eks.module.vpc.aws_subnet.private",
            "module.eks.module.vpc.aws_vpc.this",
            "module.eks.module.vpc.aws_vpc_ipv4_cidr_block_association.this",
            "module.eks.module.vpc_cni_irsa.aws_iam_policy.vpc_cni",
            "module.eks.module.vpc_cni_irsa.aws_iam_role.this",
            "module.eks.module.vpc_cni_irsa.data.aws_iam_policy_document.this",
            "module.eks.module.vpc_cni_irsa.data.aws_iam_policy_document.vpc_cni"
          ]
        }
      ]
    },
    {
      "module": "module.nlb",
      "mode": "managed",
      "type": "aws_lb",
      "name": "lb",
      "provider": "provider[\"registry.terraform.io/hashicorp/aws\"]",
      "instances": [
        {
          "schema_version": 0,
          "attributes": {
            "access_logs": [
              {
                "bucket": "",
                "enabled": false,
                "prefix": ""
              }
            ],
            "arn": "arn:aws:elasticloadbalancing:eu-west-2:009453609091:loadbalancer/net/preprod-nlb/4669df49bef9a282",
            "arn_suffix": "net/preprod-nlb/4669df49bef9a282",
            "customer_owned_ipv4_pool": "",
            "desync_mitigation_mode": null,
            "dns_name": "preprod-nlb-4669df49bef9a282.elb.eu-west-2.amazonaws.com",
            "drop_invalid_header_fields": null,
            "enable_cross_zone_load_balancing": false,
            "enable_deletion_protection": false,
            "enable_http2": null,
            "enable_waf_fail_open": null,
            "id": "arn:aws:elasticloadbalancing:eu-west-2:009453609091:loadbalancer/net/preprod-nlb/4669df49bef9a282",
            "idle_timeout": null,
            "internal": false,
            "ip_address_type": "ipv4",
            "load_balancer_type": "network",
            "name": "preprod-nlb",
            "name_prefix": null,
            "preserve_host_header": null,
            "security_groups": [],
            "subnet_mapping": [
              {
                "allocation_id": "",
                "ipv6_address": "",
                "outpost_id": "",
                "private_ipv4_address": "",
                "subnet_id": "subnet-04278497c94514d8b"
              },
              {
                "allocation_id": "",
                "ipv6_address": "",
                "outpost_id": "",
                "private_ipv4_address": "",
                "subnet_id": "subnet-094112be5bc0dc084"
              },
              {
                "allocation_id": "",
                "ipv6_address": "",
                "outpost_id": "",
                "private_ipv4_address": "",
                "subnet_id": "subnet-0b3cc0b84c12cd5ce"
              }
            ],
            "subnets": [
              "subnet-04278497c94514d8b",
              "subnet-094112be5bc0dc084",
              "subnet-0b3cc0b84c12cd5ce"
            ],
            "tags": {
              "Environment": "preprod"
            },
            "tags_all": {
              "Environment": "preprod"
            },
            "timeouts": null,
            "vpc_id": "vpc-04d0ac671d977ddb6",
            "zone_id": "ZD4D7Y8KGAS4G"
          },
          "private": "eyJlMmJmYjczMC1lY2FhLTExZTYtOGY4OC0zNDM2M2JjN2M0YzAiOnsiY3JlYXRlIjo2MDAwMDAwMDAwMDAsImRlbGV0ZSI6NjAwMDAwMDAwMDAwLCJ1cGRhdGUiOjYwMDAwMDAwMDAwMH19",
          "dependencies": [
            "module.eks.aws_key_pair.deployer",
            "module.eks.aws_kms_key.ebs",
            "module.eks.aws_kms_key.eks",
            "module.eks.aws_security_group.remote_access",
            "module.eks.data.aws_ami.bastion",
            "module.eks.data.aws_caller_identity.current",
            "module.eks.data.aws_iam_policy_document.ebs",
            "module.eks.data.aws_subnet_ids.private",
            "module.eks.data.aws_subnet_ids.public",
            "module.eks.data.aws_vpc.eks",
            "module.eks.data.http.workstation-external-ip",
            "module.eks.data.terraform_remote_state.eks",
            "module.eks.module.bastion-asg.aws_autoscaling_group.this",
            "module.eks.module.bastion-asg.aws_autoscaling_group.this_with_initial_lifecycle_hook",
            "module.eks.module.bastion-asg.aws_launch_configuration.this",
            "module.eks.module.bastion-asg.null_resource.tags_as_list_of_maps",
            "module.eks.module.bastion-asg.random_pet.asg_name",
            "module.eks.module.eks.aws_cloudwatch_log_group.this",
            "module.eks.module.eks.aws_ec2_tag.cluster_primary_security_group",
            "module.eks.module.eks.aws_eks_addon.this",
            "module.eks.module.eks.aws_eks_cluster.this",
            "module.eks.module.eks.aws_eks_identity_provider_config.this",
            "module.eks.module.eks.aws_iam_openid_connect_provider.oidc_provider",
            "module.eks.module.eks.aws_iam_policy.cluster_encryption",
            "module.eks.module.eks.aws_iam_policy.cni_ipv6_policy",
            "module.eks.module.eks.aws_iam_role.this",
            "module.eks.module.eks.aws_iam_role_policy_attachment.cluster_encryption",
            "module.eks.module.eks.aws_iam_role_policy_attachment.this",
            "module.eks.module.eks.aws_security_group.cluster",
            "module.eks.module.eks.aws_security_group.node",
            "module.eks.module.eks.aws_security_group_rule.cluster",
            "module.eks.module.eks.aws_security_group_rule.node",
            "module.eks.module.eks.data.aws_iam_policy_document.assume_role_policy",
            "module.eks.module.eks.data.aws_iam_policy_document.cni_ipv6_policy",
            "module.eks.module.eks.data.aws_partition.current",
            "module.eks.module.eks.data.tls_certificate.this",
            "module.eks.module.eks.kubernetes_config_map.aws_auth",
            "module.eks.module.eks.kubernetes_config_map_v1_data.aws_auth",
            "module.eks.module.eks.module.eks_managed_node_group.aws_eks_node_group.this",
            "module.eks.module.eks.module.eks_managed_node_group.aws_iam_role.this",
            "module.eks.module.eks.module.eks_managed_node_group.aws_iam_role_policy_attachment.this",
            "module.eks.module.eks.module.eks_managed_node_group.aws_launch_template.this",
            "module.eks.module.eks.module.eks_managed_node_group.aws_security_group.this",
            "module.eks.module.eks.module.eks_managed_node_group.aws_security_group_rule.this",
            "module.eks.module.eks.module.eks_managed_node_group.data.aws_caller_identity.current",
            "module.eks.module.eks.module.eks_managed_node_group.data.aws_iam_policy_document.assume_role_policy",
            "module.eks.module.eks.module.eks_managed_node_group.data.aws_partition.current",
            "module.eks.module.eks.module.eks_managed_node_group.module.user_data.data.cloudinit_config.linux_eks_managed_node_group",
            "module.eks.module.eks.module.fargate_profile.aws_eks_fargate_profile.this",
            "module.eks.module.eks.module.fargate_profile.aws_iam_role.this",
            "module.eks.module.eks.module.fargate_profile.aws_iam_role_policy_attachment.this",
            "module.eks.module.eks.module.fargate_profile.data.aws_caller_identity.current",
            "module.eks.module.eks.module.fargate_profile.data.aws_iam_policy_document.assume_role_policy",
            "module.eks.module.eks.module.fargate_profile.data.aws_partition.current",
            "module.eks.module.eks.module.self_managed_node_group.aws_autoscaling_group.this",
            "module.eks.module.eks.module.self_managed_node_group.aws_autoscaling_schedule.this",
            "module.eks.module.eks.module.self_managed_node_group.aws_iam_instance_profile.this",
            "module.eks.module.eks.module.self_managed_node_group.aws_iam_role.this",
            "module.eks.module.eks.module.self_managed_node_group.aws_iam_role_policy_attachment.this",
            "module.eks.module.eks.module.self_managed_node_group.aws_launch_template.this",
            "module.eks.module.eks.module.self_managed_node_group.aws_security_group.this",
            "module.eks.module.eks.module.self_managed_node_group.aws_security_group_rule.this",
            "module.eks.module.eks.module.self_managed_node_group.data.aws_ami.eks_default",
            "module.eks.module.eks.module.self_managed_node_group.data.aws_caller_identity.current",
            "module.eks.module.eks.module.self_managed_node_group.data.aws_default_tags.current",
            "module.eks.module.eks.module.self_managed_node_group.data.aws_iam_policy_document.assume_role_policy",
            "module.eks.module.eks.module.self_managed_node_group.data.aws_partition.current",
            "module.eks.module.eks.module.self_managed_node_group.module.user_data.data.cloudinit_config.linux_eks_managed_node_group",
            "module.eks.module.mng-default.aws_eks_node_group.this",
            "module.eks.module.mng-default.aws_iam_role.this",
            "module.eks.module.mng-default.aws_iam_role_policy_attachment.this",
            "module.eks.module.mng-default.aws_launch_template.this",
            "module.eks.module.mng-default.aws_security_group.this",
            "module.eks.module.mng-default.aws_security_group_rule.this",
            "module.eks.module.mng-default.data.aws_caller_identity.current",
            "module.eks.module.mng-default.data.aws_iam_policy_document.assume_role_policy",
            "module.eks.module.mng-default.data.aws_partition.current",
            "module.eks.module.mng-default.module.user_data.data.cloudinit_config.linux_eks_managed_node_group",
            "module.eks.module.vpc.aws_db_subnet_group.database",
            "module.eks.module.vpc.aws_default_network_acl.this",
            "module.eks.module.vpc.aws_default_vpc.this",
            "module.eks.module.vpc.aws_eip.nat",
            "module.eks.module.vpc.aws_elasticache_subnet_group.elasticache",
            "module.eks.module.vpc.aws_internet_gateway.this",
            "module.eks.module.vpc.aws_nat_gateway.this",
            "module.eks.module.vpc.aws_network_acl.database",
            "module.eks.module.vpc.aws_network_acl.elasticache",
            "module.eks.module.vpc.aws_network_acl.intra",
            "module.eks.module.vpc.aws_network_acl.private",
            "module.eks.module.vpc.aws_network_acl.public",
            "module.eks.module.vpc.aws_network_acl.redshift",
            "module.eks.module.vpc.aws_network_acl_rule.database_inbound",
            "module.eks.module.vpc.aws_network_acl_rule.database_outbound",
            "module.eks.module.vpc.aws_network_acl_rule.elasticache_inbound",
            "module.eks.module.vpc.aws_network_acl_rule.elasticache_outbound",
            "module.eks.module.vpc.aws_network_acl_rule.intra_inbound",
            "module.eks.module.vpc.aws_network_acl_rule.intra_outbound",
            "module.eks.module.vpc.aws_network_acl_rule.private_inbound",
            "module.eks.module.vpc.aws_network_acl_rule.private_outbound",
            "module.eks.module.vpc.aws_network_acl_rule.public_inbound",
            "module.eks.module.vpc.aws_network_acl_rule.public_outbound",
            "module.eks.module.vpc.aws_network_acl_rule.redshift_inbound",
            "module.eks.module.vpc.aws_network_acl_rule.redshift_outbound",
            "module.eks.module.vpc.aws_redshift_subnet_group.redshift",
            "module.eks.module.vpc.aws_route.database_internet_gateway",
            "module.eks.module.vpc.aws_route.database_nat_gateway",
            "module.eks.module.vpc.aws_route.private_nat_gateway",
            "module.eks.module.vpc.aws_route.public_internet_gateway",
            "module.eks.module.vpc.aws_route_table.database",
            "module.eks.module.vpc.aws_route_table.elasticache",
            "module.eks.module.vpc.aws_route_table.intra",
            "module.eks.module.vpc.aws_route_table.private",
            "module.eks.module.vpc.aws_route_table.public",
            "module.eks.module.vpc.aws_route_table.redshift",
            "module.eks.module.vpc.aws_route_table_association.database",
            "module.eks.module.vpc.aws_route_table_association.elasticache",
            "module.eks.module.vpc.aws_route_table_association.intra",
            "module.eks.module.vpc.aws_route_table_association.private",
            "module.eks.module.vpc.aws_route_table_association.public",
            "module.eks.module.vpc.aws_route_table_association.redshift",
            "module.eks.module.vpc.aws_route_table_association.redshift_public",
            "module.eks.module.vpc.aws_subnet.database",
            "module.eks.module.vpc.aws_subnet.elasticache",
            "module.eks.module.vpc.aws_subnet.intra",
            "module.eks.module.vpc.aws_subnet.private",
            "module.eks.module.vpc.aws_subnet.public",
            "module.eks.module.vpc.aws_subnet.redshift",
            "module.eks.module.vpc.aws_vpc.this",
            "module.eks.module.vpc.aws_vpc_dhcp_options.this",
            "module.eks.module.vpc.aws_vpc_dhcp_options_association.this",
            "module.eks.module.vpc.aws_vpc_endpoint.apigw",
            "module.eks.module.vpc.aws_vpc_endpoint.cloudtrail",
            "module.eks.module.vpc.aws_vpc_endpoint.dynamodb",
            "module.eks.module.vpc.aws_vpc_endpoint.ec2",
            "module.eks.module.vpc.aws_vpc_endpoint.ec2messages",
            "module.eks.module.vpc.aws_vpc_endpoint.ecr_api",
            "module.eks.module.vpc.aws_vpc_endpoint.ecr_dkr",
            "module.eks.module.vpc.aws_vpc_endpoint.ecs",
            "module.eks.module.vpc.aws_vpc_endpoint.ecs_agent",
            "module.eks.module.vpc.aws_vpc_endpoint.ecs_telemetry",
            "module.eks.module.vpc.aws_vpc_endpoint.elasticloadbalancing",
            "module.eks.module.vpc.aws_vpc_endpoint.events",
            "module.eks.module.vpc.aws_vpc_endpoint.kms",
            "module.eks.module.vpc.aws_vpc_endpoint.logs",
            "module.eks.module.vpc.aws_vpc_endpoint.monitoring",
            "module.eks.module.vpc.aws_vpc_endpoint.s3",
            "module.eks.module.vpc.aws_vpc_endpoint.sns",
            "module.eks.module.vpc.aws_vpc_endpoint.sqs",
            "module.eks.module.vpc.aws_vpc_endpoint.ssm",
            "module.eks.module.vpc.aws_vpc_endpoint.ssmmessages",
            "module.eks.module.vpc.aws_vpc_endpoint_route_table_association.intra_dynamodb",
            "module.eks.module.vpc.aws_vpc_endpoint_route_table_association.intra_s3",
            "module.eks.module.vpc.aws_vpc_endpoint_route_table_association.private_dynamodb",
            "module.eks.module.vpc.aws_vpc_endpoint_route_table_association.private_s3",
            "module.eks.module.vpc.aws_vpc_endpoint_route_table_association.public_dynamodb",
            "module.eks.module.vpc.aws_vpc_endpoint_route_table_association.public_s3",
            "module.eks.module.vpc.aws_vpc_ipv4_cidr_block_association.this",
            "module.eks.module.vpc.aws_vpn_gateway.this",
            "module.eks.module.vpc.aws_vpn_gateway_attachment.this",
            "module.eks.module.vpc.aws_vpn_gateway_route_propagation.private",
            "module.eks.module.vpc.aws_vpn_gateway_route_propagation.public",
            "module.eks.module.vpc.data.aws_vpc_endpoint_service.apigw",
            "module.eks.module.vpc.data.aws_vpc_endpoint_service.cloudtrail",
            "module.eks.module.vpc.data.aws_vpc_endpoint_service.dynamodb",
            "module.eks.module.vpc.data.aws_vpc_endpoint_service.ec2",
            "module.eks.module.vpc.data.aws_vpc_endpoint_service.ec2messages",
            "module.eks.module.vpc.data.aws_vpc_endpoint_service.ecr_api",
            "module.eks.module.vpc.data.aws_vpc_endpoint_service.ecr_dkr",
            "module.eks.module.vpc.data.aws_vpc_endpoint_service.ecs",
            "module.eks.module.vpc.data.aws_vpc_endpoint_service.ecs_agent",
            "module.eks.module.vpc.data.aws_vpc_endpoint_service.ecs_telemetry",
            "module.eks.module.vpc.data.aws_vpc_endpoint_service.elasticloadbalancing",
            "module.eks.module.vpc.data.aws_vpc_endpoint_service.events",
            "module.eks.module.vpc.data.aws_vpc_endpoint_service.kms",
            "module.eks.module.vpc.data.aws_vpc_endpoint_service.logs",
            "module.eks.module.vpc.data.aws_vpc_endpoint_service.monitoring",
            "module.eks.module.vpc.data.aws_vpc_endpoint_service.s3",
            "module.eks.module.vpc.data.aws_vpc_endpoint_service.sns",
            "module.eks.module.vpc.data.aws_vpc_endpoint_service.sqs",
            "module.eks.module.vpc.data.aws_vpc_endpoint_service.ssm",
            "module.eks.module.vpc.data.aws_vpc_endpoint_service.ssmmessages",
            "module.eks.module.vpc_cni_irsa.aws_iam_policy.amazon_managed_service_prometheus",
            "module.eks.module.vpc_cni_irsa.aws_iam_policy.appmesh_controller",
            "module.eks.module.vpc_cni_irsa.aws_iam_policy.appmesh_envoy_proxy",
            "module.eks.module.vpc_cni_irsa.aws_iam_policy.cert_manager",
            "module.eks.module.vpc_cni_irsa.aws_iam_policy.cluster_autoscaler",
            "module.eks.module.vpc_cni_irsa.aws_iam_policy.ebs_csi",
            "module.eks.module.vpc_cni_irsa.aws_iam_policy.efs_csi",
            "module.eks.module.vpc_cni_irsa.aws_iam_policy.external_dns",
            "module.eks.module.vpc_cni_irsa.aws_iam_policy.external_secrets",
            "module.eks.module.vpc_cni_irsa.aws_iam_policy.fsx_lustre_csi",
            "module.eks.module.vpc_cni_irsa.aws_iam_policy.karpenter_controller",
            "module.eks.module.vpc_cni_irsa.aws_iam_policy.load_balancer_controller",
            "module.eks.module.vpc_cni_irsa.aws_iam_policy.load_balancer_controller_targetgroup_only",
            "module.eks.module.vpc_cni_irsa.aws_iam_policy.node_termination_handler",
            "module.eks.module.vpc_cni_irsa.aws_iam_policy.velero",
            "module.eks.module.vpc_cni_irsa.aws_iam_policy.vpc_cni",
            "module.eks.module.vpc_cni_irsa.aws_iam_role.this",
            "module.eks.module.vpc_cni_irsa.aws_iam_role_policy_attachment.amazon_managed_service_prometheus",
            "module.eks.module.vpc_cni_irsa.aws_iam_role_policy_attachment.appmesh_controller",
            "module.eks.module.vpc_cni_irsa.aws_iam_role_policy_attachment.appmesh_envoy_proxy",
            "module.eks.module.vpc_cni_irsa.aws_iam_role_policy_attachment.cert_manager",
            "module.eks.module.vpc_cni_irsa.aws_iam_role_policy_attachment.cluster_autoscaler",
            "module.eks.module.vpc_cni_irsa.aws_iam_role_policy_attachment.ebs_csi",
            "module.eks.module.vpc_cni_irsa.aws_iam_role_policy_attachment.efs_csi",
            "module.eks.module.vpc_cni_irsa.aws_iam_role_policy_attachment.external_dns",
            "module.eks.module.vpc_cni_irsa.aws_iam_role_policy_attachment.external_secrets",
            "module.eks.module.vpc_cni_irsa.aws_iam_role_policy_attachment.fsx_lustre_csi",
            "module.eks.module.vpc_cni_irsa.aws_iam_role_policy_attachment.karpenter_controller",
            "module.eks.module.vpc_cni_irsa.aws_iam_role_policy_attachment.load_balancer_controller",
            "module.eks.module.vpc_cni_irsa.aws_iam_role_policy_attachment.load_balancer_controller_targetgroup_only",
            "module.eks.module.vpc_cni_irsa.aws_iam_role_policy_attachment.node_termination_handler",
            "module.eks.module.vpc_cni_irsa.aws_iam_role_policy_attachment.this",
            "module.eks.module.vpc_cni_irsa.aws_iam_role_policy_attachment.velero",
            "module.eks.module.vpc_cni_irsa.aws_iam_role_policy_attachment.vpc_cni",
            "module.eks.module.vpc_cni_irsa.data.aws_caller_identity.current",
            "module.eks.module.vpc_cni_irsa.data.aws_iam_policy_document.amazon_managed_service_prometheus",
            "module.eks.module.vpc_cni_irsa.data.aws_iam_policy_document.appmesh_controller",
            "module.eks.module.vpc_cni_irsa.data.aws_iam_policy_document.appmesh_envoy_proxy",
            "module.eks.module.vpc_cni_irsa.data.aws_iam_policy_document.cert_manager",
            "module.eks.module.vpc_cni_irsa.data.aws_iam_policy_document.cluster_autoscaler",
            "module.eks.module.vpc_cni_irsa.data.aws_iam_policy_document.ebs_csi",
            "module.eks.module.vpc_cni_irsa.data.aws_iam_policy_document.efs_csi",
            "module.eks.module.vpc_cni_irsa.data.aws_iam_policy_document.external_dns",
            "module.eks.module.vpc_cni_irsa.data.aws_iam_policy_document.external_secrets",
            "module.eks.module.vpc_cni_irsa.data.aws_iam_policy_document.fsx_lustre_csi",
            "module.eks.module.vpc_cni_irsa.data.aws_iam_policy_document.karpenter_controller",
            "module.eks.module.vpc_cni_irsa.data.aws_iam_policy_document.load_balancer_controller",
            "module.eks.module.vpc_cni_irsa.data.aws_iam_policy_document.load_balancer_controller_targetgroup_only",
            "module.eks.module.vpc_cni_irsa.data.aws_iam_policy_document.node_termination_handler",
            "module.eks.module.vpc_cni_irsa.data.aws_iam_policy_document.this",
            "module.eks.module.vpc_cni_irsa.data.aws_iam_policy_document.velero",
            "module.eks.module.vpc_cni_irsa.data.aws_iam_policy_document.vpc_cni",
            "module.eks.module.vpc_cni_irsa.data.aws_partition.current"
          ]
        }
      ]
    },
    {
      "module": "module.nlb_listeners",
      "mode": "managed",
      "type": "aws_autoscaling_attachment",
      "name": "asg_attachment",
      "provider": "provider[\"registry.terraform.io/hashicorp/aws\"]",
      "instances": [
        {
          "schema_version": 0,
          "attributes": {
            "alb_target_group_arn": "arn:aws:elasticloadbalancing:eu-west-2:009453609091:targetgroup/preprod-nlb-tg/4a96d960bd907d0e",
            "autoscaling_group_name": "eks-preprod-node-20230103183051999700000017-b4c2bc73-4423-eb9a-9bb0-606836141b64",
            "elb": null,
            "id": "eks-preprod-node-20230103183051999700000017-b4c2bc73-4423-eb9a-9bb0-606836141b64-20230103215441423300000002",
            "lb_target_group_arn": null
          },
          "private": "bnVsbA==",
          "dependencies": [
            "module.eks.aws_key_pair.deployer",
            "module.eks.aws_kms_key.ebs",
            "module.eks.aws_kms_key.eks",
            "module.eks.aws_security_group.remote_access",
            "module.eks.data.aws_ami.bastion",
            "module.eks.data.aws_caller_identity.current",
            "module.eks.data.aws_iam_policy_document.ebs",
            "module.eks.data.aws_subnet_ids.private",
            "module.eks.data.aws_subnet_ids.public",
            "module.eks.data.aws_vpc.eks",
            "module.eks.data.http.workstation-external-ip",
            "module.eks.data.terraform_remote_state.eks",
            "module.eks.module.bastion-asg.aws_autoscaling_group.this",
            "module.eks.module.bastion-asg.aws_autoscaling_group.this_with_initial_lifecycle_hook",
            "module.eks.module.bastion-asg.aws_launch_configuration.this",
            "module.eks.module.bastion-asg.null_resource.tags_as_list_of_maps",
            "module.eks.module.bastion-asg.random_pet.asg_name",
            "module.eks.module.eks.aws_cloudwatch_log_group.this",
            "module.eks.module.eks.aws_ec2_tag.cluster_primary_security_group",
            "module.eks.module.eks.aws_eks_addon.this",
            "module.eks.module.eks.aws_eks_cluster.this",
            "module.eks.module.eks.aws_eks_identity_provider_config.this",
            "module.eks.module.eks.aws_iam_openid_connect_provider.oidc_provider",
            "module.eks.module.eks.aws_iam_policy.cluster_encryption",
            "module.eks.module.eks.aws_iam_policy.cni_ipv6_policy",
            "module.eks.module.eks.aws_iam_role.this",
            "module.eks.module.eks.aws_iam_role_policy_attachment.cluster_encryption",
            "module.eks.module.eks.aws_iam_role_policy_attachment.this",
            "module.eks.module.eks.aws_security_group.cluster",
            "module.eks.module.eks.aws_security_group.node",
            "module.eks.module.eks.aws_security_group_rule.cluster",
            "module.eks.module.eks.aws_security_group_rule.node",
            "module.eks.module.eks.data.aws_iam_policy_document.assume_role_policy",
            "module.eks.module.eks.data.aws_iam_policy_document.cni_ipv6_policy",
            "module.eks.module.eks.data.aws_partition.current",
            "module.eks.module.eks.data.tls_certificate.this",
            "module.eks.module.eks.kubernetes_config_map.aws_auth",
            "module.eks.module.eks.kubernetes_config_map_v1_data.aws_auth",
            "module.eks.module.eks.module.eks_managed_node_group.aws_eks_node_group.this",
            "module.eks.module.eks.module.eks_managed_node_group.aws_iam_role.this",
            "module.eks.module.eks.module.eks_managed_node_group.aws_iam_role_policy_attachment.this",
            "module.eks.module.eks.module.eks_managed_node_group.aws_launch_template.this",
            "module.eks.module.eks.module.eks_managed_node_group.aws_security_group.this",
            "module.eks.module.eks.module.eks_managed_node_group.aws_security_group_rule.this",
            "module.eks.module.eks.module.eks_managed_node_group.data.aws_caller_identity.current",
            "module.eks.module.eks.module.eks_managed_node_group.data.aws_iam_policy_document.assume_role_policy",
            "module.eks.module.eks.module.eks_managed_node_group.data.aws_partition.current",
            "module.eks.module.eks.module.eks_managed_node_group.module.user_data.data.cloudinit_config.linux_eks_managed_node_group",
            "module.eks.module.eks.module.fargate_profile.aws_eks_fargate_profile.this",
            "module.eks.module.eks.module.fargate_profile.aws_iam_role.this",
            "module.eks.module.eks.module.fargate_profile.aws_iam_role_policy_attachment.this",
            "module.eks.module.eks.module.fargate_profile.data.aws_caller_identity.current",
            "module.eks.module.eks.module.fargate_profile.data.aws_iam_policy_document.assume_role_policy",
            "module.eks.module.eks.module.fargate_profile.data.aws_partition.current",
            "module.eks.module.eks.module.self_managed_node_group.aws_autoscaling_group.this",
            "module.eks.module.eks.module.self_managed_node_group.aws_autoscaling_schedule.this",
            "module.eks.module.eks.module.self_managed_node_group.aws_iam_instance_profile.this",
            "module.eks.module.eks.module.self_managed_node_group.aws_iam_role.this",
            "module.eks.module.eks.module.self_managed_node_group.aws_iam_role_policy_attachment.this",
            "module.eks.module.eks.module.self_managed_node_group.aws_launch_template.this",
            "module.eks.module.eks.module.self_managed_node_group.aws_security_group.this",
            "module.eks.module.eks.module.self_managed_node_group.aws_security_group_rule.this",
            "module.eks.module.eks.module.self_managed_node_group.data.aws_ami.eks_default",
            "module.eks.module.eks.module.self_managed_node_group.data.aws_caller_identity.current",
            "module.eks.module.eks.module.self_managed_node_group.data.aws_default_tags.current",
            "module.eks.module.eks.module.self_managed_node_group.data.aws_iam_policy_document.assume_role_policy",
            "module.eks.module.eks.module.self_managed_node_group.data.aws_partition.current",
            "module.eks.module.eks.module.self_managed_node_group.module.user_data.data.cloudinit_config.linux_eks_managed_node_group",
            "module.eks.module.mng-default.aws_eks_node_group.this",
            "module.eks.module.mng-default.aws_iam_role.this",
            "module.eks.module.mng-default.aws_iam_role_policy_attachment.this",
            "module.eks.module.mng-default.aws_launch_template.this",
            "module.eks.module.mng-default.aws_security_group.this",
            "module.eks.module.mng-default.aws_security_group_rule.this",
            "module.eks.module.mng-default.data.aws_caller_identity.current",
            "module.eks.module.mng-default.data.aws_iam_policy_document.assume_role_policy",
            "module.eks.module.mng-default.data.aws_partition.current",
            "module.eks.module.mng-default.module.user_data.data.cloudinit_config.linux_eks_managed_node_group",
            "module.eks.module.vpc.aws_db_subnet_group.database",
            "module.eks.module.vpc.aws_default_network_acl.this",
            "module.eks.module.vpc.aws_default_vpc.this",
            "module.eks.module.vpc.aws_eip.nat",
            "module.eks.module.vpc.aws_elasticache_subnet_group.elasticache",
            "module.eks.module.vpc.aws_internet_gateway.this",
            "module.eks.module.vpc.aws_nat_gateway.this",
            "module.eks.module.vpc.aws_network_acl.database",
            "module.eks.module.vpc.aws_network_acl.elasticache",
            "module.eks.module.vpc.aws_network_acl.intra",
            "module.eks.module.vpc.aws_network_acl.private",
            "module.eks.module.vpc.aws_network_acl.public",
            "module.eks.module.vpc.aws_network_acl.redshift",
            "module.eks.module.vpc.aws_network_acl_rule.database_inbound",
            "module.eks.module.vpc.aws_network_acl_rule.database_outbound",
            "module.eks.module.vpc.aws_network_acl_rule.elasticache_inbound",
            "module.eks.module.vpc.aws_network_acl_rule.elasticache_outbound",
            "module.eks.module.vpc.aws_network_acl_rule.intra_inbound",
            "module.eks.module.vpc.aws_network_acl_rule.intra_outbound",
            "module.eks.module.vpc.aws_network_acl_rule.private_inbound",
            "module.eks.module.vpc.aws_network_acl_rule.private_outbound",
            "module.eks.module.vpc.aws_network_acl_rule.public_inbound",
            "module.eks.module.vpc.aws_network_acl_rule.public_outbound",
            "module.eks.module.vpc.aws_network_acl_rule.redshift_inbound",
            "module.eks.module.vpc.aws_network_acl_rule.redshift_outbound",
            "module.eks.module.vpc.aws_redshift_subnet_group.redshift",
            "module.eks.module.vpc.aws_route.database_internet_gateway",
            "module.eks.module.vpc.aws_route.database_nat_gateway",
            "module.eks.module.vpc.aws_route.private_nat_gateway",
            "module.eks.module.vpc.aws_route.public_internet_gateway",
            "module.eks.module.vpc.aws_route_table.database",
            "module.eks.module.vpc.aws_route_table.elasticache",
            "module.eks.module.vpc.aws_route_table.intra",
            "module.eks.module.vpc.aws_route_table.private",
            "module.eks.module.vpc.aws_route_table.public",
            "module.eks.module.vpc.aws_route_table.redshift",
            "module.eks.module.vpc.aws_route_table_association.database",
            "module.eks.module.vpc.aws_route_table_association.elasticache",
            "module.eks.module.vpc.aws_route_table_association.intra",
            "module.eks.module.vpc.aws_route_table_association.private",
            "module.eks.module.vpc.aws_route_table_association.public",
            "module.eks.module.vpc.aws_route_table_association.redshift",
            "module.eks.module.vpc.aws_route_table_association.redshift_public",
            "module.eks.module.vpc.aws_subnet.database",
            "module.eks.module.vpc.aws_subnet.elasticache",
            "module.eks.module.vpc.aws_subnet.intra",
            "module.eks.module.vpc.aws_subnet.private",
            "module.eks.module.vpc.aws_subnet.public",
            "module.eks.module.vpc.aws_subnet.redshift",
            "module.eks.module.vpc.aws_vpc.this",
            "module.eks.module.vpc.aws_vpc_dhcp_options.this",
            "module.eks.module.vpc.aws_vpc_dhcp_options_association.this",
            "module.eks.module.vpc.aws_vpc_endpoint.apigw",
            "module.eks.module.vpc.aws_vpc_endpoint.cloudtrail",
            "module.eks.module.vpc.aws_vpc_endpoint.dynamodb",
            "module.eks.module.vpc.aws_vpc_endpoint.ec2",
            "module.eks.module.vpc.aws_vpc_endpoint.ec2messages",
            "module.eks.module.vpc.aws_vpc_endpoint.ecr_api",
            "module.eks.module.vpc.aws_vpc_endpoint.ecr_dkr",
            "module.eks.module.vpc.aws_vpc_endpoint.ecs",
            "module.eks.module.vpc.aws_vpc_endpoint.ecs_agent",
            "module.eks.module.vpc.aws_vpc_endpoint.ecs_telemetry",
            "module.eks.module.vpc.aws_vpc_endpoint.elasticloadbalancing",
            "module.eks.module.vpc.aws_vpc_endpoint.events",
            "module.eks.module.vpc.aws_vpc_endpoint.kms",
            "module.eks.module.vpc.aws_vpc_endpoint.logs",
            "module.eks.module.vpc.aws_vpc_endpoint.monitoring",
            "module.eks.module.vpc.aws_vpc_endpoint.s3",
            "module.eks.module.vpc.aws_vpc_endpoint.sns",
            "module.eks.module.vpc.aws_vpc_endpoint.sqs",
            "module.eks.module.vpc.aws_vpc_endpoint.ssm",
            "module.eks.module.vpc.aws_vpc_endpoint.ssmmessages",
            "module.eks.module.vpc.aws_vpc_endpoint_route_table_association.intra_dynamodb",
            "module.eks.module.vpc.aws_vpc_endpoint_route_table_association.intra_s3",
            "module.eks.module.vpc.aws_vpc_endpoint_route_table_association.private_dynamodb",
            "module.eks.module.vpc.aws_vpc_endpoint_route_table_association.private_s3",
            "module.eks.module.vpc.aws_vpc_endpoint_route_table_association.public_dynamodb",
            "module.eks.module.vpc.aws_vpc_endpoint_route_table_association.public_s3",
            "module.eks.module.vpc.aws_vpc_ipv4_cidr_block_association.this",
            "module.eks.module.vpc.aws_vpn_gateway.this",
            "module.eks.module.vpc.aws_vpn_gateway_attachment.this",
            "module.eks.module.vpc.aws_vpn_gateway_route_propagation.private",
            "module.eks.module.vpc.aws_vpn_gateway_route_propagation.public",
            "module.eks.module.vpc.data.aws_vpc_endpoint_service.apigw",
            "module.eks.module.vpc.data.aws_vpc_endpoint_service.cloudtrail",
            "module.eks.module.vpc.data.aws_vpc_endpoint_service.dynamodb",
            "module.eks.module.vpc.data.aws_vpc_endpoint_service.ec2",
            "module.eks.module.vpc.data.aws_vpc_endpoint_service.ec2messages",
            "module.eks.module.vpc.data.aws_vpc_endpoint_service.ecr_api",
            "module.eks.module.vpc.data.aws_vpc_endpoint_service.ecr_dkr",
            "module.eks.module.vpc.data.aws_vpc_endpoint_service.ecs",
            "module.eks.module.vpc.data.aws_vpc_endpoint_service.ecs_agent",
            "module.eks.module.vpc.data.aws_vpc_endpoint_service.ecs_telemetry",
            "module.eks.module.vpc.data.aws_vpc_endpoint_service.elasticloadbalancing",
            "module.eks.module.vpc.data.aws_vpc_endpoint_service.events",
            "module.eks.module.vpc.data.aws_vpc_endpoint_service.kms",
            "module.eks.module.vpc.data.aws_vpc_endpoint_service.logs",
            "module.eks.module.vpc.data.aws_vpc_endpoint_service.monitoring",
            "module.eks.module.vpc.data.aws_vpc_endpoint_service.s3",
            "module.eks.module.vpc.data.aws_vpc_endpoint_service.sns",
            "module.eks.module.vpc.data.aws_vpc_endpoint_service.sqs",
            "module.eks.module.vpc.data.aws_vpc_endpoint_service.ssm",
            "module.eks.module.vpc.data.aws_vpc_endpoint_service.ssmmessages",
            "module.eks.module.vpc_cni_irsa.aws_iam_policy.amazon_managed_service_prometheus",
            "module.eks.module.vpc_cni_irsa.aws_iam_policy.appmesh_controller",
            "module.eks.module.vpc_cni_irsa.aws_iam_policy.appmesh_envoy_proxy",
            "module.eks.module.vpc_cni_irsa.aws_iam_policy.cert_manager",
            "module.eks.module.vpc_cni_irsa.aws_iam_policy.cluster_autoscaler",
            "module.eks.module.vpc_cni_irsa.aws_iam_policy.ebs_csi",
            "module.eks.module.vpc_cni_irsa.aws_iam_policy.efs_csi",
            "module.eks.module.vpc_cni_irsa.aws_iam_policy.external_dns",
            "module.eks.module.vpc_cni_irsa.aws_iam_policy.external_secrets",
            "module.eks.module.vpc_cni_irsa.aws_iam_policy.fsx_lustre_csi",
            "module.eks.module.vpc_cni_irsa.aws_iam_policy.karpenter_controller",
            "module.eks.module.vpc_cni_irsa.aws_iam_policy.load_balancer_controller",
            "module.eks.module.vpc_cni_irsa.aws_iam_policy.load_balancer_controller_targetgroup_only",
            "module.eks.module.vpc_cni_irsa.aws_iam_policy.node_termination_handler",
            "module.eks.module.vpc_cni_irsa.aws_iam_policy.velero",
            "module.eks.module.vpc_cni_irsa.aws_iam_policy.vpc_cni",
            "module.eks.module.vpc_cni_irsa.aws_iam_role.this",
            "module.eks.module.vpc_cni_irsa.aws_iam_role_policy_attachment.amazon_managed_service_prometheus",
            "module.eks.module.vpc_cni_irsa.aws_iam_role_policy_attachment.appmesh_controller",
            "module.eks.module.vpc_cni_irsa.aws_iam_role_policy_attachment.appmesh_envoy_proxy",
            "module.eks.module.vpc_cni_irsa.aws_iam_role_policy_attachment.cert_manager",
            "module.eks.module.vpc_cni_irsa.aws_iam_role_policy_attachment.cluster_autoscaler",
            "module.eks.module.vpc_cni_irsa.aws_iam_role_policy_attachment.ebs_csi",
            "module.eks.module.vpc_cni_irsa.aws_iam_role_policy_attachment.efs_csi",
            "module.eks.module.vpc_cni_irsa.aws_iam_role_policy_attachment.external_dns",
            "module.eks.module.vpc_cni_irsa.aws_iam_role_policy_attachment.external_secrets",
            "module.eks.module.vpc_cni_irsa.aws_iam_role_policy_attachment.fsx_lustre_csi",
            "module.eks.module.vpc_cni_irsa.aws_iam_role_policy_attachment.karpenter_controller",
            "module.eks.module.vpc_cni_irsa.aws_iam_role_policy_attachment.load_balancer_controller",
            "module.eks.module.vpc_cni_irsa.aws_iam_role_policy_attachment.load_balancer_controller_targetgroup_only",
            "module.eks.module.vpc_cni_irsa.aws_iam_role_policy_attachment.node_termination_handler",
            "module.eks.module.vpc_cni_irsa.aws_iam_role_policy_attachment.this",
            "module.eks.module.vpc_cni_irsa.aws_iam_role_policy_attachment.velero",
            "module.eks.module.vpc_cni_irsa.aws_iam_role_policy_attachment.vpc_cni",
            "module.eks.module.vpc_cni_irsa.data.aws_caller_identity.current",
            "module.eks.module.vpc_cni_irsa.data.aws_iam_policy_document.amazon_managed_service_prometheus",
            "module.eks.module.vpc_cni_irsa.data.aws_iam_policy_document.appmesh_controller",
            "module.eks.module.vpc_cni_irsa.data.aws_iam_policy_document.appmesh_envoy_proxy",
            "module.eks.module.vpc_cni_irsa.data.aws_iam_policy_document.cert_manager",
            "module.eks.module.vpc_cni_irsa.data.aws_iam_policy_document.cluster_autoscaler",
            "module.eks.module.vpc_cni_irsa.data.aws_iam_policy_document.ebs_csi",
            "module.eks.module.vpc_cni_irsa.data.aws_iam_policy_document.efs_csi",
            "module.eks.module.vpc_cni_irsa.data.aws_iam_policy_document.external_dns",
            "module.eks.module.vpc_cni_irsa.data.aws_iam_policy_document.external_secrets",
            "module.eks.module.vpc_cni_irsa.data.aws_iam_policy_document.fsx_lustre_csi",
            "module.eks.module.vpc_cni_irsa.data.aws_iam_policy_document.karpenter_controller",
            "module.eks.module.vpc_cni_irsa.data.aws_iam_policy_document.load_balancer_controller",
            "module.eks.module.vpc_cni_irsa.data.aws_iam_policy_document.load_balancer_controller_targetgroup_only",
            "module.eks.module.vpc_cni_irsa.data.aws_iam_policy_document.node_termination_handler",
            "module.eks.module.vpc_cni_irsa.data.aws_iam_policy_document.this",
            "module.eks.module.vpc_cni_irsa.data.aws_iam_policy_document.velero",
            "module.eks.module.vpc_cni_irsa.data.aws_iam_policy_document.vpc_cni",
            "module.eks.module.vpc_cni_irsa.data.aws_partition.current",
            "module.nlb.aws_lb.lb",
            "module.nlb_listeners.aws_lb_target_group.http"
          ]
        }
      ]
    },
    {
      "module": "module.nlb_listeners",
      "mode": "managed",
      "type": "aws_lb_listener",
      "name": "listener",
      "provider": "provider[\"registry.terraform.io/hashicorp/aws\"]",
      "instances": [
        {
          "index_key": 0,
          "schema_version": 0,
          "attributes": {
            "alpn_policy": null,
            "arn": "arn:aws:elasticloadbalancing:eu-west-2:009453609091:listener/net/preprod-nlb/4669df49bef9a282/757fe21e93efc2e0",
            "certificate_arn": "",
            "default_action": [
              {
                "authenticate_cognito": [],
                "authenticate_oidc": [],
                "fixed_response": [],
                "forward": [],
                "order": 1,
                "redirect": [],
                "target_group_arn": "arn:aws:elasticloadbalancing:eu-west-2:009453609091:targetgroup/preprod-nlb-tg/4a96d960bd907d0e",
                "type": "forward"
              }
            ],
            "id": "arn:aws:elasticloadbalancing:eu-west-2:009453609091:listener/net/preprod-nlb/4669df49bef9a282/757fe21e93efc2e0",
            "load_balancer_arn": "arn:aws:elasticloadbalancing:eu-west-2:009453609091:loadbalancer/net/preprod-nlb/4669df49bef9a282",
            "port": 80,
            "protocol": "TCP",
            "ssl_policy": "",
            "tags": {},
            "tags_all": {},
            "timeouts": null
          },
          "private": "eyJlMmJmYjczMC1lY2FhLTExZTYtOGY4OC0zNDM2M2JjN2M0YzAiOnsicmVhZCI6NjAwMDAwMDAwMDAwfX0=",
          "dependencies": [
            "module.eks.aws_key_pair.deployer",
            "module.eks.aws_kms_key.ebs",
            "module.eks.aws_kms_key.eks",
            "module.eks.aws_security_group.remote_access",
            "module.eks.data.aws_ami.bastion",
            "module.eks.data.aws_caller_identity.current",
            "module.eks.data.aws_iam_policy_document.ebs",
            "module.eks.data.aws_subnet_ids.private",
            "module.eks.data.aws_subnet_ids.public",
            "module.eks.data.aws_vpc.eks",
            "module.eks.data.http.workstation-external-ip",
            "module.eks.data.terraform_remote_state.eks",
            "module.eks.module.bastion-asg.aws_autoscaling_group.this",
            "module.eks.module.bastion-asg.aws_autoscaling_group.this_with_initial_lifecycle_hook",
            "module.eks.module.bastion-asg.aws_launch_configuration.this",
            "module.eks.module.bastion-asg.null_resource.tags_as_list_of_maps",
            "module.eks.module.bastion-asg.random_pet.asg_name",
            "module.eks.module.eks.aws_cloudwatch_log_group.this",
            "module.eks.module.eks.aws_ec2_tag.cluster_primary_security_group",
            "module.eks.module.eks.aws_eks_addon.this",
            "module.eks.module.eks.aws_eks_cluster.this",
            "module.eks.module.eks.aws_eks_identity_provider_config.this",
            "module.eks.module.eks.aws_iam_openid_connect_provider.oidc_provider",
            "module.eks.module.eks.aws_iam_policy.cluster_encryption",
            "module.eks.module.eks.aws_iam_policy.cni_ipv6_policy",
            "module.eks.module.eks.aws_iam_role.this",
            "module.eks.module.eks.aws_iam_role_policy_attachment.cluster_encryption",
            "module.eks.module.eks.aws_iam_role_policy_attachment.this",
            "module.eks.module.eks.aws_security_group.cluster",
            "module.eks.module.eks.aws_security_group.node",
            "module.eks.module.eks.aws_security_group_rule.cluster",
            "module.eks.module.eks.aws_security_group_rule.node",
            "module.eks.module.eks.data.aws_iam_policy_document.assume_role_policy",
            "module.eks.module.eks.data.aws_iam_policy_document.cni_ipv6_policy",
            "module.eks.module.eks.data.aws_partition.current",
            "module.eks.module.eks.data.tls_certificate.this",
            "module.eks.module.eks.kubernetes_config_map.aws_auth",
            "module.eks.module.eks.kubernetes_config_map_v1_data.aws_auth",
            "module.eks.module.eks.module.eks_managed_node_group.aws_eks_node_group.this",
            "module.eks.module.eks.module.eks_managed_node_group.aws_iam_role.this",
            "module.eks.module.eks.module.eks_managed_node_group.aws_iam_role_policy_attachment.this",
            "module.eks.module.eks.module.eks_managed_node_group.aws_launch_template.this",
            "module.eks.module.eks.module.eks_managed_node_group.aws_security_group.this",
            "module.eks.module.eks.module.eks_managed_node_group.aws_security_group_rule.this",
            "module.eks.module.eks.module.eks_managed_node_group.data.aws_caller_identity.current",
            "module.eks.module.eks.module.eks_managed_node_group.data.aws_iam_policy_document.assume_role_policy",
            "module.eks.module.eks.module.eks_managed_node_group.data.aws_partition.current",
            "module.eks.module.eks.module.eks_managed_node_group.module.user_data.data.cloudinit_config.linux_eks_managed_node_group",
            "module.eks.module.eks.module.fargate_profile.aws_eks_fargate_profile.this",
            "module.eks.module.eks.module.fargate_profile.aws_iam_role.this",
            "module.eks.module.eks.module.fargate_profile.aws_iam_role_policy_attachment.this",
            "module.eks.module.eks.module.fargate_profile.data.aws_caller_identity.current",
            "module.eks.module.eks.module.fargate_profile.data.aws_iam_policy_document.assume_role_policy",
            "module.eks.module.eks.module.fargate_profile.data.aws_partition.current",
            "module.eks.module.eks.module.self_managed_node_group.aws_autoscaling_group.this",
            "module.eks.module.eks.module.self_managed_node_group.aws_autoscaling_schedule.this",
            "module.eks.module.eks.module.self_managed_node_group.aws_iam_instance_profile.this",
            "module.eks.module.eks.module.self_managed_node_group.aws_iam_role.this",
            "module.eks.module.eks.module.self_managed_node_group.aws_iam_role_policy_attachment.this",
            "module.eks.module.eks.module.self_managed_node_group.aws_launch_template.this",
            "module.eks.module.eks.module.self_managed_node_group.aws_security_group.this",
            "module.eks.module.eks.module.self_managed_node_group.aws_security_group_rule.this",
            "module.eks.module.eks.module.self_managed_node_group.data.aws_ami.eks_default",
            "module.eks.module.eks.module.self_managed_node_group.data.aws_caller_identity.current",
            "module.eks.module.eks.module.self_managed_node_group.data.aws_default_tags.current",
            "module.eks.module.eks.module.self_managed_node_group.data.aws_iam_policy_document.assume_role_policy",
            "module.eks.module.eks.module.self_managed_node_group.data.aws_partition.current",
            "module.eks.module.eks.module.self_managed_node_group.module.user_data.data.cloudinit_config.linux_eks_managed_node_group",
            "module.eks.module.mng-default.aws_eks_node_group.this",
            "module.eks.module.mng-default.aws_iam_role.this",
            "module.eks.module.mng-default.aws_iam_role_policy_attachment.this",
            "module.eks.module.mng-default.aws_launch_template.this",
            "module.eks.module.mng-default.aws_security_group.this",
            "module.eks.module.mng-default.aws_security_group_rule.this",
            "module.eks.module.mng-default.data.aws_caller_identity.current",
            "module.eks.module.mng-default.data.aws_iam_policy_document.assume_role_policy",
            "module.eks.module.mng-default.data.aws_partition.current",
            "module.eks.module.mng-default.module.user_data.data.cloudinit_config.linux_eks_managed_node_group",
            "module.eks.module.vpc.aws_db_subnet_group.database",
            "module.eks.module.vpc.aws_default_network_acl.this",
            "module.eks.module.vpc.aws_default_vpc.this",
            "module.eks.module.vpc.aws_eip.nat",
            "module.eks.module.vpc.aws_elasticache_subnet_group.elasticache",
            "module.eks.module.vpc.aws_internet_gateway.this",
            "module.eks.module.vpc.aws_nat_gateway.this",
            "module.eks.module.vpc.aws_network_acl.database",
            "module.eks.module.vpc.aws_network_acl.elasticache",
            "module.eks.module.vpc.aws_network_acl.intra",
            "module.eks.module.vpc.aws_network_acl.private",
            "module.eks.module.vpc.aws_network_acl.public",
            "module.eks.module.vpc.aws_network_acl.redshift",
            "module.eks.module.vpc.aws_network_acl_rule.database_inbound",
            "module.eks.module.vpc.aws_network_acl_rule.database_outbound",
            "module.eks.module.vpc.aws_network_acl_rule.elasticache_inbound",
            "module.eks.module.vpc.aws_network_acl_rule.elasticache_outbound",
            "module.eks.module.vpc.aws_network_acl_rule.intra_inbound",
            "module.eks.module.vpc.aws_network_acl_rule.intra_outbound",
            "module.eks.module.vpc.aws_network_acl_rule.private_inbound",
            "module.eks.module.vpc.aws_network_acl_rule.private_outbound",
            "module.eks.module.vpc.aws_network_acl_rule.public_inbound",
            "module.eks.module.vpc.aws_network_acl_rule.public_outbound",
            "module.eks.module.vpc.aws_network_acl_rule.redshift_inbound",
            "module.eks.module.vpc.aws_network_acl_rule.redshift_outbound",
            "module.eks.module.vpc.aws_redshift_subnet_group.redshift",
            "module.eks.module.vpc.aws_route.database_internet_gateway",
            "module.eks.module.vpc.aws_route.database_nat_gateway",
            "module.eks.module.vpc.aws_route.private_nat_gateway",
            "module.eks.module.vpc.aws_route.public_internet_gateway",
            "module.eks.module.vpc.aws_route_table.database",
            "module.eks.module.vpc.aws_route_table.elasticache",
            "module.eks.module.vpc.aws_route_table.intra",
            "module.eks.module.vpc.aws_route_table.private",
            "module.eks.module.vpc.aws_route_table.public",
            "module.eks.module.vpc.aws_route_table.redshift",
            "module.eks.module.vpc.aws_route_table_association.database",
            "module.eks.module.vpc.aws_route_table_association.elasticache",
            "module.eks.module.vpc.aws_route_table_association.intra",
            "module.eks.module.vpc.aws_route_table_association.private",
            "module.eks.module.vpc.aws_route_table_association.public",
            "module.eks.module.vpc.aws_route_table_association.redshift",
            "module.eks.module.vpc.aws_route_table_association.redshift_public",
            "module.eks.module.vpc.aws_subnet.database",
            "module.eks.module.vpc.aws_subnet.elasticache",
            "module.eks.module.vpc.aws_subnet.intra",
            "module.eks.module.vpc.aws_subnet.private",
            "module.eks.module.vpc.aws_subnet.public",
            "module.eks.module.vpc.aws_subnet.redshift",
            "module.eks.module.vpc.aws_vpc.this",
            "module.eks.module.vpc.aws_vpc_dhcp_options.this",
            "module.eks.module.vpc.aws_vpc_dhcp_options_association.this",
            "module.eks.module.vpc.aws_vpc_endpoint.apigw",
            "module.eks.module.vpc.aws_vpc_endpoint.cloudtrail",
            "module.eks.module.vpc.aws_vpc_endpoint.dynamodb",
            "module.eks.module.vpc.aws_vpc_endpoint.ec2",
            "module.eks.module.vpc.aws_vpc_endpoint.ec2messages",
            "module.eks.module.vpc.aws_vpc_endpoint.ecr_api",
            "module.eks.module.vpc.aws_vpc_endpoint.ecr_dkr",
            "module.eks.module.vpc.aws_vpc_endpoint.ecs",
            "module.eks.module.vpc.aws_vpc_endpoint.ecs_agent",
            "module.eks.module.vpc.aws_vpc_endpoint.ecs_telemetry",
            "module.eks.module.vpc.aws_vpc_endpoint.elasticloadbalancing",
            "module.eks.module.vpc.aws_vpc_endpoint.events",
            "module.eks.module.vpc.aws_vpc_endpoint.kms",
            "module.eks.module.vpc.aws_vpc_endpoint.logs",
            "module.eks.module.vpc.aws_vpc_endpoint.monitoring",
            "module.eks.module.vpc.aws_vpc_endpoint.s3",
            "module.eks.module.vpc.aws_vpc_endpoint.sns",
            "module.eks.module.vpc.aws_vpc_endpoint.sqs",
            "module.eks.module.vpc.aws_vpc_endpoint.ssm",
            "module.eks.module.vpc.aws_vpc_endpoint.ssmmessages",
            "module.eks.module.vpc.aws_vpc_endpoint_route_table_association.intra_dynamodb",
            "module.eks.module.vpc.aws_vpc_endpoint_route_table_association.intra_s3",
            "module.eks.module.vpc.aws_vpc_endpoint_route_table_association.private_dynamodb",
            "module.eks.module.vpc.aws_vpc_endpoint_route_table_association.private_s3",
            "module.eks.module.vpc.aws_vpc_endpoint_route_table_association.public_dynamodb",
            "module.eks.module.vpc.aws_vpc_endpoint_route_table_association.public_s3",
            "module.eks.module.vpc.aws_vpc_ipv4_cidr_block_association.this",
            "module.eks.module.vpc.aws_vpn_gateway.this",
            "module.eks.module.vpc.aws_vpn_gateway_attachment.this",
            "module.eks.module.vpc.aws_vpn_gateway_route_propagation.private",
            "module.eks.module.vpc.aws_vpn_gateway_route_propagation.public",
            "module.eks.module.vpc.data.aws_vpc_endpoint_service.apigw",
            "module.eks.module.vpc.data.aws_vpc_endpoint_service.cloudtrail",
            "module.eks.module.vpc.data.aws_vpc_endpoint_service.dynamodb",
            "module.eks.module.vpc.data.aws_vpc_endpoint_service.ec2",
            "module.eks.module.vpc.data.aws_vpc_endpoint_service.ec2messages",
            "module.eks.module.vpc.data.aws_vpc_endpoint_service.ecr_api",
            "module.eks.module.vpc.data.aws_vpc_endpoint_service.ecr_dkr",
            "module.eks.module.vpc.data.aws_vpc_endpoint_service.ecs",
            "module.eks.module.vpc.data.aws_vpc_endpoint_service.ecs_agent",
            "module.eks.module.vpc.data.aws_vpc_endpoint_service.ecs_telemetry",
            "module.eks.module.vpc.data.aws_vpc_endpoint_service.elasticloadbalancing",
            "module.eks.module.vpc.data.aws_vpc_endpoint_service.events",
            "module.eks.module.vpc.data.aws_vpc_endpoint_service.kms",
            "module.eks.module.vpc.data.aws_vpc_endpoint_service.logs",
            "module.eks.module.vpc.data.aws_vpc_endpoint_service.monitoring",
            "module.eks.module.vpc.data.aws_vpc_endpoint_service.s3",
            "module.eks.module.vpc.data.aws_vpc_endpoint_service.sns",
            "module.eks.module.vpc.data.aws_vpc_endpoint_service.sqs",
            "module.eks.module.vpc.data.aws_vpc_endpoint_service.ssm",
            "module.eks.module.vpc.data.aws_vpc_endpoint_service.ssmmessages",
            "module.eks.module.vpc_cni_irsa.aws_iam_policy.amazon_managed_service_prometheus",
            "module.eks.module.vpc_cni_irsa.aws_iam_policy.appmesh_controller",
            "module.eks.module.vpc_cni_irsa.aws_iam_policy.appmesh_envoy_proxy",
            "module.eks.module.vpc_cni_irsa.aws_iam_policy.cert_manager",
            "module.eks.module.vpc_cni_irsa.aws_iam_policy.cluster_autoscaler",
            "module.eks.module.vpc_cni_irsa.aws_iam_policy.ebs_csi",
            "module.eks.module.vpc_cni_irsa.aws_iam_policy.efs_csi",
            "module.eks.module.vpc_cni_irsa.aws_iam_policy.external_dns",
            "module.eks.module.vpc_cni_irsa.aws_iam_policy.external_secrets",
            "module.eks.module.vpc_cni_irsa.aws_iam_policy.fsx_lustre_csi",
            "module.eks.module.vpc_cni_irsa.aws_iam_policy.karpenter_controller",
            "module.eks.module.vpc_cni_irsa.aws_iam_policy.load_balancer_controller",
            "module.eks.module.vpc_cni_irsa.aws_iam_policy.load_balancer_controller_targetgroup_only",
            "module.eks.module.vpc_cni_irsa.aws_iam_policy.node_termination_handler",
            "module.eks.module.vpc_cni_irsa.aws_iam_policy.velero",
            "module.eks.module.vpc_cni_irsa.aws_iam_policy.vpc_cni",
            "module.eks.module.vpc_cni_irsa.aws_iam_role.this",
            "module.eks.module.vpc_cni_irsa.aws_iam_role_policy_attachment.amazon_managed_service_prometheus",
            "module.eks.module.vpc_cni_irsa.aws_iam_role_policy_attachment.appmesh_controller",
            "module.eks.module.vpc_cni_irsa.aws_iam_role_policy_attachment.appmesh_envoy_proxy",
            "module.eks.module.vpc_cni_irsa.aws_iam_role_policy_attachment.cert_manager",
            "module.eks.module.vpc_cni_irsa.aws_iam_role_policy_attachment.cluster_autoscaler",
            "module.eks.module.vpc_cni_irsa.aws_iam_role_policy_attachment.ebs_csi",
            "module.eks.module.vpc_cni_irsa.aws_iam_role_policy_attachment.efs_csi",
            "module.eks.module.vpc_cni_irsa.aws_iam_role_policy_attachment.external_dns",
            "module.eks.module.vpc_cni_irsa.aws_iam_role_policy_attachment.external_secrets",
            "module.eks.module.vpc_cni_irsa.aws_iam_role_policy_attachment.fsx_lustre_csi",
            "module.eks.module.vpc_cni_irsa.aws_iam_role_policy_attachment.karpenter_controller",
            "module.eks.module.vpc_cni_irsa.aws_iam_role_policy_attachment.load_balancer_controller",
            "module.eks.module.vpc_cni_irsa.aws_iam_role_policy_attachment.load_balancer_controller_targetgroup_only",
            "module.eks.module.vpc_cni_irsa.aws_iam_role_policy_attachment.node_termination_handler",
            "module.eks.module.vpc_cni_irsa.aws_iam_role_policy_attachment.this",
            "module.eks.module.vpc_cni_irsa.aws_iam_role_policy_attachment.velero",
            "module.eks.module.vpc_cni_irsa.aws_iam_role_policy_attachment.vpc_cni",
            "module.eks.module.vpc_cni_irsa.data.aws_caller_identity.current",
            "module.eks.module.vpc_cni_irsa.data.aws_iam_policy_document.amazon_managed_service_prometheus",
            "module.eks.module.vpc_cni_irsa.data.aws_iam_policy_document.appmesh_controller",
            "module.eks.module.vpc_cni_irsa.data.aws_iam_policy_document.appmesh_envoy_proxy",
            "module.eks.module.vpc_cni_irsa.data.aws_iam_policy_document.cert_manager",
            "module.eks.module.vpc_cni_irsa.data.aws_iam_policy_document.cluster_autoscaler",
            "module.eks.module.vpc_cni_irsa.data.aws_iam_policy_document.ebs_csi",
            "module.eks.module.vpc_cni_irsa.data.aws_iam_policy_document.efs_csi",
            "module.eks.module.vpc_cni_irsa.data.aws_iam_policy_document.external_dns",
            "module.eks.module.vpc_cni_irsa.data.aws_iam_policy_document.external_secrets",
            "module.eks.module.vpc_cni_irsa.data.aws_iam_policy_document.fsx_lustre_csi",
            "module.eks.module.vpc_cni_irsa.data.aws_iam_policy_document.karpenter_controller",
            "module.eks.module.vpc_cni_irsa.data.aws_iam_policy_document.load_balancer_controller",
            "module.eks.module.vpc_cni_irsa.data.aws_iam_policy_document.load_balancer_controller_targetgroup_only",
            "module.eks.module.vpc_cni_irsa.data.aws_iam_policy_document.node_termination_handler",
            "module.eks.module.vpc_cni_irsa.data.aws_iam_policy_document.this",
            "module.eks.module.vpc_cni_irsa.data.aws_iam_policy_document.velero",
            "module.eks.module.vpc_cni_irsa.data.aws_iam_policy_document.vpc_cni",
            "module.eks.module.vpc_cni_irsa.data.aws_partition.current",
            "module.nlb.aws_lb.lb",
            "module.nlb_listeners.aws_lb_target_group.http"
          ]
        },
        {
          "index_key": 1,
          "schema_version": 0,
          "attributes": {
            "alpn_policy": null,
            "arn": "arn:aws:elasticloadbalancing:eu-west-2:009453609091:listener/net/preprod-nlb/4669df49bef9a282/8fb89b7702640612",
            "certificate_arn": "",
            "default_action": [
              {
                "authenticate_cognito": [],
                "authenticate_oidc": [],
                "fixed_response": [],
                "forward": [],
                "order": 1,
                "redirect": [],
                "target_group_arn": "arn:aws:elasticloadbalancing:eu-west-2:009453609091:targetgroup/preprod-nlb-tg/4a96d960bd907d0e",
                "type": "forward"
              }
            ],
            "id": "arn:aws:elasticloadbalancing:eu-west-2:009453609091:listener/net/preprod-nlb/4669df49bef9a282/8fb89b7702640612",
            "load_balancer_arn": "arn:aws:elasticloadbalancing:eu-west-2:009453609091:loadbalancer/net/preprod-nlb/4669df49bef9a282",
            "port": 443,
            "protocol": "TCP",
            "ssl_policy": "",
            "tags": {},
            "tags_all": {},
            "timeouts": null
          },
          "private": "eyJlMmJmYjczMC1lY2FhLTExZTYtOGY4OC0zNDM2M2JjN2M0YzAiOnsicmVhZCI6NjAwMDAwMDAwMDAwfX0=",
          "dependencies": [
            "module.eks.aws_key_pair.deployer",
            "module.eks.aws_kms_key.ebs",
            "module.eks.aws_kms_key.eks",
            "module.eks.aws_security_group.remote_access",
            "module.eks.data.aws_ami.bastion",
            "module.eks.data.aws_caller_identity.current",
            "module.eks.data.aws_iam_policy_document.ebs",
            "module.eks.data.aws_subnet_ids.private",
            "module.eks.data.aws_subnet_ids.public",
            "module.eks.data.aws_vpc.eks",
            "module.eks.data.http.workstation-external-ip",
            "module.eks.data.terraform_remote_state.eks",
            "module.eks.module.bastion-asg.aws_autoscaling_group.this",
            "module.eks.module.bastion-asg.aws_autoscaling_group.this_with_initial_lifecycle_hook",
            "module.eks.module.bastion-asg.aws_launch_configuration.this",
            "module.eks.module.bastion-asg.null_resource.tags_as_list_of_maps",
            "module.eks.module.bastion-asg.random_pet.asg_name",
            "module.eks.module.eks.aws_cloudwatch_log_group.this",
            "module.eks.module.eks.aws_ec2_tag.cluster_primary_security_group",
            "module.eks.module.eks.aws_eks_addon.this",
            "module.eks.module.eks.aws_eks_cluster.this",
            "module.eks.module.eks.aws_eks_identity_provider_config.this",
            "module.eks.module.eks.aws_iam_openid_connect_provider.oidc_provider",
            "module.eks.module.eks.aws_iam_policy.cluster_encryption",
            "module.eks.module.eks.aws_iam_policy.cni_ipv6_policy",
            "module.eks.module.eks.aws_iam_role.this",
            "module.eks.module.eks.aws_iam_role_policy_attachment.cluster_encryption",
            "module.eks.module.eks.aws_iam_role_policy_attachment.this",
            "module.eks.module.eks.aws_security_group.cluster",
            "module.eks.module.eks.aws_security_group.node",
            "module.eks.module.eks.aws_security_group_rule.cluster",
            "module.eks.module.eks.aws_security_group_rule.node",
            "module.eks.module.eks.data.aws_iam_policy_document.assume_role_policy",
            "module.eks.module.eks.data.aws_iam_policy_document.cni_ipv6_policy",
            "module.eks.module.eks.data.aws_partition.current",
            "module.eks.module.eks.data.tls_certificate.this",
            "module.eks.module.eks.kubernetes_config_map.aws_auth",
            "module.eks.module.eks.kubernetes_config_map_v1_data.aws_auth",
            "module.eks.module.eks.module.eks_managed_node_group.aws_eks_node_group.this",
            "module.eks.module.eks.module.eks_managed_node_group.aws_iam_role.this",
            "module.eks.module.eks.module.eks_managed_node_group.aws_iam_role_policy_attachment.this",
            "module.eks.module.eks.module.eks_managed_node_group.aws_launch_template.this",
            "module.eks.module.eks.module.eks_managed_node_group.aws_security_group.this",
            "module.eks.module.eks.module.eks_managed_node_group.aws_security_group_rule.this",
            "module.eks.module.eks.module.eks_managed_node_group.data.aws_caller_identity.current",
            "module.eks.module.eks.module.eks_managed_node_group.data.aws_iam_policy_document.assume_role_policy",
            "module.eks.module.eks.module.eks_managed_node_group.data.aws_partition.current",
            "module.eks.module.eks.module.eks_managed_node_group.module.user_data.data.cloudinit_config.linux_eks_managed_node_group",
            "module.eks.module.eks.module.fargate_profile.aws_eks_fargate_profile.this",
            "module.eks.module.eks.module.fargate_profile.aws_iam_role.this",
            "module.eks.module.eks.module.fargate_profile.aws_iam_role_policy_attachment.this",
            "module.eks.module.eks.module.fargate_profile.data.aws_caller_identity.current",
            "module.eks.module.eks.module.fargate_profile.data.aws_iam_policy_document.assume_role_policy",
            "module.eks.module.eks.module.fargate_profile.data.aws_partition.current",
            "module.eks.module.eks.module.self_managed_node_group.aws_autoscaling_group.this",
            "module.eks.module.eks.module.self_managed_node_group.aws_autoscaling_schedule.this",
            "module.eks.module.eks.module.self_managed_node_group.aws_iam_instance_profile.this",
            "module.eks.module.eks.module.self_managed_node_group.aws_iam_role.this",
            "module.eks.module.eks.module.self_managed_node_group.aws_iam_role_policy_attachment.this",
            "module.eks.module.eks.module.self_managed_node_group.aws_launch_template.this",
            "module.eks.module.eks.module.self_managed_node_group.aws_security_group.this",
            "module.eks.module.eks.module.self_managed_node_group.aws_security_group_rule.this",
            "module.eks.module.eks.module.self_managed_node_group.data.aws_ami.eks_default",
            "module.eks.module.eks.module.self_managed_node_group.data.aws_caller_identity.current",
            "module.eks.module.eks.module.self_managed_node_group.data.aws_default_tags.current",
            "module.eks.module.eks.module.self_managed_node_group.data.aws_iam_policy_document.assume_role_policy",
            "module.eks.module.eks.module.self_managed_node_group.data.aws_partition.current",
            "module.eks.module.eks.module.self_managed_node_group.module.user_data.data.cloudinit_config.linux_eks_managed_node_group",
            "module.eks.module.mng-default.aws_eks_node_group.this",
            "module.eks.module.mng-default.aws_iam_role.this",
            "module.eks.module.mng-default.aws_iam_role_policy_attachment.this",
            "module.eks.module.mng-default.aws_launch_template.this",
            "module.eks.module.mng-default.aws_security_group.this",
            "module.eks.module.mng-default.aws_security_group_rule.this",
            "module.eks.module.mng-default.data.aws_caller_identity.current",
            "module.eks.module.mng-default.data.aws_iam_policy_document.assume_role_policy",
            "module.eks.module.mng-default.data.aws_partition.current",
            "module.eks.module.mng-default.module.user_data.data.cloudinit_config.linux_eks_managed_node_group",
            "module.eks.module.vpc.aws_db_subnet_group.database",
            "module.eks.module.vpc.aws_default_network_acl.this",
            "module.eks.module.vpc.aws_default_vpc.this",
            "module.eks.module.vpc.aws_eip.nat",
            "module.eks.module.vpc.aws_elasticache_subnet_group.elasticache",
            "module.eks.module.vpc.aws_internet_gateway.this",
            "module.eks.module.vpc.aws_nat_gateway.this",
            "module.eks.module.vpc.aws_network_acl.database",
            "module.eks.module.vpc.aws_network_acl.elasticache",
            "module.eks.module.vpc.aws_network_acl.intra",
            "module.eks.module.vpc.aws_network_acl.private",
            "module.eks.module.vpc.aws_network_acl.public",
            "module.eks.module.vpc.aws_network_acl.redshift",
            "module.eks.module.vpc.aws_network_acl_rule.database_inbound",
            "module.eks.module.vpc.aws_network_acl_rule.database_outbound",
            "module.eks.module.vpc.aws_network_acl_rule.elasticache_inbound",
            "module.eks.module.vpc.aws_network_acl_rule.elasticache_outbound",
            "module.eks.module.vpc.aws_network_acl_rule.intra_inbound",
            "module.eks.module.vpc.aws_network_acl_rule.intra_outbound",
            "module.eks.module.vpc.aws_network_acl_rule.private_inbound",
            "module.eks.module.vpc.aws_network_acl_rule.private_outbound",
            "module.eks.module.vpc.aws_network_acl_rule.public_inbound",
            "module.eks.module.vpc.aws_network_acl_rule.public_outbound",
            "module.eks.module.vpc.aws_network_acl_rule.redshift_inbound",
            "module.eks.module.vpc.aws_network_acl_rule.redshift_outbound",
            "module.eks.module.vpc.aws_redshift_subnet_group.redshift",
            "module.eks.module.vpc.aws_route.database_internet_gateway",
            "module.eks.module.vpc.aws_route.database_nat_gateway",
            "module.eks.module.vpc.aws_route.private_nat_gateway",
            "module.eks.module.vpc.aws_route.public_internet_gateway",
            "module.eks.module.vpc.aws_route_table.database",
            "module.eks.module.vpc.aws_route_table.elasticache",
            "module.eks.module.vpc.aws_route_table.intra",
            "module.eks.module.vpc.aws_route_table.private",
            "module.eks.module.vpc.aws_route_table.public",
            "module.eks.module.vpc.aws_route_table.redshift",
            "module.eks.module.vpc.aws_route_table_association.database",
            "module.eks.module.vpc.aws_route_table_association.elasticache",
            "module.eks.module.vpc.aws_route_table_association.intra",
            "module.eks.module.vpc.aws_route_table_association.private",
            "module.eks.module.vpc.aws_route_table_association.public",
            "module.eks.module.vpc.aws_route_table_association.redshift",
            "module.eks.module.vpc.aws_route_table_association.redshift_public",
            "module.eks.module.vpc.aws_subnet.database",
            "module.eks.module.vpc.aws_subnet.elasticache",
            "module.eks.module.vpc.aws_subnet.intra",
            "module.eks.module.vpc.aws_subnet.private",
            "module.eks.module.vpc.aws_subnet.public",
            "module.eks.module.vpc.aws_subnet.redshift",
            "module.eks.module.vpc.aws_vpc.this",
            "module.eks.module.vpc.aws_vpc_dhcp_options.this",
            "module.eks.module.vpc.aws_vpc_dhcp_options_association.this",
            "module.eks.module.vpc.aws_vpc_endpoint.apigw",
            "module.eks.module.vpc.aws_vpc_endpoint.cloudtrail",
            "module.eks.module.vpc.aws_vpc_endpoint.dynamodb",
            "module.eks.module.vpc.aws_vpc_endpoint.ec2",
            "module.eks.module.vpc.aws_vpc_endpoint.ec2messages",
            "module.eks.module.vpc.aws_vpc_endpoint.ecr_api",
            "module.eks.module.vpc.aws_vpc_endpoint.ecr_dkr",
            "module.eks.module.vpc.aws_vpc_endpoint.ecs",
            "module.eks.module.vpc.aws_vpc_endpoint.ecs_agent",
            "module.eks.module.vpc.aws_vpc_endpoint.ecs_telemetry",
            "module.eks.module.vpc.aws_vpc_endpoint.elasticloadbalancing",
            "module.eks.module.vpc.aws_vpc_endpoint.events",
            "module.eks.module.vpc.aws_vpc_endpoint.kms",
            "module.eks.module.vpc.aws_vpc_endpoint.logs",
            "module.eks.module.vpc.aws_vpc_endpoint.monitoring",
            "module.eks.module.vpc.aws_vpc_endpoint.s3",
            "module.eks.module.vpc.aws_vpc_endpoint.sns",
            "module.eks.module.vpc.aws_vpc_endpoint.sqs",
            "module.eks.module.vpc.aws_vpc_endpoint.ssm",
            "module.eks.module.vpc.aws_vpc_endpoint.ssmmessages",
            "module.eks.module.vpc.aws_vpc_endpoint_route_table_association.intra_dynamodb",
            "module.eks.module.vpc.aws_vpc_endpoint_route_table_association.intra_s3",
            "module.eks.module.vpc.aws_vpc_endpoint_route_table_association.private_dynamodb",
            "module.eks.module.vpc.aws_vpc_endpoint_route_table_association.private_s3",
            "module.eks.module.vpc.aws_vpc_endpoint_route_table_association.public_dynamodb",
            "module.eks.module.vpc.aws_vpc_endpoint_route_table_association.public_s3",
            "module.eks.module.vpc.aws_vpc_ipv4_cidr_block_association.this",
            "module.eks.module.vpc.aws_vpn_gateway.this",
            "module.eks.module.vpc.aws_vpn_gateway_attachment.this",
            "module.eks.module.vpc.aws_vpn_gateway_route_propagation.private",
            "module.eks.module.vpc.aws_vpn_gateway_route_propagation.public",
            "module.eks.module.vpc.data.aws_vpc_endpoint_service.apigw",
            "module.eks.module.vpc.data.aws_vpc_endpoint_service.cloudtrail",
            "module.eks.module.vpc.data.aws_vpc_endpoint_service.dynamodb",
            "module.eks.module.vpc.data.aws_vpc_endpoint_service.ec2",
            "module.eks.module.vpc.data.aws_vpc_endpoint_service.ec2messages",
            "module.eks.module.vpc.data.aws_vpc_endpoint_service.ecr_api",
            "module.eks.module.vpc.data.aws_vpc_endpoint_service.ecr_dkr",
            "module.eks.module.vpc.data.aws_vpc_endpoint_service.ecs",
            "module.eks.module.vpc.data.aws_vpc_endpoint_service.ecs_agent",
            "module.eks.module.vpc.data.aws_vpc_endpoint_service.ecs_telemetry",
            "module.eks.module.vpc.data.aws_vpc_endpoint_service.elasticloadbalancing",
            "module.eks.module.vpc.data.aws_vpc_endpoint_service.events",
            "module.eks.module.vpc.data.aws_vpc_endpoint_service.kms",
            "module.eks.module.vpc.data.aws_vpc_endpoint_service.logs",
            "module.eks.module.vpc.data.aws_vpc_endpoint_service.monitoring",
            "module.eks.module.vpc.data.aws_vpc_endpoint_service.s3",
            "module.eks.module.vpc.data.aws_vpc_endpoint_service.sns",
            "module.eks.module.vpc.data.aws_vpc_endpoint_service.sqs",
            "module.eks.module.vpc.data.aws_vpc_endpoint_service.ssm",
            "module.eks.module.vpc.data.aws_vpc_endpoint_service.ssmmessages",
            "module.eks.module.vpc_cni_irsa.aws_iam_policy.amazon_managed_service_prometheus",
            "module.eks.module.vpc_cni_irsa.aws_iam_policy.appmesh_controller",
            "module.eks.module.vpc_cni_irsa.aws_iam_policy.appmesh_envoy_proxy",
            "module.eks.module.vpc_cni_irsa.aws_iam_policy.cert_manager",
            "module.eks.module.vpc_cni_irsa.aws_iam_policy.cluster_autoscaler",
            "module.eks.module.vpc_cni_irsa.aws_iam_policy.ebs_csi",
            "module.eks.module.vpc_cni_irsa.aws_iam_policy.efs_csi",
            "module.eks.module.vpc_cni_irsa.aws_iam_policy.external_dns",
            "module.eks.module.vpc_cni_irsa.aws_iam_policy.external_secrets",
            "module.eks.module.vpc_cni_irsa.aws_iam_policy.fsx_lustre_csi",
            "module.eks.module.vpc_cni_irsa.aws_iam_policy.karpenter_controller",
            "module.eks.module.vpc_cni_irsa.aws_iam_policy.load_balancer_controller",
            "module.eks.module.vpc_cni_irsa.aws_iam_policy.load_balancer_controller_targetgroup_only",
            "module.eks.module.vpc_cni_irsa.aws_iam_policy.node_termination_handler",
            "module.eks.module.vpc_cni_irsa.aws_iam_policy.velero",
            "module.eks.module.vpc_cni_irsa.aws_iam_policy.vpc_cni",
            "module.eks.module.vpc_cni_irsa.aws_iam_role.this",
            "module.eks.module.vpc_cni_irsa.aws_iam_role_policy_attachment.amazon_managed_service_prometheus",
            "module.eks.module.vpc_cni_irsa.aws_iam_role_policy_attachment.appmesh_controller",
            "module.eks.module.vpc_cni_irsa.aws_iam_role_policy_attachment.appmesh_envoy_proxy",
            "module.eks.module.vpc_cni_irsa.aws_iam_role_policy_attachment.cert_manager",
            "module.eks.module.vpc_cni_irsa.aws_iam_role_policy_attachment.cluster_autoscaler",
            "module.eks.module.vpc_cni_irsa.aws_iam_role_policy_attachment.ebs_csi",
            "module.eks.module.vpc_cni_irsa.aws_iam_role_policy_attachment.efs_csi",
            "module.eks.module.vpc_cni_irsa.aws_iam_role_policy_attachment.external_dns",
            "module.eks.module.vpc_cni_irsa.aws_iam_role_policy_attachment.external_secrets",
            "module.eks.module.vpc_cni_irsa.aws_iam_role_policy_attachment.fsx_lustre_csi",
            "module.eks.module.vpc_cni_irsa.aws_iam_role_policy_attachment.karpenter_controller",
            "module.eks.module.vpc_cni_irsa.aws_iam_role_policy_attachment.load_balancer_controller",
            "module.eks.module.vpc_cni_irsa.aws_iam_role_policy_attachment.load_balancer_controller_targetgroup_only",
            "module.eks.module.vpc_cni_irsa.aws_iam_role_policy_attachment.node_termination_handler",
            "module.eks.module.vpc_cni_irsa.aws_iam_role_policy_attachment.this",
            "module.eks.module.vpc_cni_irsa.aws_iam_role_policy_attachment.velero",
            "module.eks.module.vpc_cni_irsa.aws_iam_role_policy_attachment.vpc_cni",
            "module.eks.module.vpc_cni_irsa.data.aws_caller_identity.current",
            "module.eks.module.vpc_cni_irsa.data.aws_iam_policy_document.amazon_managed_service_prometheus",
            "module.eks.module.vpc_cni_irsa.data.aws_iam_policy_document.appmesh_controller",
            "module.eks.module.vpc_cni_irsa.data.aws_iam_policy_document.appmesh_envoy_proxy",
            "module.eks.module.vpc_cni_irsa.data.aws_iam_policy_document.cert_manager",
            "module.eks.module.vpc_cni_irsa.data.aws_iam_policy_document.cluster_autoscaler",
            "module.eks.module.vpc_cni_irsa.data.aws_iam_policy_document.ebs_csi",
            "module.eks.module.vpc_cni_irsa.data.aws_iam_policy_document.efs_csi",
            "module.eks.module.vpc_cni_irsa.data.aws_iam_policy_document.external_dns",
            "module.eks.module.vpc_cni_irsa.data.aws_iam_policy_document.external_secrets",
            "module.eks.module.vpc_cni_irsa.data.aws_iam_policy_document.fsx_lustre_csi",
            "module.eks.module.vpc_cni_irsa.data.aws_iam_policy_document.karpenter_controller",
            "module.eks.module.vpc_cni_irsa.data.aws_iam_policy_document.load_balancer_controller",
            "module.eks.module.vpc_cni_irsa.data.aws_iam_policy_document.load_balancer_controller_targetgroup_only",
            "module.eks.module.vpc_cni_irsa.data.aws_iam_policy_document.node_termination_handler",
            "module.eks.module.vpc_cni_irsa.data.aws_iam_policy_document.this",
            "module.eks.module.vpc_cni_irsa.data.aws_iam_policy_document.velero",
            "module.eks.module.vpc_cni_irsa.data.aws_iam_policy_document.vpc_cni",
            "module.eks.module.vpc_cni_irsa.data.aws_partition.current",
            "module.nlb.aws_lb.lb",
            "module.nlb_listeners.aws_lb_target_group.http"
          ]
        }
      ]
    },
    {
      "module": "module.nlb_listeners",
      "mode": "managed",
      "type": "aws_lb_target_group",
      "name": "http",
      "provider": "provider[\"registry.terraform.io/hashicorp/aws\"]",
      "instances": [
        {
          "schema_version": 0,
          "attributes": {
            "arn": "arn:aws:elasticloadbalancing:eu-west-2:009453609091:targetgroup/preprod-nlb-tg/4a96d960bd907d0e",
            "arn_suffix": "targetgroup/preprod-nlb-tg/4a96d960bd907d0e",
            "connection_termination": false,
            "deregistration_delay": "300",
            "health_check": [
              {
                "enabled": true,
                "healthy_threshold": 3,
                "interval": 30,
                "matcher": "200-399",
                "path": "/",
                "port": "30080",
                "protocol": "HTTP",
                "timeout": 6,
                "unhealthy_threshold": 3
              }
            ],
            "id": "arn:aws:elasticloadbalancing:eu-west-2:009453609091:targetgroup/preprod-nlb-tg/4a96d960bd907d0e",
            "ip_address_type": "ipv4",
            "lambda_multi_value_headers_enabled": false,
            "load_balancing_algorithm_type": null,
            "name": "preprod-nlb-tg",
            "name_prefix": null,
            "port": 30080,
            "preserve_client_ip": "true",
            "protocol": "TCP",
            "protocol_version": null,
            "proxy_protocol_v2": false,
            "slow_start": 0,
            "stickiness": [
              {
                "cookie_duration": 0,
                "cookie_name": "",
                "enabled": false,
                "type": "source_ip"
              }
            ],
            "tags": {},
            "tags_all": {},
            "target_failover": [
              {
                "on_deregistration": null,
                "on_unhealthy": null
              }
            ],
            "target_type": "instance",
            "vpc_id": "vpc-04d0ac671d977ddb6"
          },
          "private": "bnVsbA==",
          "dependencies": [
            "module.eks.aws_key_pair.deployer",
            "module.eks.aws_kms_key.ebs",
            "module.eks.aws_kms_key.eks",
            "module.eks.aws_security_group.remote_access",
            "module.eks.data.aws_ami.bastion",
            "module.eks.data.aws_caller_identity.current",
            "module.eks.data.aws_iam_policy_document.ebs",
            "module.eks.data.aws_subnet_ids.private",
            "module.eks.data.aws_subnet_ids.public",
            "module.eks.data.aws_vpc.eks",
            "module.eks.data.http.workstation-external-ip",
            "module.eks.data.terraform_remote_state.eks",
            "module.eks.module.bastion-asg.aws_autoscaling_group.this",
            "module.eks.module.bastion-asg.aws_autoscaling_group.this_with_initial_lifecycle_hook",
            "module.eks.module.bastion-asg.aws_launch_configuration.this",
            "module.eks.module.bastion-asg.null_resource.tags_as_list_of_maps",
            "module.eks.module.bastion-asg.random_pet.asg_name",
            "module.eks.module.eks.aws_cloudwatch_log_group.this",
            "module.eks.module.eks.aws_ec2_tag.cluster_primary_security_group",
            "module.eks.module.eks.aws_eks_addon.this",
            "module.eks.module.eks.aws_eks_cluster.this",
            "module.eks.module.eks.aws_eks_identity_provider_config.this",
            "module.eks.module.eks.aws_iam_openid_connect_provider.oidc_provider",
            "module.eks.module.eks.aws_iam_policy.cluster_encryption",
            "module.eks.module.eks.aws_iam_policy.cni_ipv6_policy",
            "module.eks.module.eks.aws_iam_role.this",
            "module.eks.module.eks.aws_iam_role_policy_attachment.cluster_encryption",
            "module.eks.module.eks.aws_iam_role_policy_attachment.this",
            "module.eks.module.eks.aws_security_group.cluster",
            "module.eks.module.eks.aws_security_group.node",
            "module.eks.module.eks.aws_security_group_rule.cluster",
            "module.eks.module.eks.aws_security_group_rule.node",
            "module.eks.module.eks.data.aws_iam_policy_document.assume_role_policy",
            "module.eks.module.eks.data.aws_iam_policy_document.cni_ipv6_policy",
            "module.eks.module.eks.data.aws_partition.current",
            "module.eks.module.eks.data.tls_certificate.this",
            "module.eks.module.eks.kubernetes_config_map.aws_auth",
            "module.eks.module.eks.kubernetes_config_map_v1_data.aws_auth",
            "module.eks.module.eks.module.eks_managed_node_group.aws_eks_node_group.this",
            "module.eks.module.eks.module.eks_managed_node_group.aws_iam_role.this",
            "module.eks.module.eks.module.eks_managed_node_group.aws_iam_role_policy_attachment.this",
            "module.eks.module.eks.module.eks_managed_node_group.aws_launch_template.this",
            "module.eks.module.eks.module.eks_managed_node_group.aws_security_group.this",
            "module.eks.module.eks.module.eks_managed_node_group.aws_security_group_rule.this",
            "module.eks.module.eks.module.eks_managed_node_group.data.aws_caller_identity.current",
            "module.eks.module.eks.module.eks_managed_node_group.data.aws_iam_policy_document.assume_role_policy",
            "module.eks.module.eks.module.eks_managed_node_group.data.aws_partition.current",
            "module.eks.module.eks.module.eks_managed_node_group.module.user_data.data.cloudinit_config.linux_eks_managed_node_group",
            "module.eks.module.eks.module.fargate_profile.aws_eks_fargate_profile.this",
            "module.eks.module.eks.module.fargate_profile.aws_iam_role.this",
            "module.eks.module.eks.module.fargate_profile.aws_iam_role_policy_attachment.this",
            "module.eks.module.eks.module.fargate_profile.data.aws_caller_identity.current",
            "module.eks.module.eks.module.fargate_profile.data.aws_iam_policy_document.assume_role_policy",
            "module.eks.module.eks.module.fargate_profile.data.aws_partition.current",
            "module.eks.module.eks.module.self_managed_node_group.aws_autoscaling_group.this",
            "module.eks.module.eks.module.self_managed_node_group.aws_autoscaling_schedule.this",
            "module.eks.module.eks.module.self_managed_node_group.aws_iam_instance_profile.this",
            "module.eks.module.eks.module.self_managed_node_group.aws_iam_role.this",
            "module.eks.module.eks.module.self_managed_node_group.aws_iam_role_policy_attachment.this",
            "module.eks.module.eks.module.self_managed_node_group.aws_launch_template.this",
            "module.eks.module.eks.module.self_managed_node_group.aws_security_group.this",
            "module.eks.module.eks.module.self_managed_node_group.aws_security_group_rule.this",
            "module.eks.module.eks.module.self_managed_node_group.data.aws_ami.eks_default",
            "module.eks.module.eks.module.self_managed_node_group.data.aws_caller_identity.current",
            "module.eks.module.eks.module.self_managed_node_group.data.aws_default_tags.current",
            "module.eks.module.eks.module.self_managed_node_group.data.aws_iam_policy_document.assume_role_policy",
            "module.eks.module.eks.module.self_managed_node_group.data.aws_partition.current",
            "module.eks.module.eks.module.self_managed_node_group.module.user_data.data.cloudinit_config.linux_eks_managed_node_group",
            "module.eks.module.mng-default.aws_eks_node_group.this",
            "module.eks.module.mng-default.aws_iam_role.this",
            "module.eks.module.mng-default.aws_iam_role_policy_attachment.this",
            "module.eks.module.mng-default.aws_launch_template.this",
            "module.eks.module.mng-default.aws_security_group.this",
            "module.eks.module.mng-default.aws_security_group_rule.this",
            "module.eks.module.mng-default.data.aws_caller_identity.current",
            "module.eks.module.mng-default.data.aws_iam_policy_document.assume_role_policy",
            "module.eks.module.mng-default.data.aws_partition.current",
            "module.eks.module.mng-default.module.user_data.data.cloudinit_config.linux_eks_managed_node_group",
            "module.eks.module.vpc.aws_db_subnet_group.database",
            "module.eks.module.vpc.aws_default_network_acl.this",
            "module.eks.module.vpc.aws_default_vpc.this",
            "module.eks.module.vpc.aws_eip.nat",
            "module.eks.module.vpc.aws_elasticache_subnet_group.elasticache",
            "module.eks.module.vpc.aws_internet_gateway.this",
            "module.eks.module.vpc.aws_nat_gateway.this",
            "module.eks.module.vpc.aws_network_acl.database",
            "module.eks.module.vpc.aws_network_acl.elasticache",
            "module.eks.module.vpc.aws_network_acl.intra",
            "module.eks.module.vpc.aws_network_acl.private",
            "module.eks.module.vpc.aws_network_acl.public",
            "module.eks.module.vpc.aws_network_acl.redshift",
            "module.eks.module.vpc.aws_network_acl_rule.database_inbound",
            "module.eks.module.vpc.aws_network_acl_rule.database_outbound",
            "module.eks.module.vpc.aws_network_acl_rule.elasticache_inbound",
            "module.eks.module.vpc.aws_network_acl_rule.elasticache_outbound",
            "module.eks.module.vpc.aws_network_acl_rule.intra_inbound",
            "module.eks.module.vpc.aws_network_acl_rule.intra_outbound",
            "module.eks.module.vpc.aws_network_acl_rule.private_inbound",
            "module.eks.module.vpc.aws_network_acl_rule.private_outbound",
            "module.eks.module.vpc.aws_network_acl_rule.public_inbound",
            "module.eks.module.vpc.aws_network_acl_rule.public_outbound",
            "module.eks.module.vpc.aws_network_acl_rule.redshift_inbound",
            "module.eks.module.vpc.aws_network_acl_rule.redshift_outbound",
            "module.eks.module.vpc.aws_redshift_subnet_group.redshift",
            "module.eks.module.vpc.aws_route.database_internet_gateway",
            "module.eks.module.vpc.aws_route.database_nat_gateway",
            "module.eks.module.vpc.aws_route.private_nat_gateway",
            "module.eks.module.vpc.aws_route.public_internet_gateway",
            "module.eks.module.vpc.aws_route_table.database",
            "module.eks.module.vpc.aws_route_table.elasticache",
            "module.eks.module.vpc.aws_route_table.intra",
            "module.eks.module.vpc.aws_route_table.private",
            "module.eks.module.vpc.aws_route_table.public",
            "module.eks.module.vpc.aws_route_table.redshift",
            "module.eks.module.vpc.aws_route_table_association.database",
            "module.eks.module.vpc.aws_route_table_association.elasticache",
            "module.eks.module.vpc.aws_route_table_association.intra",
            "module.eks.module.vpc.aws_route_table_association.private",
            "module.eks.module.vpc.aws_route_table_association.public",
            "module.eks.module.vpc.aws_route_table_association.redshift",
            "module.eks.module.vpc.aws_route_table_association.redshift_public",
            "module.eks.module.vpc.aws_subnet.database",
            "module.eks.module.vpc.aws_subnet.elasticache",
            "module.eks.module.vpc.aws_subnet.intra",
            "module.eks.module.vpc.aws_subnet.private",
            "module.eks.module.vpc.aws_subnet.public",
            "module.eks.module.vpc.aws_subnet.redshift",
            "module.eks.module.vpc.aws_vpc.this",
            "module.eks.module.vpc.aws_vpc_dhcp_options.this",
            "module.eks.module.vpc.aws_vpc_dhcp_options_association.this",
            "module.eks.module.vpc.aws_vpc_endpoint.apigw",
            "module.eks.module.vpc.aws_vpc_endpoint.cloudtrail",
            "module.eks.module.vpc.aws_vpc_endpoint.dynamodb",
            "module.eks.module.vpc.aws_vpc_endpoint.ec2",
            "module.eks.module.vpc.aws_vpc_endpoint.ec2messages",
            "module.eks.module.vpc.aws_vpc_endpoint.ecr_api",
            "module.eks.module.vpc.aws_vpc_endpoint.ecr_dkr",
            "module.eks.module.vpc.aws_vpc_endpoint.ecs",
            "module.eks.module.vpc.aws_vpc_endpoint.ecs_agent",
            "module.eks.module.vpc.aws_vpc_endpoint.ecs_telemetry",
            "module.eks.module.vpc.aws_vpc_endpoint.elasticloadbalancing",
            "module.eks.module.vpc.aws_vpc_endpoint.events",
            "module.eks.module.vpc.aws_vpc_endpoint.kms",
            "module.eks.module.vpc.aws_vpc_endpoint.logs",
            "module.eks.module.vpc.aws_vpc_endpoint.monitoring",
            "module.eks.module.vpc.aws_vpc_endpoint.s3",
            "module.eks.module.vpc.aws_vpc_endpoint.sns",
            "module.eks.module.vpc.aws_vpc_endpoint.sqs",
            "module.eks.module.vpc.aws_vpc_endpoint.ssm",
            "module.eks.module.vpc.aws_vpc_endpoint.ssmmessages",
            "module.eks.module.vpc.aws_vpc_endpoint_route_table_association.intra_dynamodb",
            "module.eks.module.vpc.aws_vpc_endpoint_route_table_association.intra_s3",
            "module.eks.module.vpc.aws_vpc_endpoint_route_table_association.private_dynamodb",
            "module.eks.module.vpc.aws_vpc_endpoint_route_table_association.private_s3",
            "module.eks.module.vpc.aws_vpc_endpoint_route_table_association.public_dynamodb",
            "module.eks.module.vpc.aws_vpc_endpoint_route_table_association.public_s3",
            "module.eks.module.vpc.aws_vpc_ipv4_cidr_block_association.this",
            "module.eks.module.vpc.aws_vpn_gateway.this",
            "module.eks.module.vpc.aws_vpn_gateway_attachment.this",
            "module.eks.module.vpc.aws_vpn_gateway_route_propagation.private",
            "module.eks.module.vpc.aws_vpn_gateway_route_propagation.public",
            "module.eks.module.vpc.data.aws_vpc_endpoint_service.apigw",
            "module.eks.module.vpc.data.aws_vpc_endpoint_service.cloudtrail",
            "module.eks.module.vpc.data.aws_vpc_endpoint_service.dynamodb",
            "module.eks.module.vpc.data.aws_vpc_endpoint_service.ec2",
            "module.eks.module.vpc.data.aws_vpc_endpoint_service.ec2messages",
            "module.eks.module.vpc.data.aws_vpc_endpoint_service.ecr_api",
            "module.eks.module.vpc.data.aws_vpc_endpoint_service.ecr_dkr",
            "module.eks.module.vpc.data.aws_vpc_endpoint_service.ecs",
            "module.eks.module.vpc.data.aws_vpc_endpoint_service.ecs_agent",
            "module.eks.module.vpc.data.aws_vpc_endpoint_service.ecs_telemetry",
            "module.eks.module.vpc.data.aws_vpc_endpoint_service.elasticloadbalancing",
            "module.eks.module.vpc.data.aws_vpc_endpoint_service.events",
            "module.eks.module.vpc.data.aws_vpc_endpoint_service.kms",
            "module.eks.module.vpc.data.aws_vpc_endpoint_service.logs",
            "module.eks.module.vpc.data.aws_vpc_endpoint_service.monitoring",
            "module.eks.module.vpc.data.aws_vpc_endpoint_service.s3",
            "module.eks.module.vpc.data.aws_vpc_endpoint_service.sns",
            "module.eks.module.vpc.data.aws_vpc_endpoint_service.sqs",
            "module.eks.module.vpc.data.aws_vpc_endpoint_service.ssm",
            "module.eks.module.vpc.data.aws_vpc_endpoint_service.ssmmessages",
            "module.eks.module.vpc_cni_irsa.aws_iam_policy.amazon_managed_service_prometheus",
            "module.eks.module.vpc_cni_irsa.aws_iam_policy.appmesh_controller",
            "module.eks.module.vpc_cni_irsa.aws_iam_policy.appmesh_envoy_proxy",
            "module.eks.module.vpc_cni_irsa.aws_iam_policy.cert_manager",
            "module.eks.module.vpc_cni_irsa.aws_iam_policy.cluster_autoscaler",
            "module.eks.module.vpc_cni_irsa.aws_iam_policy.ebs_csi",
            "module.eks.module.vpc_cni_irsa.aws_iam_policy.efs_csi",
            "module.eks.module.vpc_cni_irsa.aws_iam_policy.external_dns",
            "module.eks.module.vpc_cni_irsa.aws_iam_policy.external_secrets",
            "module.eks.module.vpc_cni_irsa.aws_iam_policy.fsx_lustre_csi",
            "module.eks.module.vpc_cni_irsa.aws_iam_policy.karpenter_controller",
            "module.eks.module.vpc_cni_irsa.aws_iam_policy.load_balancer_controller",
            "module.eks.module.vpc_cni_irsa.aws_iam_policy.load_balancer_controller_targetgroup_only",
            "module.eks.module.vpc_cni_irsa.aws_iam_policy.node_termination_handler",
            "module.eks.module.vpc_cni_irsa.aws_iam_policy.velero",
            "module.eks.module.vpc_cni_irsa.aws_iam_policy.vpc_cni",
            "module.eks.module.vpc_cni_irsa.aws_iam_role.this",
            "module.eks.module.vpc_cni_irsa.aws_iam_role_policy_attachment.amazon_managed_service_prometheus",
            "module.eks.module.vpc_cni_irsa.aws_iam_role_policy_attachment.appmesh_controller",
            "module.eks.module.vpc_cni_irsa.aws_iam_role_policy_attachment.appmesh_envoy_proxy",
            "module.eks.module.vpc_cni_irsa.aws_iam_role_policy_attachment.cert_manager",
            "module.eks.module.vpc_cni_irsa.aws_iam_role_policy_attachment.cluster_autoscaler",
            "module.eks.module.vpc_cni_irsa.aws_iam_role_policy_attachment.ebs_csi",
            "module.eks.module.vpc_cni_irsa.aws_iam_role_policy_attachment.efs_csi",
            "module.eks.module.vpc_cni_irsa.aws_iam_role_policy_attachment.external_dns",
            "module.eks.module.vpc_cni_irsa.aws_iam_role_policy_attachment.external_secrets",
            "module.eks.module.vpc_cni_irsa.aws_iam_role_policy_attachment.fsx_lustre_csi",
            "module.eks.module.vpc_cni_irsa.aws_iam_role_policy_attachment.karpenter_controller",
            "module.eks.module.vpc_cni_irsa.aws_iam_role_policy_attachment.load_balancer_controller",
            "module.eks.module.vpc_cni_irsa.aws_iam_role_policy_attachment.load_balancer_controller_targetgroup_only",
            "module.eks.module.vpc_cni_irsa.aws_iam_role_policy_attachment.node_termination_handler",
            "module.eks.module.vpc_cni_irsa.aws_iam_role_policy_attachment.this",
            "module.eks.module.vpc_cni_irsa.aws_iam_role_policy_attachment.velero",
            "module.eks.module.vpc_cni_irsa.aws_iam_role_policy_attachment.vpc_cni",
            "module.eks.module.vpc_cni_irsa.data.aws_caller_identity.current",
            "module.eks.module.vpc_cni_irsa.data.aws_iam_policy_document.amazon_managed_service_prometheus",
            "module.eks.module.vpc_cni_irsa.data.aws_iam_policy_document.appmesh_controller",
            "module.eks.module.vpc_cni_irsa.data.aws_iam_policy_document.appmesh_envoy_proxy",
            "module.eks.module.vpc_cni_irsa.data.aws_iam_policy_document.cert_manager",
            "module.eks.module.vpc_cni_irsa.data.aws_iam_policy_document.cluster_autoscaler",
            "module.eks.module.vpc_cni_irsa.data.aws_iam_policy_document.ebs_csi",
            "module.eks.module.vpc_cni_irsa.data.aws_iam_policy_document.efs_csi",
            "module.eks.module.vpc_cni_irsa.data.aws_iam_policy_document.external_dns",
            "module.eks.module.vpc_cni_irsa.data.aws_iam_policy_document.external_secrets",
            "module.eks.module.vpc_cni_irsa.data.aws_iam_policy_document.fsx_lustre_csi",
            "module.eks.module.vpc_cni_irsa.data.aws_iam_policy_document.karpenter_controller",
            "module.eks.module.vpc_cni_irsa.data.aws_iam_policy_document.load_balancer_controller",
            "module.eks.module.vpc_cni_irsa.data.aws_iam_policy_document.load_balancer_controller_targetgroup_only",
            "module.eks.module.vpc_cni_irsa.data.aws_iam_policy_document.node_termination_handler",
            "module.eks.module.vpc_cni_irsa.data.aws_iam_policy_document.this",
            "module.eks.module.vpc_cni_irsa.data.aws_iam_policy_document.velero",
            "module.eks.module.vpc_cni_irsa.data.aws_iam_policy_document.vpc_cni",
            "module.eks.module.vpc_cni_irsa.data.aws_partition.current",
            "module.nlb.aws_lb.lb"
          ]
        }
      ]
    }
  ]
}
